<?xml version="1.0" encoding="utf-8"?>
<Project ToolsVersion="4.0" xmlns="http://schemas.microsoft.com/developer/msbuild/2003">
  <ItemGroup>
    <Filter Include="Source Files">
      <UniqueIdentifier>{d2a97047-4937-4f7a-ab2f-4485e03fd328}</UniqueIdentifier>
    </Filter>
    <Filter Include="Header Files">
      <UniqueIdentifier>{42f0fc98-34f6-4567-b3cf-de13e74a89ab}</UniqueIdentifier>
    </Filter>
    <Filter Include="Misc Files">
      <UniqueIdentifier>{b1798409-2031-413d-9df7-70b0202ddd98}</UniqueIdentifier>
    </Filter>
  </ItemGroup>
  <ItemGroup>
    <Filter Include="Resource Files">
      <UniqueIdentifier>{d2a97047-4937-4f7a-ab2f-4485e03f0001}</UniqueIdentifier>
    </Filter>
    <Filter Include="Resource Files\img">
      <UniqueIdentifier>{d2a97047-4937-4f7a-ab2f-4485e03f0002}</UniqueIdentifier>
    </Filter>
  </ItemGroup>
  <ItemGroup>
    <ClCompile Include="../../thirdparty/owemdjee/Capture2Text/AboutDialog.cpp">
      <Filter>Source Files</Filter>
    </ClCompile>
    <ClCompile Include="../../thirdparty/owemdjee/Capture2Text/BoundingTextRect.cpp">
      <Filter>Source Files</Filter>
    </ClCompile>
    <ClCompile Include="../../thirdparty/owemdjee/Capture2Text/CaptureBox.cpp">
      <Filter>Source Files</Filter>
    </ClCompile>
    <ClCompile Include="../../thirdparty/owemdjee/Capture2Text/CommandLine.cpp">
      <Filter>Source Files</Filter>
    </ClCompile>
    <ClCompile Include="../../thirdparty/owemdjee/Capture2Text/Furigana.cpp">
      <Filter>Source Files</Filter>
    </ClCompile>
    <ClCompile Include="../../thirdparty/owemdjee/Capture2Text/Hotkey.cpp">
      <Filter>Source Files</Filter>
    </ClCompile>
    <ClCompile Include="../../thirdparty/owemdjee/Capture2Text/HotkeyWidget.cpp">
      <Filter>Source Files</Filter>
    </ClCompile>
    <ClCompile Include="../../thirdparty/owemdjee/Capture2Text/KeyboardHook.cpp">
      <Filter>Source Files</Filter>
    </ClCompile>
    <ClCompile Include="../../thirdparty/owemdjee/Capture2Text/MainWindow.cpp">
      <Filter>Source Files</Filter>
    </ClCompile>
    <ClCompile Include="../../thirdparty/owemdjee/Capture2Text/MouseHook.cpp">
      <Filter>Source Files</Filter>
    </ClCompile>
    <ClCompile Include="../../thirdparty/owemdjee/Capture2Text/OcrEngine.cpp">
      <Filter>Source Files</Filter>
    </ClCompile>
    <ClCompile Include="../../thirdparty/owemdjee/Capture2Text/PopupDialog.cpp">
      <Filter>Source Files</Filter>
    </ClCompile>
    <ClCompile Include="../../thirdparty/owemdjee/Capture2Text/PostProcess.cpp">
      <Filter>Source Files</Filter>
    </ClCompile>
    <ClCompile Include="../../thirdparty/owemdjee/Capture2Text/PreProcess.cpp">
      <Filter>Source Files</Filter>
    </ClCompile>
    <ClCompile Include="../../thirdparty/owemdjee/Capture2Text/Preview.cpp">
      <Filter>Source Files</Filter>
    </ClCompile>
    <ClCompile Include="../../thirdparty/owemdjee/Capture2Text/RunGuard.cpp">
      <Filter>Source Files</Filter>
    </ClCompile>
    <ClCompile Include="../../thirdparty/owemdjee/Capture2Text/SampleBox.cpp">
      <Filter>Source Files</Filter>
    </ClCompile>
    <ClCompile Include="../../thirdparty/owemdjee/Capture2Text/Settings.cpp">
      <Filter>Source Files</Filter>
    </ClCompile>
    <ClCompile Include="../../thirdparty/owemdjee/Capture2Text/SettingsDialog.cpp">
      <Filter>Source Files</Filter>
    </ClCompile>
    <ClCompile Include="../../thirdparty/owemdjee/Capture2Text/Speech.cpp">
      <Filter>Source Files</Filter>
    </ClCompile>
    <ClCompile Include="../../thirdparty/owemdjee/Capture2Text/Translate.cpp">
      <Filter>Source Files</Filter>
    </ClCompile>
    <ClCompile Include="../../thirdparty/owemdjee/Capture2Text/UtilsCommon.cpp">
      <Filter>Source Files</Filter>
    </ClCompile>
    <ClCompile Include="../../thirdparty/owemdjee/Capture2Text/UtilsImg.cpp">
      <Filter>Source Files</Filter>
    </ClCompile>
    <ClCompile Include="../../thirdparty/owemdjee/Capture2Text/UtilsLang.cpp">
      <Filter>Source Files</Filter>
    </ClCompile>
    <ClCompile Include="../../thirdparty/owemdjee/Capture2Text/WelcomeDialog.cpp">
      <Filter>Source Files</Filter>
    </ClCompile>
    <ClCompile Include="../../thirdparty/owemdjee/Capture2Text/main.cpp">
      <Filter>Source Files</Filter>
    </ClCompile>
    <ClInclude Include="../../thirdparty/owemdjee/Capture2Text/AboutDialog.h">
      <Filter>Header Files</Filter>
    </ClInclude>
    <ClInclude Include="../../thirdparty/owemdjee/Capture2Text/BoundingTextRect.h">
      <Filter>Header Files</Filter>
    </ClInclude>
    <ClInclude Include="../../thirdparty/owemdjee/Capture2Text/CaptureBox.h">
      <Filter>Header Files</Filter>
    </ClInclude>
    <ClInclude Include="../../thirdparty/owemdjee/Capture2Text/CommandLine.h">
      <Filter>Header Files</Filter>
    </ClInclude>
    <ClInclude Include="../../thirdparty/owemdjee/Capture2Text/Furigana.h">
      <Filter>Header Files</Filter>
    </ClInclude>
    <ClInclude Include="../../thirdparty/owemdjee/Capture2Text/Hotkey.h">
      <Filter>Header Files</Filter>
    </ClInclude>
    <ClInclude Include="../../thirdparty/owemdjee/Capture2Text/HotkeyWidget.h">
      <Filter>Header Files</Filter>
    </ClInclude>
    <ClInclude Include="../../thirdparty/owemdjee/Capture2Text/KeyboardHook.h">
      <Filter>Header Files</Filter>
    </ClInclude>
    <ClInclude Include="../../thirdparty/owemdjee/Capture2Text/MainWindow.h">
      <Filter>Header Files</Filter>
    </ClInclude>
    <ClInclude Include="../../thirdparty/owemdjee/Capture2Text/MouseHook.h">
      <Filter>Header Files</Filter>
    </ClInclude>
    <ClInclude Include="../../thirdparty/owemdjee/Capture2Text/OcrEngine.h">
      <Filter>Header Files</Filter>
    </ClInclude>
    <ClInclude Include="../../thirdparty/owemdjee/Capture2Text/PopupDialog.h">
      <Filter>Header Files</Filter>
    </ClInclude>
    <ClInclude Include="../../thirdparty/owemdjee/Capture2Text/PostProcess.h">
      <Filter>Header Files</Filter>
    </ClInclude>
    <ClInclude Include="../../thirdparty/owemdjee/Capture2Text/PreProcess.h">
      <Filter>Header Files</Filter>
    </ClInclude>
    <ClInclude Include="../../thirdparty/owemdjee/Capture2Text/PreProcessCommon.h">
      <Filter>Header Files</Filter>
    </ClInclude>
    <ClInclude Include="../../thirdparty/owemdjee/Capture2Text/Preview.h">
      <Filter>Header Files</Filter>
    </ClInclude>
    <ClInclude Include="../../thirdparty/owemdjee/Capture2Text/ReplyTimeout.h">
      <Filter>Header Files</Filter>
    </ClInclude>
    <ClInclude Include="../../thirdparty/owemdjee/Capture2Text/RunGuard.h">
      <Filter>Header Files</Filter>
    </ClInclude>
    <ClInclude Include="../../thirdparty/owemdjee/Capture2Text/SampleBox.h">
      <Filter>Header Files</Filter>
    </ClInclude>
    <ClInclude Include="../../thirdparty/owemdjee/Capture2Text/Settings.h">
      <Filter>Header Files</Filter>
    </ClInclude>
    <ClInclude Include="../../thirdparty/owemdjee/Capture2Text/SettingsDialog.h">
      <Filter>Header Files</Filter>
    </ClInclude>
    <ClInclude Include="../../thirdparty/owemdjee/Capture2Text/Speech.h">
      <Filter>Header Files</Filter>
    </ClInclude>
    <ClInclude Include="../../thirdparty/owemdjee/Capture2Text/Translate.h">
      <Filter>Header Files</Filter>
    </ClInclude>
    <ClInclude Include="../../thirdparty/owemdjee/Capture2Text/UtilsCommon.h">
      <Filter>Header Files</Filter>
    </ClInclude>
    <ClInclude Include="../../thirdparty/owemdjee/Capture2Text/UtilsImg.h">
      <Filter>Header Files</Filter>
    </ClInclude>
    <ClInclude Include="../../thirdparty/owemdjee/Capture2Text/UtilsLang.h">
      <Filter>Header Files</Filter>
    </ClInclude>
    <ClInclude Include="../../thirdparty/owemdjee/Capture2Text/WelcomeDialog.h">
      <Filter>Header Files</Filter>
    </ClInclude>
    <Image Include="../../thirdparty/owemdjee/Capture2Text/Capture2Text.ico">
      <Filter>Resource Files</Filter>
    </Image>
    <Image Include="../../thirdparty/owemdjee/Capture2Text/img/Clipboard.png">
      <Filter>Resource Files\img</Filter>
    </Image>
    <Image Include="../../thirdparty/owemdjee/Capture2Text/img/Close.png">
      <Filter>Resource Files\img</Filter>
    </Image>
    <Image Include="../../thirdparty/owemdjee/Capture2Text/img/Default_Capture_Hotkey.png">
      <Filter>Resource Files\img</Filter>
    </Image>
    <Image Include="../../thirdparty/owemdjee/Capture2Text/img/Help.png">
      <Filter>Resource Files\img</Filter>
    </Image>
    <Image Include="../../thirdparty/owemdjee/Capture2Text/img/Logo.png">
      <Filter>Resource Files\img</Filter>
    </Image>
    <Image Include="../../thirdparty/owemdjee/Capture2Text/img/Preview_Dynamic_BottomLeft.png">
      <Filter>Resource Files\img</Filter>
    </Image>
    <Image Include="../../thirdparty/owemdjee/Capture2Text/img/Preview_Dynamic_RightEdgeBottom.png">
      <Filter>Resource Files\img</Filter>
    </Image>
    <Image Include="../../thirdparty/owemdjee/Capture2Text/img/Preview_Dynamic_RightEdgeCenter.png">
      <Filter>Resource Files\img</Filter>
    </Image>
    <Image Include="../../thirdparty/owemdjee/Capture2Text/img/Preview_Dynamic_RightEdgeTop.png">
      <Filter>Resource Files\img</Filter>
    </Image>
    <Image Include="../../thirdparty/owemdjee/Capture2Text/img/Preview_Dynamic_TopLeft.png">
      <Filter>Resource Files\img</Filter>
    </Image>
    <Image Include="../../thirdparty/owemdjee/Capture2Text/img/Preview_Fixed_BottomLeft.png">
      <Filter>Resource Files\img</Filter>
    </Image>
    <Image Include="../../thirdparty/owemdjee/Capture2Text/img/Preview_Fixed_TopLeft.png">
      <Filter>Resource Files\img</Filter>
    </Image>
    <Image Include="../../thirdparty/owemdjee/Capture2Text/img/Settings.png">
      <Filter>Resource Files\img</Filter>
    </Image>
    <Image Include="../../thirdparty/owemdjee/Capture2Text/img/Text_Orientation_Auto.png">
      <Filter>Resource Files\img</Filter>
    </Image>
    <Image Include="../../thirdparty/owemdjee/Capture2Text/img/Text_Orientation_Horiz.png">
      <Filter>Resource Files\img</Filter>
    </Image>
    <Image Include="../../thirdparty/owemdjee/Capture2Text/img/Text_Orientation_Vert.png">
      <Filter>Resource Files\img</Filter>
    </Image>
    <Image Include="../../thirdparty/owemdjee/Capture2Text/img/TrayExampleWithArrow.png">
      <Filter>Resource Files\img</Filter>
    </Image>
    <Image Include="../../thirdparty/owemdjee/Capture2Text/img/Window.png">
      <Filter>Resource Files\img</Filter>
    </Image>
    <ResourceCompile Include="../../thirdparty/owemdjee/Capture2Text/Capture2Text.rc">
      <Filter>Resource Files</Filter>
    </ResourceCompile>
    <Text Include="../../thirdparty/owemdjee/Capture2Text/LICENSE">
      <Filter>Misc Files</Filter>
    </Text>
    <Text Include="../../thirdparty/owemdjee/Capture2Text/README.md">
      <Filter>Misc Files</Filter>
    </Text>
  </ItemGroup>
</Project>
