<?xml version="1.0" encoding="utf-8"?>
<Project ToolsVersion="4.0" xmlns="http://schemas.microsoft.com/developer/msbuild/2003">
  <ItemGroup>
    <Filter Include="Source Files">
      <UniqueIdentifier>{d2a97047-4937-4f7a-ab2f-4485e03fd328}</UniqueIdentifier>
    </Filter>
    <Filter Include="Header Files">
      <UniqueIdentifier>{42f0fc98-34f6-4567-b3cf-de13e74a89ab}</UniqueIdentifier>
    </Filter>
    <Filter Include="Misc Files">
      <UniqueIdentifier>{b1798409-2031-413d-9df7-70b0202ddd98}</UniqueIdentifier>
    </Filter>
  </ItemGroup>
  <ItemGroup>
    <Filter Include="Header Files\include">
      <UniqueIdentifier>{d2a97047-4937-4f7a-ab2f-4485e03f0002}</UniqueIdentifier>
    </Filter>
    <Filter Include="Header Files\include\concurrencpp">
      <UniqueIdentifier>{d2a97047-4937-4f7a-ab2f-4485e03f0001}</UniqueIdentifier>
    </Filter>
    <Filter Include="Header Files\include\concurrencpp\coroutines">
      <UniqueIdentifier>{d2a97047-4937-4f7a-ab2f-4485e03f0003}</UniqueIdentifier>
    </Filter>
    <Filter Include="Header Files\include\concurrencpp\executors">
      <UniqueIdentifier>{d2a97047-4937-4f7a-ab2f-4485e03f0004}</UniqueIdentifier>
    </Filter>
    <Filter Include="Header Files\include\concurrencpp\results">
      <UniqueIdentifier>{d2a97047-4937-4f7a-ab2f-4485e03f0005}</UniqueIdentifier>
    </Filter>
    <Filter Include="Header Files\include\concurrencpp\results\impl">
      <UniqueIdentifier>{d2a97047-4937-4f7a-ab2f-4485e03f0006}</UniqueIdentifier>
    </Filter>
    <Filter Include="Header Files\include\concurrencpp\runtime">
      <UniqueIdentifier>{d2a97047-4937-4f7a-ab2f-4485e03f0007}</UniqueIdentifier>
    </Filter>
    <Filter Include="Header Files\include\concurrencpp\threads">
      <UniqueIdentifier>{d2a97047-4937-4f7a-ab2f-4485e03f0008}</UniqueIdentifier>
    </Filter>
    <Filter Include="Header Files\include\concurrencpp\timers">
      <UniqueIdentifier>{d2a97047-4937-4f7a-ab2f-4485e03f0009}</UniqueIdentifier>
    </Filter>
    <Filter Include="Header Files\include\concurrencpp\utils">
      <UniqueIdentifier>{d2a97047-4937-4f7a-ab2f-4485e03f0010}</UniqueIdentifier>
    </Filter>
    <Filter Include="Header Files\test">
      <UniqueIdentifier>{d2a97047-4937-4f7a-ab2f-4485e03f0013}</UniqueIdentifier>
    </Filter>
    <Filter Include="Header Files\test\include">
      <UniqueIdentifier>{d2a97047-4937-4f7a-ab2f-4485e03f0012}</UniqueIdentifier>
    </Filter>
    <Filter Include="Header Files\test\include\infra">
      <UniqueIdentifier>{d2a97047-4937-4f7a-ab2f-4485e03f0011}</UniqueIdentifier>
    </Filter>
    <Filter Include="Header Files\test\include\utils">
      <UniqueIdentifier>{d2a97047-4937-4f7a-ab2f-4485e03f0014}</UniqueIdentifier>
    </Filter>
    <Filter Include="Misc Files\example">
      <UniqueIdentifier>{d2a97047-4937-4f7a-ab2f-4485e03f0015}</UniqueIdentifier>
    </Filter>
    <Filter Include="Misc Files\example\10_regular_timer">
      <UniqueIdentifier>{d2a97047-4937-4f7a-ab2f-4485e03f0016}</UniqueIdentifier>
    </Filter>
    <Filter Include="Misc Files\example\11_oneshot_timer">
      <UniqueIdentifier>{d2a97047-4937-4f7a-ab2f-4485e03f0017}</UniqueIdentifier>
    </Filter>
    <Filter Include="Misc Files\example\12_delay_object">
      <UniqueIdentifier>{d2a97047-4937-4f7a-ab2f-4485e03f0018}</UniqueIdentifier>
    </Filter>
    <Filter Include="Misc Files\example\13_generator">
      <UniqueIdentifier>{d2a97047-4937-4f7a-ab2f-4485e03f0019}</UniqueIdentifier>
    </Filter>
    <Filter Include="Misc Files\example\1_hello_world">
      <UniqueIdentifier>{d2a97047-4937-4f7a-ab2f-4485e03f0020}</UniqueIdentifier>
    </Filter>
    <Filter Include="Misc Files\example\2_concurrent_even_number_counting">
      <UniqueIdentifier>{d2a97047-4937-4f7a-ab2f-4485e03f0021}</UniqueIdentifier>
    </Filter>
    <Filter Include="Misc Files\example\3_async_file_processing">
      <UniqueIdentifier>{d2a97047-4937-4f7a-ab2f-4485e03f0022}</UniqueIdentifier>
    </Filter>
    <Filter Include="Misc Files\example\4_async_file_processing_version_2">
      <UniqueIdentifier>{d2a97047-4937-4f7a-ab2f-4485e03f0023}</UniqueIdentifier>
    </Filter>
    <Filter Include="Misc Files\example\5_prime_number_finder">
      <UniqueIdentifier>{d2a97047-4937-4f7a-ab2f-4485e03f0024}</UniqueIdentifier>
    </Filter>
    <Filter Include="Misc Files\example\6_manual_executor">
      <UniqueIdentifier>{d2a97047-4937-4f7a-ab2f-4485e03f0025}</UniqueIdentifier>
    </Filter>
    <Filter Include="Misc Files\example\7_when_all">
      <UniqueIdentifier>{d2a97047-4937-4f7a-ab2f-4485e03f0026}</UniqueIdentifier>
    </Filter>
    <Filter Include="Misc Files\example\8_when_any">
      <UniqueIdentifier>{d2a97047-4937-4f7a-ab2f-4485e03f0027}</UniqueIdentifier>
    </Filter>
    <Filter Include="Misc Files\example\9_result_promise">
      <UniqueIdentifier>{d2a97047-4937-4f7a-ab2f-4485e03f0028}</UniqueIdentifier>
    </Filter>
    <Filter Include="Misc Files\sandbox">
      <UniqueIdentifier>{d2a97047-4937-4f7a-ab2f-4485e03f0029}</UniqueIdentifier>
    </Filter>
    <Filter Include="Misc Files\test">
      <UniqueIdentifier>{d2a97047-4937-4f7a-ab2f-4485e03f0030}</UniqueIdentifier>
    </Filter>
    <Filter Include="Source Files\example">
      <UniqueIdentifier>{d2a97047-4937-4f7a-ab2f-4485e03f0033}</UniqueIdentifier>
    </Filter>
    <Filter Include="Source Files\example\10_regular_timer">
      <UniqueIdentifier>{d2a97047-4937-4f7a-ab2f-4485e03f0032}</UniqueIdentifier>
    </Filter>
    <Filter Include="Source Files\example\10_regular_timer\source">
      <UniqueIdentifier>{d2a97047-4937-4f7a-ab2f-4485e03f0031}</UniqueIdentifier>
    </Filter>
    <Filter Include="Source Files\example\11_oneshot_timer">
      <UniqueIdentifier>{d2a97047-4937-4f7a-ab2f-4485e03f0035}</UniqueIdentifier>
    </Filter>
    <Filter Include="Source Files\example\11_oneshot_timer\source">
      <UniqueIdentifier>{d2a97047-4937-4f7a-ab2f-4485e03f0034}</UniqueIdentifier>
    </Filter>
    <Filter Include="Source Files\example\12_delay_object">
      <UniqueIdentifier>{d2a97047-4937-4f7a-ab2f-4485e03f0037}</UniqueIdentifier>
    </Filter>
    <Filter Include="Source Files\example\12_delay_object\source">
      <UniqueIdentifier>{d2a97047-4937-4f7a-ab2f-4485e03f0036}</UniqueIdentifier>
    </Filter>
    <Filter Include="Source Files\example\13_generator">
      <UniqueIdentifier>{d2a97047-4937-4f7a-ab2f-4485e03f0039}</UniqueIdentifier>
    </Filter>
    <Filter Include="Source Files\example\13_generator\source">
      <UniqueIdentifier>{d2a97047-4937-4f7a-ab2f-4485e03f0038}</UniqueIdentifier>
    </Filter>
    <Filter Include="Source Files\example\1_hello_world">
      <UniqueIdentifier>{d2a97047-4937-4f7a-ab2f-4485e03f0041}</UniqueIdentifier>
    </Filter>
    <Filter Include="Source Files\example\1_hello_world\source">
      <UniqueIdentifier>{d2a97047-4937-4f7a-ab2f-4485e03f0040}</UniqueIdentifier>
    </Filter>
    <Filter Include="Source Files\example\2_concurrent_even_number_counting">
      <UniqueIdentifier>{d2a97047-4937-4f7a-ab2f-4485e03f0043}</UniqueIdentifier>
    </Filter>
    <Filter Include="Source Files\example\2_concurrent_even_number_counting\source">
      <UniqueIdentifier>{d2a97047-4937-4f7a-ab2f-4485e03f0042}</UniqueIdentifier>
    </Filter>
    <Filter Include="Source Files\example\3_async_file_processing">
      <UniqueIdentifier>{d2a97047-4937-4f7a-ab2f-4485e03f0045}</UniqueIdentifier>
    </Filter>
    <Filter Include="Source Files\example\3_async_file_processing\source">
      <UniqueIdentifier>{d2a97047-4937-4f7a-ab2f-4485e03f0044}</UniqueIdentifier>
    </Filter>
    <Filter Include="Source Files\example\4_async_file_processing_version_2">
      <UniqueIdentifier>{d2a97047-4937-4f7a-ab2f-4485e03f0047}</UniqueIdentifier>
    </Filter>
    <Filter Include="Source Files\example\4_async_file_processing_version_2\source">
      <UniqueIdentifier>{d2a97047-4937-4f7a-ab2f-4485e03f0046}</UniqueIdentifier>
    </Filter>
    <Filter Include="Source Files\example\5_prime_number_finder">
      <UniqueIdentifier>{d2a97047-4937-4f7a-ab2f-4485e03f0049}</UniqueIdentifier>
    </Filter>
    <Filter Include="Source Files\example\5_prime_number_finder\source">
      <UniqueIdentifier>{d2a97047-4937-4f7a-ab2f-4485e03f0048}</UniqueIdentifier>
    </Filter>
    <Filter Include="Source Files\example\6_manual_executor">
      <UniqueIdentifier>{d2a97047-4937-4f7a-ab2f-4485e03f0051}</UniqueIdentifier>
    </Filter>
    <Filter Include="Source Files\example\6_manual_executor\source">
      <UniqueIdentifier>{d2a97047-4937-4f7a-ab2f-4485e03f0050}</UniqueIdentifier>
    </Filter>
    <Filter Include="Source Files\example\7_when_all">
      <UniqueIdentifier>{d2a97047-4937-4f7a-ab2f-4485e03f0053}</UniqueIdentifier>
    </Filter>
    <Filter Include="Source Files\example\7_when_all\source">
      <UniqueIdentifier>{d2a97047-4937-4f7a-ab2f-4485e03f0052}</UniqueIdentifier>
    </Filter>
    <Filter Include="Source Files\example\8_when_any">
      <UniqueIdentifier>{d2a97047-4937-4f7a-ab2f-4485e03f0055}</UniqueIdentifier>
    </Filter>
    <Filter Include="Source Files\example\8_when_any\source">
      <UniqueIdentifier>{d2a97047-4937-4f7a-ab2f-4485e03f0054}</UniqueIdentifier>
    </Filter>
    <Filter Include="Source Files\example\9_result_promise">
      <UniqueIdentifier>{d2a97047-4937-4f7a-ab2f-4485e03f0057}</UniqueIdentifier>
    </Filter>
    <Filter Include="Source Files\example\9_result_promise\source">
      <UniqueIdentifier>{d2a97047-4937-4f7a-ab2f-4485e03f0056}</UniqueIdentifier>
    </Filter>
    <Filter Include="Source Files\sandbox">
      <UniqueIdentifier>{d2a97047-4937-4f7a-ab2f-4485e03f0058}</UniqueIdentifier>
    </Filter>
    <Filter Include="Source Files\source">
      <UniqueIdentifier>{d2a97047-4937-4f7a-ab2f-4485e03f0059}</UniqueIdentifier>
    </Filter>
    <Filter Include="Source Files\source\executors">
      <UniqueIdentifier>{d2a97047-4937-4f7a-ab2f-4485e03f0060}</UniqueIdentifier>
    </Filter>
    <Filter Include="Source Files\source\results">
      <UniqueIdentifier>{d2a97047-4937-4f7a-ab2f-4485e03f0061}</UniqueIdentifier>
    </Filter>
    <Filter Include="Source Files\source\results\impl">
      <UniqueIdentifier>{d2a97047-4937-4f7a-ab2f-4485e03f0062}</UniqueIdentifier>
    </Filter>
    <Filter Include="Source Files\source\runtime">
      <UniqueIdentifier>{d2a97047-4937-4f7a-ab2f-4485e03f0063}</UniqueIdentifier>
    </Filter>
    <Filter Include="Source Files\source\threads">
      <UniqueIdentifier>{d2a97047-4937-4f7a-ab2f-4485e03f0064}</UniqueIdentifier>
    </Filter>
    <Filter Include="Source Files\source\timers">
      <UniqueIdentifier>{d2a97047-4937-4f7a-ab2f-4485e03f0065}</UniqueIdentifier>
    </Filter>
    <Filter Include="Source Files\test">
      <UniqueIdentifier>{d2a97047-4937-4f7a-ab2f-4485e03f0068}</UniqueIdentifier>
    </Filter>
    <Filter Include="Source Files\test\source">
      <UniqueIdentifier>{d2a97047-4937-4f7a-ab2f-4485e03f0067}</UniqueIdentifier>
    </Filter>
    <Filter Include="Source Files\test\source\infra">
      <UniqueIdentifier>{d2a97047-4937-4f7a-ab2f-4485e03f0066}</UniqueIdentifier>
    </Filter>
    <Filter Include="Source Files\test\source\tests">
      <UniqueIdentifier>{d2a97047-4937-4f7a-ab2f-4485e03f0069}</UniqueIdentifier>
    </Filter>
    <Filter Include="Source Files\test\source\tests\coroutine_tests">
      <UniqueIdentifier>{d2a97047-4937-4f7a-ab2f-4485e03f0070}</UniqueIdentifier>
    </Filter>
    <Filter Include="Source Files\test\source\tests\executor_tests">
      <UniqueIdentifier>{d2a97047-4937-4f7a-ab2f-4485e03f0071}</UniqueIdentifier>
    </Filter>
    <Filter Include="Source Files\test\source\tests\result_tests">
      <UniqueIdentifier>{d2a97047-4937-4f7a-ab2f-4485e03f0072}</UniqueIdentifier>
    </Filter>
    <Filter Include="Source Files\test\source\tests\timer_tests">
      <UniqueIdentifier>{d2a97047-4937-4f7a-ab2f-4485e03f0073}</UniqueIdentifier>
    </Filter>
    <Filter Include="Source Files\test\source\thread_sanitizer">
      <UniqueIdentifier>{d2a97047-4937-4f7a-ab2f-4485e03f0074}</UniqueIdentifier>
    </Filter>
    <Filter Include="Source Files\test\source\utils">
      <UniqueIdentifier>{d2a97047-4937-4f7a-ab2f-4485e03f0075}</UniqueIdentifier>
    </Filter>
  </ItemGroup>
  <ItemGroup>
    <ClCompile Include="../../thirdparty/owemdjee/concurrencpp/example/10_regular_timer/source/main.cpp">
      <Filter>Source Files\example\10_regular_timer\source</Filter>
    </ClCompile>
    <ClCompile Include="../../thirdparty/owemdjee/concurrencpp/example/11_oneshot_timer/source/main.cpp">
      <Filter>Source Files\example\11_oneshot_timer\source</Filter>
    </ClCompile>
    <ClCompile Include="../../thirdparty/owemdjee/concurrencpp/example/12_delay_object/source/main.cpp">
      <Filter>Source Files\example\12_delay_object\source</Filter>
    </ClCompile>
    <ClCompile Include="../../thirdparty/owemdjee/concurrencpp/example/13_generator/source/main.cpp">
      <Filter>Source Files\example\13_generator\source</Filter>
    </ClCompile>
    <ClCompile Include="../../thirdparty/owemdjee/concurrencpp/example/1_hello_world/source/main.cpp">
      <Filter>Source Files\example\1_hello_world\source</Filter>
    </ClCompile>
    <ClCompile Include="../../thirdparty/owemdjee/concurrencpp/example/2_concurrent_even_number_counting/source/main.cpp">
      <Filter>Source Files\example\2_concurrent_even_number_counting\source</Filter>
    </ClCompile>
    <ClCompile Include="../../thirdparty/owemdjee/concurrencpp/example/3_async_file_processing/source/main.cpp">
      <Filter>Source Files\example\3_async_file_processing\source</Filter>
    </ClCompile>
    <ClCompile Include="../../thirdparty/owemdjee/concurrencpp/example/4_async_file_processing_version_2/source/main.cpp">
      <Filter>Source Files\example\4_async_file_processing_version_2\source</Filter>
    </ClCompile>
    <ClCompile Include="../../thirdparty/owemdjee/concurrencpp/example/5_prime_number_finder/source/main.cpp">
      <Filter>Source Files\example\5_prime_number_finder\source</Filter>
    </ClCompile>
    <ClCompile Include="../../thirdparty/owemdjee/concurrencpp/example/6_manual_executor/source/main.cpp">
      <Filter>Source Files\example\6_manual_executor\source</Filter>
    </ClCompile>
    <ClCompile Include="../../thirdparty/owemdjee/concurrencpp/example/7_when_all/source/main.cpp">
      <Filter>Source Files\example\7_when_all\source</Filter>
    </ClCompile>
    <ClCompile Include="../../thirdparty/owemdjee/concurrencpp/example/8_when_any/source/main.cpp">
      <Filter>Source Files\example\8_when_any\source</Filter>
    </ClCompile>
    <ClCompile Include="../../thirdparty/owemdjee/concurrencpp/example/9_result_promise/source/main.cpp">
      <Filter>Source Files\example\9_result_promise\source</Filter>
    </ClCompile>
    <ClCompile Include="../../thirdparty/owemdjee/concurrencpp/sandbox/main.cpp">
      <Filter>Source Files\sandbox</Filter>
    </ClCompile>
    <ClCompile Include="../../thirdparty/owemdjee/concurrencpp/source/executors/executor.cpp">
      <Filter>Source Files\source\executors</Filter>
    </ClCompile>
    <ClCompile Include="../../thirdparty/owemdjee/concurrencpp/source/executors/manual_executor.cpp">
      <Filter>Source Files\source\executors</Filter>
    </ClCompile>
    <ClCompile Include="../../thirdparty/owemdjee/concurrencpp/source/executors/thread_executor.cpp">
      <Filter>Source Files\source\executors</Filter>
    </ClCompile>
    <ClCompile Include="../../thirdparty/owemdjee/concurrencpp/source/executors/thread_pool_executor.cpp">
      <Filter>Source Files\source\executors</Filter>
    </ClCompile>
    <ClCompile Include="../../thirdparty/owemdjee/concurrencpp/source/executors/worker_thread_executor.cpp">
      <Filter>Source Files\source\executors</Filter>
    </ClCompile>
    <ClCompile Include="../../thirdparty/owemdjee/concurrencpp/source/results/impl/consumer_context.cpp">
      <Filter>Source Files\source\results\impl</Filter>
    </ClCompile>
    <ClCompile Include="../../thirdparty/owemdjee/concurrencpp/source/results/impl/result_state.cpp">
      <Filter>Source Files\source\results\impl</Filter>
    </ClCompile>
    <ClCompile Include="../../thirdparty/owemdjee/concurrencpp/source/results/impl/shared_result_state.cpp">
      <Filter>Source Files\source\results\impl</Filter>
    </ClCompile>
    <ClCompile Include="../../thirdparty/owemdjee/concurrencpp/source/results/promises.cpp">
      <Filter>Source Files\source\results</Filter>
    </ClCompile>
    <ClCompile Include="../../thirdparty/owemdjee/concurrencpp/source/runtime/runtime.cpp">
      <Filter>Source Files\source\runtime</Filter>
    </ClCompile>
    <ClCompile Include="../../thirdparty/owemdjee/concurrencpp/source/task.cpp">
      <Filter>Source Files\source</Filter>
    </ClCompile>
    <ClCompile Include="../../thirdparty/owemdjee/concurrencpp/source/threads/async_lock.cpp">
      <Filter>Source Files\source\threads</Filter>
    </ClCompile>
    <ClCompile Include="../../thirdparty/owemdjee/concurrencpp/source/threads/binary_semaphore.cpp">
      <Filter>Source Files\source\threads</Filter>
    </ClCompile>
    <ClCompile Include="../../thirdparty/owemdjee/concurrencpp/source/threads/thread.cpp">
      <Filter>Source Files\source\threads</Filter>
    </ClCompile>
    <ClCompile Include="../../thirdparty/owemdjee/concurrencpp/source/timers/timer.cpp">
      <Filter>Source Files\source\timers</Filter>
    </ClCompile>
    <ClCompile Include="../../thirdparty/owemdjee/concurrencpp/source/timers/timer_queue.cpp">
      <Filter>Source Files\source\timers</Filter>
    </ClCompile>
    <ClCompile Include="../../thirdparty/owemdjee/concurrencpp/test/source/infra/assertions.cpp">
      <Filter>Source Files\test\source\infra</Filter>
    </ClCompile>
    <ClCompile Include="../../thirdparty/owemdjee/concurrencpp/test/source/infra/tester.cpp">
      <Filter>Source Files\test\source\infra</Filter>
    </ClCompile>
    <ClCompile Include="../../thirdparty/owemdjee/concurrencpp/test/source/tests/async_lock_tests.cpp">
      <Filter>Source Files\test\source\tests</Filter>
    </ClCompile>
    <ClCompile Include="../../thirdparty/owemdjee/concurrencpp/test/source/tests/coroutine_tests/coroutine_promise_tests.cpp">
      <Filter>Source Files\test\source\tests\coroutine_tests</Filter>
    </ClCompile>
    <ClCompile Include="../../thirdparty/owemdjee/concurrencpp/test/source/tests/coroutine_tests/coroutine_tests.cpp">
      <Filter>Source Files\test\source\tests\coroutine_tests</Filter>
    </ClCompile>
    <ClCompile Include="../../thirdparty/owemdjee/concurrencpp/test/source/tests/executor_tests/inline_executor_tests.cpp">
      <Filter>Source Files\test\source\tests\executor_tests</Filter>
    </ClCompile>
    <ClCompile Include="../../thirdparty/owemdjee/concurrencpp/test/source/tests/executor_tests/manual_executor_tests.cpp">
      <Filter>Source Files\test\source\tests\executor_tests</Filter>
    </ClCompile>
    <ClCompile Include="../../thirdparty/owemdjee/concurrencpp/test/source/tests/executor_tests/thread_executor_tests.cpp">
      <Filter>Source Files\test\source\tests\executor_tests</Filter>
    </ClCompile>
    <ClCompile Include="../../thirdparty/owemdjee/concurrencpp/test/source/tests/executor_tests/thread_pool_executor_tests.cpp">
      <Filter>Source Files\test\source\tests\executor_tests</Filter>
    </ClCompile>
    <ClCompile Include="../../thirdparty/owemdjee/concurrencpp/test/source/tests/executor_tests/worker_thread_executor_tests.cpp">
      <Filter>Source Files\test\source\tests\executor_tests</Filter>
    </ClCompile>
    <ClCompile Include="../../thirdparty/owemdjee/concurrencpp/test/source/tests/result_tests/generator_tests.cpp">
      <Filter>Source Files\test\source\tests\result_tests</Filter>
    </ClCompile>
    <ClCompile Include="../../thirdparty/owemdjee/concurrencpp/test/source/tests/result_tests/lazy_result_tests.cpp">
      <Filter>Source Files\test\source\tests\result_tests</Filter>
    </ClCompile>
    <ClCompile Include="../../thirdparty/owemdjee/concurrencpp/test/source/tests/result_tests/make_result_tests.cpp">
      <Filter>Source Files\test\source\tests\result_tests</Filter>
    </ClCompile>
    <ClCompile Include="../../thirdparty/owemdjee/concurrencpp/test/source/tests/result_tests/result_await_tests.cpp">
      <Filter>Source Files\test\source\tests\result_tests</Filter>
    </ClCompile>
    <ClCompile Include="../../thirdparty/owemdjee/concurrencpp/test/source/tests/result_tests/result_promise_tests.cpp">
      <Filter>Source Files\test\source\tests\result_tests</Filter>
    </ClCompile>
    <ClCompile Include="../../thirdparty/owemdjee/concurrencpp/test/source/tests/result_tests/result_resolve_tests.cpp">
      <Filter>Source Files\test\source\tests\result_tests</Filter>
    </ClCompile>
    <ClCompile Include="../../thirdparty/owemdjee/concurrencpp/test/source/tests/result_tests/result_tests.cpp">
      <Filter>Source Files\test\source\tests\result_tests</Filter>
    </ClCompile>
    <ClCompile Include="../../thirdparty/owemdjee/concurrencpp/test/source/tests/result_tests/resume_on_tests.cpp">
      <Filter>Source Files\test\source\tests\result_tests</Filter>
    </ClCompile>
    <ClCompile Include="../../thirdparty/owemdjee/concurrencpp/test/source/tests/result_tests/shared_result_await_tests.cpp">
      <Filter>Source Files\test\source\tests\result_tests</Filter>
    </ClCompile>
    <ClCompile Include="../../thirdparty/owemdjee/concurrencpp/test/source/tests/result_tests/shared_result_resolve_tests.cpp">
      <Filter>Source Files\test\source\tests\result_tests</Filter>
    </ClCompile>
    <ClCompile Include="../../thirdparty/owemdjee/concurrencpp/test/source/tests/result_tests/shared_result_tests.cpp">
      <Filter>Source Files\test\source\tests\result_tests</Filter>
    </ClCompile>
    <ClCompile Include="../../thirdparty/owemdjee/concurrencpp/test/source/tests/result_tests/when_all_tests.cpp">
      <Filter>Source Files\test\source\tests\result_tests</Filter>
    </ClCompile>
    <ClCompile Include="../../thirdparty/owemdjee/concurrencpp/test/source/tests/result_tests/when_any_tests.cpp">
      <Filter>Source Files\test\source\tests\result_tests</Filter>
    </ClCompile>
    <ClCompile Include="../../thirdparty/owemdjee/concurrencpp/test/source/tests/runtime_tests.cpp">
      <Filter>Source Files\test\source\tests</Filter>
    </ClCompile>
    <ClCompile Include="../../thirdparty/owemdjee/concurrencpp/test/source/tests/scoped_async_lock_tests.cpp">
      <Filter>Source Files\test\source\tests</Filter>
    </ClCompile>
    <ClCompile Include="../../thirdparty/owemdjee/concurrencpp/test/source/tests/task_tests.cpp">
      <Filter>Source Files\test\source\tests</Filter>
    </ClCompile>
    <ClCompile Include="../../thirdparty/owemdjee/concurrencpp/test/source/tests/timer_tests/timer_queue_tests.cpp">
      <Filter>Source Files\test\source\tests\timer_tests</Filter>
    </ClCompile>
    <ClCompile Include="../../thirdparty/owemdjee/concurrencpp/test/source/tests/timer_tests/timer_tests.cpp">
      <Filter>Source Files\test\source\tests\timer_tests</Filter>
    </ClCompile>
    <ClCompile Include="../../thirdparty/owemdjee/concurrencpp/test/source/thread_sanitizer/async_lock.cpp">
      <Filter>Source Files\test\source\thread_sanitizer</Filter>
    </ClCompile>
    <ClCompile Include="../../thirdparty/owemdjee/concurrencpp/test/source/thread_sanitizer/executors.cpp">
      <Filter>Source Files\test\source\thread_sanitizer</Filter>
    </ClCompile>
    <ClCompile Include="../../thirdparty/owemdjee/concurrencpp/test/source/thread_sanitizer/fibonacci.cpp">
      <Filter>Source Files\test\source\thread_sanitizer</Filter>
    </ClCompile>
    <ClCompile Include="../../thirdparty/owemdjee/concurrencpp/test/source/thread_sanitizer/lazy_fibonacci.cpp">
      <Filter>Source Files\test\source\thread_sanitizer</Filter>
    </ClCompile>
    <ClCompile Include="../../thirdparty/owemdjee/concurrencpp/test/source/thread_sanitizer/matrix_multiplication.cpp">
      <Filter>Source Files\test\source\thread_sanitizer</Filter>
    </ClCompile>
    <ClCompile Include="../../thirdparty/owemdjee/concurrencpp/test/source/thread_sanitizer/quick_sort.cpp">
      <Filter>Source Files\test\source\thread_sanitizer</Filter>
    </ClCompile>
    <ClCompile Include="../../thirdparty/owemdjee/concurrencpp/test/source/thread_sanitizer/result.cpp">
      <Filter>Source Files\test\source\thread_sanitizer</Filter>
    </ClCompile>
    <ClCompile Include="../../thirdparty/owemdjee/concurrencpp/test/source/thread_sanitizer/shared_result.cpp">
      <Filter>Source Files\test\source\thread_sanitizer</Filter>
    </ClCompile>
    <ClCompile Include="../../thirdparty/owemdjee/concurrencpp/test/source/thread_sanitizer/when_all.cpp">
      <Filter>Source Files\test\source\thread_sanitizer</Filter>
    </ClCompile>
    <ClCompile Include="../../thirdparty/owemdjee/concurrencpp/test/source/thread_sanitizer/when_any.cpp">
      <Filter>Source Files\test\source\thread_sanitizer</Filter>
    </ClCompile>
    <ClCompile Include="../../thirdparty/owemdjee/concurrencpp/test/source/utils/object_observer.cpp">
      <Filter>Source Files\test\source\utils</Filter>
    </ClCompile>
    <ClInclude Include="../../thirdparty/owemdjee/concurrencpp/include/concurrencpp/concurrencpp.h">
      <Filter>Header Files\include\concurrencpp</Filter>
    </ClInclude>
    <ClInclude Include="../../thirdparty/owemdjee/concurrencpp/include/concurrencpp/coroutines/coroutine.h">
      <Filter>Header Files\include\concurrencpp\coroutines</Filter>
    </ClInclude>
    <ClInclude Include="../../thirdparty/owemdjee/concurrencpp/include/concurrencpp/errors.h">
      <Filter>Header Files\include\concurrencpp</Filter>
    </ClInclude>
    <ClInclude Include="../../thirdparty/owemdjee/concurrencpp/include/concurrencpp/executors/constants.h">
      <Filter>Header Files\include\concurrencpp\executors</Filter>
    </ClInclude>
    <ClInclude Include="../../thirdparty/owemdjee/concurrencpp/include/concurrencpp/executors/derivable_executor.h">
      <Filter>Header Files\include\concurrencpp\executors</Filter>
    </ClInclude>
    <ClInclude Include="../../thirdparty/owemdjee/concurrencpp/include/concurrencpp/executors/executor.h">
      <Filter>Header Files\include\concurrencpp\executors</Filter>
    </ClInclude>
    <ClInclude Include="../../thirdparty/owemdjee/concurrencpp/include/concurrencpp/executors/executor_all.h">
      <Filter>Header Files\include\concurrencpp\executors</Filter>
    </ClInclude>
    <ClInclude Include="../../thirdparty/owemdjee/concurrencpp/include/concurrencpp/executors/inline_executor.h">
      <Filter>Header Files\include\concurrencpp\executors</Filter>
    </ClInclude>
    <ClInclude Include="../../thirdparty/owemdjee/concurrencpp/include/concurrencpp/executors/manual_executor.h">
      <Filter>Header Files\include\concurrencpp\executors</Filter>
    </ClInclude>
    <ClInclude Include="../../thirdparty/owemdjee/concurrencpp/include/concurrencpp/executors/thread_executor.h">
      <Filter>Header Files\include\concurrencpp\executors</Filter>
    </ClInclude>
    <ClInclude Include="../../thirdparty/owemdjee/concurrencpp/include/concurrencpp/executors/thread_pool_executor.h">
      <Filter>Header Files\include\concurrencpp\executors</Filter>
    </ClInclude>
    <ClInclude Include="../../thirdparty/owemdjee/concurrencpp/include/concurrencpp/executors/worker_thread_executor.h">
      <Filter>Header Files\include\concurrencpp\executors</Filter>
    </ClInclude>
    <ClInclude Include="../../thirdparty/owemdjee/concurrencpp/include/concurrencpp/forward_declarations.h">
      <Filter>Header Files\include\concurrencpp</Filter>
    </ClInclude>
    <ClInclude Include="../../thirdparty/owemdjee/concurrencpp/include/concurrencpp/platform_defs.h">
      <Filter>Header Files\include\concurrencpp</Filter>
    </ClInclude>
    <ClInclude Include="../../thirdparty/owemdjee/concurrencpp/include/concurrencpp/results/constants.h">
      <Filter>Header Files\include\concurrencpp\results</Filter>
    </ClInclude>
    <ClInclude Include="../../thirdparty/owemdjee/concurrencpp/include/concurrencpp/results/generator.h">
      <Filter>Header Files\include\concurrencpp\results</Filter>
    </ClInclude>
    <ClInclude Include="../../thirdparty/owemdjee/concurrencpp/include/concurrencpp/results/impl/consumer_context.h">
      <Filter>Header Files\include\concurrencpp\results\impl</Filter>
    </ClInclude>
    <ClInclude Include="../../thirdparty/owemdjee/concurrencpp/include/concurrencpp/results/impl/generator_state.h">
      <Filter>Header Files\include\concurrencpp\results\impl</Filter>
    </ClInclude>
    <ClInclude Include="../../thirdparty/owemdjee/concurrencpp/include/concurrencpp/results/impl/lazy_result_state.h">
      <Filter>Header Files\include\concurrencpp\results\impl</Filter>
    </ClInclude>
    <ClInclude Include="../../thirdparty/owemdjee/concurrencpp/include/concurrencpp/results/impl/producer_context.h">
      <Filter>Header Files\include\concurrencpp\results\impl</Filter>
    </ClInclude>
    <ClInclude Include="../../thirdparty/owemdjee/concurrencpp/include/concurrencpp/results/impl/result_state.h">
      <Filter>Header Files\include\concurrencpp\results\impl</Filter>
    </ClInclude>
    <ClInclude Include="../../thirdparty/owemdjee/concurrencpp/include/concurrencpp/results/impl/return_value_struct.h">
      <Filter>Header Files\include\concurrencpp\results\impl</Filter>
    </ClInclude>
    <ClInclude Include="../../thirdparty/owemdjee/concurrencpp/include/concurrencpp/results/impl/shared_result_state.h">
      <Filter>Header Files\include\concurrencpp\results\impl</Filter>
    </ClInclude>
    <ClInclude Include="../../thirdparty/owemdjee/concurrencpp/include/concurrencpp/results/lazy_result.h">
      <Filter>Header Files\include\concurrencpp\results</Filter>
    </ClInclude>
    <ClInclude Include="../../thirdparty/owemdjee/concurrencpp/include/concurrencpp/results/lazy_result_awaitable.h">
      <Filter>Header Files\include\concurrencpp\results</Filter>
    </ClInclude>
    <ClInclude Include="../../thirdparty/owemdjee/concurrencpp/include/concurrencpp/results/make_result.h">
      <Filter>Header Files\include\concurrencpp\results</Filter>
    </ClInclude>
    <ClInclude Include="../../thirdparty/owemdjee/concurrencpp/include/concurrencpp/results/promises.h">
      <Filter>Header Files\include\concurrencpp\results</Filter>
    </ClInclude>
    <ClInclude Include="../../thirdparty/owemdjee/concurrencpp/include/concurrencpp/results/result.h">
      <Filter>Header Files\include\concurrencpp\results</Filter>
    </ClInclude>
    <ClInclude Include="../../thirdparty/owemdjee/concurrencpp/include/concurrencpp/results/result_awaitable.h">
      <Filter>Header Files\include\concurrencpp\results</Filter>
    </ClInclude>
    <ClInclude Include="../../thirdparty/owemdjee/concurrencpp/include/concurrencpp/results/result_fwd_declarations.h">
      <Filter>Header Files\include\concurrencpp\results</Filter>
    </ClInclude>
    <ClInclude Include="../../thirdparty/owemdjee/concurrencpp/include/concurrencpp/results/resume_on.h">
      <Filter>Header Files\include\concurrencpp\results</Filter>
    </ClInclude>
    <ClInclude Include="../../thirdparty/owemdjee/concurrencpp/include/concurrencpp/results/shared_result.h">
      <Filter>Header Files\include\concurrencpp\results</Filter>
    </ClInclude>
    <ClInclude Include="../../thirdparty/owemdjee/concurrencpp/include/concurrencpp/results/shared_result_awaitable.h">
      <Filter>Header Files\include\concurrencpp\results</Filter>
    </ClInclude>
    <ClInclude Include="../../thirdparty/owemdjee/concurrencpp/include/concurrencpp/results/when_result.h">
      <Filter>Header Files\include\concurrencpp\results</Filter>
    </ClInclude>
    <ClInclude Include="../../thirdparty/owemdjee/concurrencpp/include/concurrencpp/runtime/constants.h">
      <Filter>Header Files\include\concurrencpp\runtime</Filter>
    </ClInclude>
    <ClInclude Include="../../thirdparty/owemdjee/concurrencpp/include/concurrencpp/runtime/runtime.h">
      <Filter>Header Files\include\concurrencpp\runtime</Filter>
    </ClInclude>
    <ClInclude Include="../../thirdparty/owemdjee/concurrencpp/include/concurrencpp/task.h">
      <Filter>Header Files\include\concurrencpp</Filter>
    </ClInclude>
    <ClInclude Include="../../thirdparty/owemdjee/concurrencpp/include/concurrencpp/threads/async_lock.h">
      <Filter>Header Files\include\concurrencpp\threads</Filter>
    </ClInclude>
    <ClInclude Include="../../thirdparty/owemdjee/concurrencpp/include/concurrencpp/threads/binary_semaphore.h">
      <Filter>Header Files\include\concurrencpp\threads</Filter>
    </ClInclude>
    <ClInclude Include="../../thirdparty/owemdjee/concurrencpp/include/concurrencpp/threads/cache_line.h">
      <Filter>Header Files\include\concurrencpp\threads</Filter>
    </ClInclude>
    <ClInclude Include="../../thirdparty/owemdjee/concurrencpp/include/concurrencpp/threads/constants.h">
      <Filter>Header Files\include\concurrencpp\threads</Filter>
    </ClInclude>
    <ClInclude Include="../../thirdparty/owemdjee/concurrencpp/include/concurrencpp/threads/thread.h">
      <Filter>Header Files\include\concurrencpp\threads</Filter>
    </ClInclude>
    <ClInclude Include="../../thirdparty/owemdjee/concurrencpp/include/concurrencpp/timers/constants.h">
      <Filter>Header Files\include\concurrencpp\timers</Filter>
    </ClInclude>
    <ClInclude Include="../../thirdparty/owemdjee/concurrencpp/include/concurrencpp/timers/timer.h">
      <Filter>Header Files\include\concurrencpp\timers</Filter>
    </ClInclude>
    <ClInclude Include="../../thirdparty/owemdjee/concurrencpp/include/concurrencpp/timers/timer_queue.h">
      <Filter>Header Files\include\concurrencpp\timers</Filter>
    </ClInclude>
    <ClInclude Include="../../thirdparty/owemdjee/concurrencpp/include/concurrencpp/utils/bind.h">
      <Filter>Header Files\include\concurrencpp\utils</Filter>
    </ClInclude>
    <ClInclude Include="../../thirdparty/owemdjee/concurrencpp/test/include/infra/assertions.h">
      <Filter>Header Files\test\include\infra</Filter>
    </ClInclude>
    <ClInclude Include="../../thirdparty/owemdjee/concurrencpp/test/include/infra/tester.h">
      <Filter>Header Files\test\include\infra</Filter>
    </ClInclude>
    <ClInclude Include="../../thirdparty/owemdjee/concurrencpp/test/include/utils/custom_exception.h">
      <Filter>Header Files\test\include\utils</Filter>
    </ClInclude>
    <ClInclude Include="../../thirdparty/owemdjee/concurrencpp/test/include/utils/executor_shutdowner.h">
      <Filter>Header Files\test\include\utils</Filter>
    </ClInclude>
    <ClInclude Include="../../thirdparty/owemdjee/concurrencpp/test/include/utils/object_observer.h">
      <Filter>Header Files\test\include\utils</Filter>
    </ClInclude>
    <ClInclude Include="../../thirdparty/owemdjee/concurrencpp/test/include/utils/random.h">
      <Filter>Header Files\test\include\utils</Filter>
    </ClInclude>
    <ClInclude Include="../../thirdparty/owemdjee/concurrencpp/test/include/utils/test_generators.h">
      <Filter>Header Files\test\include\utils</Filter>
    </ClInclude>
    <ClInclude Include="../../thirdparty/owemdjee/concurrencpp/test/include/utils/test_ready_lazy_result.h">
      <Filter>Header Files\test\include\utils</Filter>
    </ClInclude>
    <ClInclude Include="../../thirdparty/owemdjee/concurrencpp/test/include/utils/test_ready_result.h">
      <Filter>Header Files\test\include\utils</Filter>
    </ClInclude>
    <ClInclude Include="../../thirdparty/owemdjee/concurrencpp/test/include/utils/throwing_executor.h">
      <Filter>Header Files\test\include\utils</Filter>
    </ClInclude>
    <Text Include="../../thirdparty/owemdjee/concurrencpp/CMakeLists.txt">
      <Filter>Misc Files</Filter>
    </Text>
    <Text Include="../../thirdparty/owemdjee/concurrencpp/LICENSE.txt">
      <Filter>Misc Files</Filter>
    </Text>
    <Text Include="../../thirdparty/owemdjee/concurrencpp/README.md">
      <Filter>Misc Files</Filter>
    </Text>
    <Text Include="../../thirdparty/owemdjee/concurrencpp/example/10_regular_timer/CMakeLists.txt">
      <Filter>Misc Files\example\10_regular_timer</Filter>
    </Text>
    <Text Include="../../thirdparty/owemdjee/concurrencpp/example/11_oneshot_timer/CMakeLists.txt">
      <Filter>Misc Files\example\11_oneshot_timer</Filter>
    </Text>
    <Text Include="../../thirdparty/owemdjee/concurrencpp/example/12_delay_object/CMakeLists.txt">
      <Filter>Misc Files\example\12_delay_object</Filter>
    </Text>
    <Text Include="../../thirdparty/owemdjee/concurrencpp/example/13_generator/CMakeLists.txt">
      <Filter>Misc Files\example\13_generator</Filter>
    </Text>
    <Text Include="../../thirdparty/owemdjee/concurrencpp/example/1_hello_world/CMakeLists.txt">
      <Filter>Misc Files\example\1_hello_world</Filter>
    </Text>
    <Text Include="../../thirdparty/owemdjee/concurrencpp/example/2_concurrent_even_number_counting/CMakeLists.txt">
      <Filter>Misc Files\example\2_concurrent_even_number_counting</Filter>
    </Text>
    <Text Include="../../thirdparty/owemdjee/concurrencpp/example/3_async_file_processing/CMakeLists.txt">
      <Filter>Misc Files\example\3_async_file_processing</Filter>
    </Text>
    <Text Include="../../thirdparty/owemdjee/concurrencpp/example/4_async_file_processing_version_2/CMakeLists.txt">
      <Filter>Misc Files\example\4_async_file_processing_version_2</Filter>
    </Text>
    <Text Include="../../thirdparty/owemdjee/concurrencpp/example/5_prime_number_finder/CMakeLists.txt">
      <Filter>Misc Files\example\5_prime_number_finder</Filter>
    </Text>
    <Text Include="../../thirdparty/owemdjee/concurrencpp/example/6_manual_executor/CMakeLists.txt">
      <Filter>Misc Files\example\6_manual_executor</Filter>
    </Text>
    <Text Include="../../thirdparty/owemdjee/concurrencpp/example/7_when_all/CMakeLists.txt">
      <Filter>Misc Files\example\7_when_all</Filter>
    </Text>
    <Text Include="../../thirdparty/owemdjee/concurrencpp/example/8_when_any/CMakeLists.txt">
      <Filter>Misc Files\example\8_when_any</Filter>
    </Text>
    <Text Include="../../thirdparty/owemdjee/concurrencpp/example/9_result_promise/CMakeLists.txt">
      <Filter>Misc Files\example\9_result_promise</Filter>
    </Text>
    <Text Include="../../thirdparty/owemdjee/concurrencpp/example/CMakeLists.txt">
      <Filter>Misc Files\example</Filter>
    </Text>
    <Text Include="../../thirdparty/owemdjee/concurrencpp/sandbox/CMakeLists.txt">
      <Filter>Misc Files\sandbox</Filter>
    </Text>
    <Text Include="../../thirdparty/owemdjee/concurrencpp/test/CMakeLists.txt">
      <Filter>Misc Files\test</Filter>
    </Text>
  </ItemGroup>
</Project>
    