<?xml version="1.0" encoding="utf-8"?>
<Project ToolsVersion="4.0" xmlns="http://schemas.microsoft.com/developer/msbuild/2003">
  <ItemGroup>
    <Filter Include="Source Files">
      <UniqueIdentifier>{d2a97047-4937-4f7a-ab2f-4485e03fd328}</UniqueIdentifier>
    </Filter>
    <Filter Include="Header Files">
      <UniqueIdentifier>{42f0fc98-34f6-4567-b3cf-de13e74a89ab}</UniqueIdentifier>
    </Filter>
    <Filter Include="Misc Files">
      <UniqueIdentifier>{b1798409-2031-413d-9df7-70b0202ddd98}</UniqueIdentifier>
    </Filter>
  </ItemGroup>
  <ItemGroup>
    <Filter Include="Header Files\src">
      <UniqueIdentifier>{d2a97047-4937-4f7a-ab2f-4485e03f0002}</UniqueIdentifier>
    </Filter>
    <Filter Include="Header Files\src\Imath">
      <UniqueIdentifier>{d2a97047-4937-4f7a-ab2f-4485e03f0001}</UniqueIdentifier>
    </Filter>
    <Filter Include="Misc Files\cmake">
      <UniqueIdentifier>{d2a97047-4937-4f7a-ab2f-4485e03f0003}</UniqueIdentifier>
    </Filter>
    <Filter Include="Misc Files\config">
      <UniqueIdentifier>{d2a97047-4937-4f7a-ab2f-4485e03f0004}</UniqueIdentifier>
    </Filter>
    <Filter Include="Misc Files\share">
      <UniqueIdentifier>{d2a97047-4937-4f7a-ab2f-4485e03f0008}</UniqueIdentifier>
    </Filter>
    <Filter Include="Misc Files\share\ci">
      <UniqueIdentifier>{d2a97047-4937-4f7a-ab2f-4485e03f0007}</UniqueIdentifier>
    </Filter>
    <Filter Include="Misc Files\share\ci\scripts">
      <UniqueIdentifier>{d2a97047-4937-4f7a-ab2f-4485e03f0006}</UniqueIdentifier>
    </Filter>
    <Filter Include="Misc Files\share\ci\scripts\linux">
      <UniqueIdentifier>{d2a97047-4937-4f7a-ab2f-4485e03f0005}</UniqueIdentifier>
    </Filter>
    <Filter Include="Misc Files\share\ci\scripts\macos">
      <UniqueIdentifier>{d2a97047-4937-4f7a-ab2f-4485e03f0009}</UniqueIdentifier>
    </Filter>
    <Filter Include="Misc Files\share\ci\scripts\windows">
      <UniqueIdentifier>{d2a97047-4937-4f7a-ab2f-4485e03f0010}</UniqueIdentifier>
    </Filter>
    <Filter Include="Misc Files\src">
      <UniqueIdentifier>{d2a97047-4937-4f7a-ab2f-4485e03f0012}</UniqueIdentifier>
    </Filter>
    <Filter Include="Misc Files\src\Imath">
      <UniqueIdentifier>{d2a97047-4937-4f7a-ab2f-4485e03f0011}</UniqueIdentifier>
    </Filter>
    <Filter Include="Source Files\src">
      <UniqueIdentifier>{d2a97047-4937-4f7a-ab2f-4485e03f0014}</UniqueIdentifier>
    </Filter>
    <Filter Include="Source Files\src\Imath">
      <UniqueIdentifier>{d2a97047-4937-4f7a-ab2f-4485e03f0013}</UniqueIdentifier>
    </Filter>
  </ItemGroup>
  <ItemGroup>
    <ClCompile Include="../../thirdparty/owemdjee/Imath/src/Imath/ImathColorAlgo.cpp">
      <Filter>Source Files\src\Imath</Filter>
    </ClCompile>
    <ClCompile Include="../../thirdparty/owemdjee/Imath/src/Imath/ImathFun.cpp">
      <Filter>Source Files\src\Imath</Filter>
    </ClCompile>
    <ClCompile Include="../../thirdparty/owemdjee/Imath/src/Imath/ImathMatrixAlgo.cpp">
      <Filter>Source Files\src\Imath</Filter>
    </ClCompile>
    <ClCompile Include="../../thirdparty/owemdjee/Imath/src/Imath/ImathRandom.cpp">
      <Filter>Source Files\src\Imath</Filter>
    </ClCompile>
    <ClCompile Include="../../thirdparty/owemdjee/Imath/src/Imath/half.cpp">
      <Filter>Source Files\src\Imath</Filter>
    </ClCompile>
    <ClCompile Include="../../thirdparty/owemdjee/Imath/src/Imath/toFloat.cpp">
      <Filter>Source Files\src\Imath</Filter>
    </ClCompile>
    <ClInclude Include="../../thirdparty/owemdjee/Imath/src/Imath/ImathBox.h">
      <Filter>Header Files\src\Imath</Filter>
    </ClInclude>
    <ClInclude Include="../../thirdparty/owemdjee/Imath/src/Imath/ImathBoxAlgo.h">
      <Filter>Header Files\src\Imath</Filter>
    </ClInclude>
    <ClInclude Include="../../thirdparty/owemdjee/Imath/src/Imath/ImathColor.h">
      <Filter>Header Files\src\Imath</Filter>
    </ClInclude>
    <ClInclude Include="../../thirdparty/owemdjee/Imath/src/Imath/ImathColorAlgo.h">
      <Filter>Header Files\src\Imath</Filter>
    </ClInclude>
    <ClInclude Include="../../thirdparty/owemdjee/Imath/src/Imath/ImathEuler.h">
      <Filter>Header Files\src\Imath</Filter>
    </ClInclude>
    <ClInclude Include="../../thirdparty/owemdjee/Imath/src/Imath/ImathExport.h">
      <Filter>Header Files\src\Imath</Filter>
    </ClInclude>
    <ClInclude Include="../../thirdparty/owemdjee/Imath/src/Imath/ImathForward.h">
      <Filter>Header Files\src\Imath</Filter>
    </ClInclude>
    <ClInclude Include="../../thirdparty/owemdjee/Imath/src/Imath/ImathFrame.h">
      <Filter>Header Files\src\Imath</Filter>
    </ClInclude>
    <ClInclude Include="../../thirdparty/owemdjee/Imath/src/Imath/ImathFrustum.h">
      <Filter>Header Files\src\Imath</Filter>
    </ClInclude>
    <ClInclude Include="../../thirdparty/owemdjee/Imath/src/Imath/ImathFrustumTest.h">
      <Filter>Header Files\src\Imath</Filter>
    </ClInclude>
    <ClInclude Include="../../thirdparty/owemdjee/Imath/src/Imath/ImathFun.h">
      <Filter>Header Files\src\Imath</Filter>
    </ClInclude>
    <ClInclude Include="../../thirdparty/owemdjee/Imath/src/Imath/ImathGL.h">
      <Filter>Header Files\src\Imath</Filter>
    </ClInclude>
    <ClInclude Include="../../thirdparty/owemdjee/Imath/src/Imath/ImathGLU.h">
      <Filter>Header Files\src\Imath</Filter>
    </ClInclude>
    <ClInclude Include="../../thirdparty/owemdjee/Imath/src/Imath/ImathInt64.h">
      <Filter>Header Files\src\Imath</Filter>
    </ClInclude>
    <ClInclude Include="../../thirdparty/owemdjee/Imath/src/Imath/ImathInterval.h">
      <Filter>Header Files\src\Imath</Filter>
    </ClInclude>
    <ClInclude Include="../../thirdparty/owemdjee/Imath/src/Imath/ImathLine.h">
      <Filter>Header Files\src\Imath</Filter>
    </ClInclude>
    <ClInclude Include="../../thirdparty/owemdjee/Imath/src/Imath/ImathLineAlgo.h">
      <Filter>Header Files\src\Imath</Filter>
    </ClInclude>
    <ClInclude Include="../../thirdparty/owemdjee/Imath/src/Imath/ImathMath.h">
      <Filter>Header Files\src\Imath</Filter>
    </ClInclude>
    <ClInclude Include="../../thirdparty/owemdjee/Imath/src/Imath/ImathMatrix.h">
      <Filter>Header Files\src\Imath</Filter>
    </ClInclude>
    <ClInclude Include="../../thirdparty/owemdjee/Imath/src/Imath/ImathMatrixAlgo.h">
      <Filter>Header Files\src\Imath</Filter>
    </ClInclude>
    <ClInclude Include="../../thirdparty/owemdjee/Imath/src/Imath/ImathNamespace.h">
      <Filter>Header Files\src\Imath</Filter>
    </ClInclude>
    <ClInclude Include="../../thirdparty/owemdjee/Imath/src/Imath/ImathPlane.h">
      <Filter>Header Files\src\Imath</Filter>
    </ClInclude>
    <ClInclude Include="../../thirdparty/owemdjee/Imath/src/Imath/ImathPlatform.h">
      <Filter>Header Files\src\Imath</Filter>
    </ClInclude>
    <ClInclude Include="../../thirdparty/owemdjee/Imath/src/Imath/ImathQuat.h">
      <Filter>Header Files\src\Imath</Filter>
    </ClInclude>
    <ClInclude Include="../../thirdparty/owemdjee/Imath/src/Imath/ImathRandom.h">
      <Filter>Header Files\src\Imath</Filter>
    </ClInclude>
    <ClInclude Include="../../thirdparty/owemdjee/Imath/src/Imath/ImathRoots.h">
      <Filter>Header Files\src\Imath</Filter>
    </ClInclude>
    <ClInclude Include="../../thirdparty/owemdjee/Imath/src/Imath/ImathShear.h">
      <Filter>Header Files\src\Imath</Filter>
    </ClInclude>
    <ClInclude Include="../../thirdparty/owemdjee/Imath/src/Imath/ImathSphere.h">
      <Filter>Header Files\src\Imath</Filter>
    </ClInclude>
    <ClInclude Include="../../thirdparty/owemdjee/Imath/src/Imath/ImathTypeTraits.h">
      <Filter>Header Files\src\Imath</Filter>
    </ClInclude>
    <ClInclude Include="../../thirdparty/owemdjee/Imath/src/Imath/ImathVec.h">
      <Filter>Header Files\src\Imath</Filter>
    </ClInclude>
    <ClInclude Include="../../thirdparty/owemdjee/Imath/src/Imath/ImathVecAlgo.h">
      <Filter>Header Files\src\Imath</Filter>
    </ClInclude>
    <ClInclude Include="../../thirdparty/owemdjee/Imath/src/Imath/half.h">
      <Filter>Header Files\src\Imath</Filter>
    </ClInclude>
    <ClInclude Include="../../thirdparty/owemdjee/Imath/src/Imath/halfFunction.h">
      <Filter>Header Files\src\Imath</Filter>
    </ClInclude>
    <ClInclude Include="../../thirdparty/owemdjee/Imath/src/Imath/halfLimits.h">
      <Filter>Header Files\src\Imath</Filter>
    </ClInclude>
    <ClInclude Include="../../thirdparty/owemdjee/Imath/src/Imath/toFloat.h">
      <Filter>Header Files\src\Imath</Filter>
    </ClInclude>
    <Text Include="../../thirdparty/owemdjee/Imath/CHANGES.md">
      <Filter>Misc Files</Filter>
    </Text>
    <Text Include="../../thirdparty/owemdjee/Imath/CMakeLists.txt">
      <Filter>Misc Files</Filter>
    </Text>
    <Text Include="../../thirdparty/owemdjee/Imath/CODE_OF_CONDUCT.md">
      <Filter>Misc Files</Filter>
    </Text>
    <Text Include="../../thirdparty/owemdjee/Imath/CONTRIBUTING.md">
      <Filter>Misc Files</Filter>
    </Text>
    <Text Include="../../thirdparty/owemdjee/Imath/CONTRIBUTORS.md">
      <Filter>Misc Files</Filter>
    </Text>
    <Text Include="../../thirdparty/owemdjee/Imath/GOVERNANCE.md">
      <Filter>Misc Files</Filter>
    </Text>
    <Text Include="../../thirdparty/owemdjee/Imath/LICENSE.md">
      <Filter>Misc Files</Filter>
    </Text>
    <Text Include="../../thirdparty/owemdjee/Imath/README.md">
      <Filter>Misc Files</Filter>
    </Text>
    <Text Include="../../thirdparty/owemdjee/Imath/SECURITY.md">
      <Filter>Misc Files</Filter>
    </Text>
    <Text Include="../../thirdparty/owemdjee/Imath/cmake/FindPythonPackage.cmake">
      <Filter>Misc Files\cmake</Filter>
    </Text>
    <Text Include="../../thirdparty/owemdjee/Imath/cmake/FindSphinx.cmake">
      <Filter>Misc Files\cmake</Filter>
    </Text>
    <Text Include="../../thirdparty/owemdjee/Imath/cmake/SampleCTestScript.cmake">
      <Filter>Misc Files\cmake</Filter>
    </Text>
    <Text Include="../../thirdparty/owemdjee/Imath/cmake/Toolchain-Linux-VFX_Platform21.cmake">
      <Filter>Misc Files\cmake</Filter>
    </Text>
    <Text Include="../../thirdparty/owemdjee/Imath/cmake/Toolchain-mingw.cmake">
      <Filter>Misc Files\cmake</Filter>
    </Text>
    <Text Include="../../thirdparty/owemdjee/Imath/cmake/clang-format.cmake">
      <Filter>Misc Files\cmake</Filter>
    </Text>
    <Text Include="../../thirdparty/owemdjee/Imath/cmake/cmake_uninstall.cmake.in">
      <Filter>Misc Files\cmake</Filter>
    </Text>
    <Text Include="../../thirdparty/owemdjee/Imath/config/CMakeLists.txt">
      <Filter>Misc Files\config</Filter>
    </Text>
    <Text Include="../../thirdparty/owemdjee/Imath/config/Imath.pc.in">
      <Filter>Misc Files\config</Filter>
    </Text>
    <Text Include="../../thirdparty/owemdjee/Imath/config/ImathConfig.cmake.in">
      <Filter>Misc Files\config</Filter>
    </Text>
    <Text Include="../../thirdparty/owemdjee/Imath/config/ImathConfig.h.in">
      <Filter>Misc Files\config</Filter>
    </Text>
    <Text Include="../../thirdparty/owemdjee/Imath/config/ImathSetup.cmake">
      <Filter>Misc Files\config</Filter>
    </Text>
    <Text Include="../../thirdparty/owemdjee/Imath/config/LibraryDefine.cmake">
      <Filter>Misc Files\config</Filter>
    </Text>
    <Text Include="../../thirdparty/owemdjee/Imath/share/ci/scripts/linux/install_boost.sh">
      <Filter>Misc Files\share\ci\scripts\linux</Filter>
    </Text>
    <Text Include="../../thirdparty/owemdjee/Imath/share/ci/scripts/linux/install_cmake.sh">
      <Filter>Misc Files\share\ci\scripts\linux</Filter>
    </Text>
    <Text Include="../../thirdparty/owemdjee/Imath/share/ci/scripts/linux/install_gdb.sh">
      <Filter>Misc Files\share\ci\scripts\linux</Filter>
    </Text>
    <Text Include="../../thirdparty/owemdjee/Imath/share/ci/scripts/linux/install_six.sh">
      <Filter>Misc Files\share\ci\scripts\linux</Filter>
    </Text>
    <Text Include="../../thirdparty/owemdjee/Imath/share/ci/scripts/linux/install_sonar.sh">
      <Filter>Misc Files\share\ci\scripts\linux</Filter>
    </Text>
    <Text Include="../../thirdparty/owemdjee/Imath/share/ci/scripts/linux/install_valgrind.sh">
      <Filter>Misc Files\share\ci\scripts\linux</Filter>
    </Text>
    <Text Include="../../thirdparty/owemdjee/Imath/share/ci/scripts/linux/log_valgrind.sh">
      <Filter>Misc Files\share\ci\scripts\linux</Filter>
    </Text>
    <Text Include="../../thirdparty/owemdjee/Imath/share/ci/scripts/linux/run_gcov.sh">
      <Filter>Misc Files\share\ci\scripts\linux</Filter>
    </Text>
    <Text Include="../../thirdparty/owemdjee/Imath/share/ci/scripts/macos/install_boost.sh">
      <Filter>Misc Files\share\ci\scripts\macos</Filter>
    </Text>
    <Text Include="../../thirdparty/owemdjee/Imath/share/ci/scripts/macos/install_python.sh">
      <Filter>Misc Files\share\ci\scripts\macos</Filter>
    </Text>
    <Text Include="../../thirdparty/owemdjee/Imath/share/ci/scripts/windows/install_boost.ps1">
      <Filter>Misc Files\share\ci\scripts\windows</Filter>
    </Text>
    <Text Include="../../thirdparty/owemdjee/Imath/share/ci/scripts/windows/install_cmake.ps1">
      <Filter>Misc Files\share\ci\scripts\windows</Filter>
    </Text>
    <Text Include="../../thirdparty/owemdjee/Imath/share/ci/scripts/windows/install_python.ps1">
      <Filter>Misc Files\share\ci\scripts\windows</Filter>
    </Text>
    <Text Include="../../thirdparty/owemdjee/Imath/sonar-project.properties">
      <Filter>Misc Files</Filter>
    </Text>
    <Text Include="../../thirdparty/owemdjee/Imath/src/Imath/CMakeLists.txt">
      <Filter>Misc Files\src\Imath</Filter>
    </Text>
  </ItemGroup>
</Project>
