<?xml version="1.0" encoding="utf-8"?>
<Project ToolsVersion="4.0" xmlns="http://schemas.microsoft.com/developer/msbuild/2003">
  <ItemGroup>
    <Filter Include="Source Files">
      <UniqueIdentifier>{d2a97047-4937-4f7a-ab2f-4485e03fd328}</UniqueIdentifier>
    </Filter>
    <Filter Include="Header Files">
      <UniqueIdentifier>{42f0fc98-34f6-4567-b3cf-de13e74a89ab}</UniqueIdentifier>
    </Filter>
    <Filter Include="Misc Files">
      <UniqueIdentifier>{b1798409-2031-413d-9df7-70b0202ddd98}</UniqueIdentifier>
    </Filter>
  </ItemGroup>
  <ItemGroup>
    <Filter Include="Header Files\dependencies">
      <UniqueIdentifier>{d2a97047-4937-4f7a-ab2f-4485e03f0004}</UniqueIdentifier>
    </Filter>
    <Filter Include="Header Files\dependencies\lmdb">
      <UniqueIdentifier>{d2a97047-4937-4f7a-ab2f-4485e03f0007}</UniqueIdentifier>
    </Filter>
    <Filter Include="Header Files\dependencies\lmdb-data-v1">
      <UniqueIdentifier>{d2a97047-4937-4f7a-ab2f-4485e03f0003}</UniqueIdentifier>
    </Filter>
    <Filter Include="Header Files\dependencies\lmdb-data-v1\libraries">
      <UniqueIdentifier>{d2a97047-4937-4f7a-ab2f-4485e03f0002}</UniqueIdentifier>
    </Filter>
    <Filter Include="Header Files\dependencies\lmdb-data-v1\libraries\liblmdb">
      <UniqueIdentifier>{d2a97047-4937-4f7a-ab2f-4485e03f0001}</UniqueIdentifier>
    </Filter>
    <Filter Include="Header Files\dependencies\lmdb\libraries">
      <UniqueIdentifier>{d2a97047-4937-4f7a-ab2f-4485e03f0006}</UniqueIdentifier>
    </Filter>
    <Filter Include="Header Files\dependencies\lmdb\libraries\liblmdb">
      <UniqueIdentifier>{d2a97047-4937-4f7a-ab2f-4485e03f0005}</UniqueIdentifier>
    </Filter>
    <Filter Include="Header Files\dependencies\lz4">
      <UniqueIdentifier>{d2a97047-4937-4f7a-ab2f-4485e03f0009}</UniqueIdentifier>
    </Filter>
    <Filter Include="Header Files\dependencies\lz4\lib">
      <UniqueIdentifier>{d2a97047-4937-4f7a-ab2f-4485e03f0008}</UniqueIdentifier>
    </Filter>
    <Filter Include="Header Files\dependencies\v8">
      <UniqueIdentifier>{d2a97047-4937-4f7a-ab2f-4485e03f0010}</UniqueIdentifier>
    </Filter>
    <Filter Include="Header Files\src">
      <UniqueIdentifier>{d2a97047-4937-4f7a-ab2f-4485e03f0011}</UniqueIdentifier>
    </Filter>
    <Filter Include="Misc Files\benchmark">
      <UniqueIdentifier>{d2a97047-4937-4f7a-ab2f-4485e03f0012}</UniqueIdentifier>
    </Filter>
    <Filter Include="Misc Files\bin">
      <UniqueIdentifier>{d2a97047-4937-4f7a-ab2f-4485e03f0013}</UniqueIdentifier>
    </Filter>
    <Filter Include="Misc Files\dependencies">
      <UniqueIdentifier>{d2a97047-4937-4f7a-ab2f-4485e03f0017}</UniqueIdentifier>
    </Filter>
    <Filter Include="Misc Files\dependencies\lmdb">
      <UniqueIdentifier>{d2a97047-4937-4f7a-ab2f-4485e03f0020}</UniqueIdentifier>
    </Filter>
    <Filter Include="Misc Files\dependencies\lmdb-data-v1">
      <UniqueIdentifier>{d2a97047-4937-4f7a-ab2f-4485e03f0016}</UniqueIdentifier>
    </Filter>
    <Filter Include="Misc Files\dependencies\lmdb-data-v1\libraries">
      <UniqueIdentifier>{d2a97047-4937-4f7a-ab2f-4485e03f0015}</UniqueIdentifier>
    </Filter>
    <Filter Include="Misc Files\dependencies\lmdb-data-v1\libraries\liblmdb">
      <UniqueIdentifier>{d2a97047-4937-4f7a-ab2f-4485e03f0014}</UniqueIdentifier>
    </Filter>
    <Filter Include="Misc Files\dependencies\lmdb\libraries">
      <UniqueIdentifier>{d2a97047-4937-4f7a-ab2f-4485e03f0019}</UniqueIdentifier>
    </Filter>
    <Filter Include="Misc Files\dependencies\lmdb\libraries\liblmdb">
      <UniqueIdentifier>{d2a97047-4937-4f7a-ab2f-4485e03f0018}</UniqueIdentifier>
    </Filter>
    <Filter Include="Misc Files\dependencies\lz4">
      <UniqueIdentifier>{d2a97047-4937-4f7a-ab2f-4485e03f0022}</UniqueIdentifier>
    </Filter>
    <Filter Include="Misc Files\dependencies\lz4\lib">
      <UniqueIdentifier>{d2a97047-4937-4f7a-ab2f-4485e03f0021}</UniqueIdentifier>
    </Filter>
    <Filter Include="Misc Files\dependencies\lz4\lib\dll">
      <UniqueIdentifier>{d2a97047-4937-4f7a-ab2f-4485e03f0024}</UniqueIdentifier>
    </Filter>
    <Filter Include="Misc Files\dependencies\lz4\lib\dll\example">
      <UniqueIdentifier>{d2a97047-4937-4f7a-ab2f-4485e03f0023}</UniqueIdentifier>
    </Filter>
    <Filter Include="Misc Files\dict">
      <UniqueIdentifier>{d2a97047-4937-4f7a-ab2f-4485e03f0025}</UniqueIdentifier>
    </Filter>
    <Filter Include="Misc Files\test">
      <UniqueIdentifier>{d2a97047-4937-4f7a-ab2f-4485e03f0026}</UniqueIdentifier>
    </Filter>
    <Filter Include="Misc Files\test\types">
      <UniqueIdentifier>{d2a97047-4937-4f7a-ab2f-4485e03f0027}</UniqueIdentifier>
    </Filter>
    <Filter Include="Misc Files\util">
      <UniqueIdentifier>{d2a97047-4937-4f7a-ab2f-4485e03f0028}</UniqueIdentifier>
    </Filter>
    <Filter Include="Resource Files">
      <UniqueIdentifier>{d2a97047-4937-4f7a-ab2f-4485e03f0029}</UniqueIdentifier>
    </Filter>
    <Filter Include="Resource Files\assets">
      <UniqueIdentifier>{d2a97047-4937-4f7a-ab2f-4485e03f0030}</UniqueIdentifier>
    </Filter>
    <Filter Include="Source Files\dependencies">
      <UniqueIdentifier>{d2a97047-4937-4f7a-ab2f-4485e03f0034}</UniqueIdentifier>
    </Filter>
    <Filter Include="Source Files\dependencies\lmdb">
      <UniqueIdentifier>{d2a97047-4937-4f7a-ab2f-4485e03f0037}</UniqueIdentifier>
    </Filter>
    <Filter Include="Source Files\dependencies\lmdb-data-v1">
      <UniqueIdentifier>{d2a97047-4937-4f7a-ab2f-4485e03f0033}</UniqueIdentifier>
    </Filter>
    <Filter Include="Source Files\dependencies\lmdb-data-v1\libraries">
      <UniqueIdentifier>{d2a97047-4937-4f7a-ab2f-4485e03f0032}</UniqueIdentifier>
    </Filter>
    <Filter Include="Source Files\dependencies\lmdb-data-v1\libraries\liblmdb">
      <UniqueIdentifier>{d2a97047-4937-4f7a-ab2f-4485e03f0031}</UniqueIdentifier>
    </Filter>
    <Filter Include="Source Files\dependencies\lmdb\libraries">
      <UniqueIdentifier>{d2a97047-4937-4f7a-ab2f-4485e03f0036}</UniqueIdentifier>
    </Filter>
    <Filter Include="Source Files\dependencies\lmdb\libraries\liblmdb">
      <UniqueIdentifier>{d2a97047-4937-4f7a-ab2f-4485e03f0035}</UniqueIdentifier>
    </Filter>
    <Filter Include="Source Files\dependencies\lz4">
      <UniqueIdentifier>{d2a97047-4937-4f7a-ab2f-4485e03f0039}</UniqueIdentifier>
    </Filter>
    <Filter Include="Source Files\dependencies\lz4\lib">
      <UniqueIdentifier>{d2a97047-4937-4f7a-ab2f-4485e03f0038}</UniqueIdentifier>
    </Filter>
    <Filter Include="Source Files\src">
      <UniqueIdentifier>{d2a97047-4937-4f7a-ab2f-4485e03f0040}</UniqueIdentifier>
    </Filter>
  </ItemGroup>
  <ItemGroup>
    <ClCompile Include="../../thirdparty/owemdjee/lmdb-store/dependencies/lmdb-data-v1/libraries/liblmdb/mdb.c">
      <Filter>Source Files\dependencies\lmdb-data-v1\libraries\liblmdb</Filter>
    </ClCompile>
    <ClCompile Include="../../thirdparty/owemdjee/lmdb-store/dependencies/lmdb-data-v1/libraries/liblmdb/mdb_copy.c">
      <Filter>Source Files\dependencies\lmdb-data-v1\libraries\liblmdb</Filter>
    </ClCompile>
    <ClCompile Include="../../thirdparty/owemdjee/lmdb-store/dependencies/lmdb-data-v1/libraries/liblmdb/mdb_dump.c">
      <Filter>Source Files\dependencies\lmdb-data-v1\libraries\liblmdb</Filter>
    </ClCompile>
    <ClCompile Include="../../thirdparty/owemdjee/lmdb-store/dependencies/lmdb-data-v1/libraries/liblmdb/mdb_load.c">
      <Filter>Source Files\dependencies\lmdb-data-v1\libraries\liblmdb</Filter>
    </ClCompile>
    <ClCompile Include="../../thirdparty/owemdjee/lmdb-store/dependencies/lmdb-data-v1/libraries/liblmdb/mdb_stat.c">
      <Filter>Source Files\dependencies\lmdb-data-v1\libraries\liblmdb</Filter>
    </ClCompile>
    <ClCompile Include="../../thirdparty/owemdjee/lmdb-store/dependencies/lmdb-data-v1/libraries/liblmdb/midl.c">
      <Filter>Source Files\dependencies\lmdb-data-v1\libraries\liblmdb</Filter>
    </ClCompile>
    <ClCompile Include="../../thirdparty/owemdjee/lmdb-store/dependencies/lmdb-data-v1/libraries/liblmdb/mtest.c">
      <Filter>Source Files\dependencies\lmdb-data-v1\libraries\liblmdb</Filter>
    </ClCompile>
    <ClCompile Include="../../thirdparty/owemdjee/lmdb-store/dependencies/lmdb-data-v1/libraries/liblmdb/mtest2.c">
      <Filter>Source Files\dependencies\lmdb-data-v1\libraries\liblmdb</Filter>
    </ClCompile>
    <ClCompile Include="../../thirdparty/owemdjee/lmdb-store/dependencies/lmdb-data-v1/libraries/liblmdb/mtest3.c">
      <Filter>Source Files\dependencies\lmdb-data-v1\libraries\liblmdb</Filter>
    </ClCompile>
    <ClCompile Include="../../thirdparty/owemdjee/lmdb-store/dependencies/lmdb-data-v1/libraries/liblmdb/mtest4.c">
      <Filter>Source Files\dependencies\lmdb-data-v1\libraries\liblmdb</Filter>
    </ClCompile>
    <ClCompile Include="../../thirdparty/owemdjee/lmdb-store/dependencies/lmdb-data-v1/libraries/liblmdb/mtest5.c">
      <Filter>Source Files\dependencies\lmdb-data-v1\libraries\liblmdb</Filter>
    </ClCompile>
    <ClCompile Include="../../thirdparty/owemdjee/lmdb-store/dependencies/lmdb-data-v1/libraries/liblmdb/mtest6.c">
      <Filter>Source Files\dependencies\lmdb-data-v1\libraries\liblmdb</Filter>
    </ClCompile>
    <ClCompile Include="../../thirdparty/owemdjee/lmdb-store/dependencies/lmdb/libraries/liblmdb/chacha8.c">
      <Filter>Source Files\dependencies\lmdb\libraries\liblmdb</Filter>
    </ClCompile>
    <ClCompile Include="../../thirdparty/owemdjee/lmdb-store/dependencies/lmdb/libraries/liblmdb/crypto.c">
      <Filter>Source Files\dependencies\lmdb\libraries\liblmdb</Filter>
    </ClCompile>
    <ClCompile Include="../../thirdparty/owemdjee/lmdb-store/dependencies/lmdb/libraries/liblmdb/mdb.c">
      <Filter>Source Files\dependencies\lmdb\libraries\liblmdb</Filter>
    </ClCompile>
    <ClCompile Include="../../thirdparty/owemdjee/lmdb-store/dependencies/lmdb/libraries/liblmdb/mdb_copy.c">
      <Filter>Source Files\dependencies\lmdb\libraries\liblmdb</Filter>
    </ClCompile>
    <ClCompile Include="../../thirdparty/owemdjee/lmdb-store/dependencies/lmdb/libraries/liblmdb/mdb_drop.c">
      <Filter>Source Files\dependencies\lmdb\libraries\liblmdb</Filter>
    </ClCompile>
    <ClCompile Include="../../thirdparty/owemdjee/lmdb-store/dependencies/lmdb/libraries/liblmdb/mdb_dump.c">
      <Filter>Source Files\dependencies\lmdb\libraries\liblmdb</Filter>
    </ClCompile>
    <ClCompile Include="../../thirdparty/owemdjee/lmdb-store/dependencies/lmdb/libraries/liblmdb/mdb_load.c">
      <Filter>Source Files\dependencies\lmdb\libraries\liblmdb</Filter>
    </ClCompile>
    <ClCompile Include="../../thirdparty/owemdjee/lmdb-store/dependencies/lmdb/libraries/liblmdb/mdb_stat.c">
      <Filter>Source Files\dependencies\lmdb\libraries\liblmdb</Filter>
    </ClCompile>
    <ClCompile Include="../../thirdparty/owemdjee/lmdb-store/dependencies/lmdb/libraries/liblmdb/midl.c">
      <Filter>Source Files\dependencies\lmdb\libraries\liblmdb</Filter>
    </ClCompile>
    <ClCompile Include="../../thirdparty/owemdjee/lmdb-store/dependencies/lmdb/libraries/liblmdb/module.c">
      <Filter>Source Files\dependencies\lmdb\libraries\liblmdb</Filter>
    </ClCompile>
    <ClCompile Include="../../thirdparty/owemdjee/lmdb-store/dependencies/lmdb/libraries/liblmdb/mtest.c">
      <Filter>Source Files\dependencies\lmdb\libraries\liblmdb</Filter>
    </ClCompile>
    <ClCompile Include="../../thirdparty/owemdjee/lmdb-store/dependencies/lmdb/libraries/liblmdb/mtest2.c">
      <Filter>Source Files\dependencies\lmdb\libraries\liblmdb</Filter>
    </ClCompile>
    <ClCompile Include="../../thirdparty/owemdjee/lmdb-store/dependencies/lmdb/libraries/liblmdb/mtest3.c">
      <Filter>Source Files\dependencies\lmdb\libraries\liblmdb</Filter>
    </ClCompile>
    <ClCompile Include="../../thirdparty/owemdjee/lmdb-store/dependencies/lmdb/libraries/liblmdb/mtest4.c">
      <Filter>Source Files\dependencies\lmdb\libraries\liblmdb</Filter>
    </ClCompile>
    <ClCompile Include="../../thirdparty/owemdjee/lmdb-store/dependencies/lmdb/libraries/liblmdb/mtest5.c">
      <Filter>Source Files\dependencies\lmdb\libraries\liblmdb</Filter>
    </ClCompile>
    <ClCompile Include="../../thirdparty/owemdjee/lmdb-store/dependencies/lmdb/libraries/liblmdb/mtest6.c">
      <Filter>Source Files\dependencies\lmdb\libraries\liblmdb</Filter>
    </ClCompile>
    <ClCompile Include="../../thirdparty/owemdjee/lmdb-store/dependencies/lmdb/libraries/liblmdb/mtest_enc.c">
      <Filter>Source Files\dependencies\lmdb\libraries\liblmdb</Filter>
    </ClCompile>
    <ClCompile Include="../../thirdparty/owemdjee/lmdb-store/dependencies/lmdb/libraries/liblmdb/mtest_enc2.c">
      <Filter>Source Files\dependencies\lmdb\libraries\liblmdb</Filter>
    </ClCompile>
    <ClCompile Include="../../thirdparty/owemdjee/lmdb-store/dependencies/lmdb/libraries/liblmdb/mtest_remap.c">
      <Filter>Source Files\dependencies\lmdb\libraries\liblmdb</Filter>
    </ClCompile>
    <ClCompile Include="../../thirdparty/owemdjee/lmdb-store/dependencies/lz4/lib/lz4.c">
      <Filter>Source Files\dependencies\lz4\lib</Filter>
    </ClCompile>
    <ClCompile Include="../../thirdparty/owemdjee/lmdb-store/dependencies/lz4/lib/lz4frame.c">
      <Filter>Source Files\dependencies\lz4\lib</Filter>
    </ClCompile>
    <ClCompile Include="../../thirdparty/owemdjee/lmdb-store/dependencies/lz4/lib/lz4hc.c">
      <Filter>Source Files\dependencies\lz4\lib</Filter>
    </ClCompile>
    <ClCompile Include="../../thirdparty/owemdjee/lmdb-store/dependencies/lz4/lib/xxhash.c">
      <Filter>Source Files\dependencies\lz4\lib</Filter>
    </ClCompile>
    <ClCompile Include="../../thirdparty/owemdjee/lmdb-store/src/compression.cpp">
      <Filter>Source Files\src</Filter>
    </ClCompile>
    <ClCompile Include="../../thirdparty/owemdjee/lmdb-store/src/cursor.cpp">
      <Filter>Source Files\src</Filter>
    </ClCompile>
    <ClCompile Include="../../thirdparty/owemdjee/lmdb-store/src/dbi.cpp">
      <Filter>Source Files\src</Filter>
    </ClCompile>
    <ClCompile Include="../../thirdparty/owemdjee/lmdb-store/src/env.cpp">
      <Filter>Source Files\src</Filter>
    </ClCompile>
    <ClCompile Include="../../thirdparty/owemdjee/lmdb-store/src/lmdb-js.cpp">
      <Filter>Source Files\src</Filter>
    </ClCompile>
    <ClCompile Include="../../thirdparty/owemdjee/lmdb-store/src/misc.cpp">
      <Filter>Source Files\src</Filter>
    </ClCompile>
    <ClCompile Include="../../thirdparty/owemdjee/lmdb-store/src/ordered-binary.cpp">
      <Filter>Source Files\src</Filter>
    </ClCompile>
    <ClCompile Include="../../thirdparty/owemdjee/lmdb-store/src/txn.cpp">
      <Filter>Source Files\src</Filter>
    </ClCompile>
    <ClCompile Include="../../thirdparty/owemdjee/lmdb-store/src/v8-functions.cpp">
      <Filter>Source Files\src</Filter>
    </ClCompile>
    <ClCompile Include="../../thirdparty/owemdjee/lmdb-store/src/windows.c">
      <Filter>Source Files\src</Filter>
    </ClCompile>
    <ClCompile Include="../../thirdparty/owemdjee/lmdb-store/src/writer.cpp">
      <Filter>Source Files\src</Filter>
    </ClCompile>
    <ClInclude Include="../../thirdparty/owemdjee/lmdb-store/dependencies/lmdb-data-v1/libraries/liblmdb/lmdb.h">
      <Filter>Header Files\dependencies\lmdb-data-v1\libraries\liblmdb</Filter>
    </ClInclude>
    <ClInclude Include="../../thirdparty/owemdjee/lmdb-store/dependencies/lmdb-data-v1/libraries/liblmdb/midl.h">
      <Filter>Header Files\dependencies\lmdb-data-v1\libraries\liblmdb</Filter>
    </ClInclude>
    <ClInclude Include="../../thirdparty/owemdjee/lmdb-store/dependencies/lmdb/libraries/liblmdb/chacha8.h">
      <Filter>Header Files\dependencies\lmdb\libraries\liblmdb</Filter>
    </ClInclude>
    <ClInclude Include="../../thirdparty/owemdjee/lmdb-store/dependencies/lmdb/libraries/liblmdb/lmdb.h">
      <Filter>Header Files\dependencies\lmdb\libraries\liblmdb</Filter>
    </ClInclude>
    <ClInclude Include="../../thirdparty/owemdjee/lmdb-store/dependencies/lmdb/libraries/liblmdb/midl.h">
      <Filter>Header Files\dependencies\lmdb\libraries\liblmdb</Filter>
    </ClInclude>
    <ClInclude Include="../../thirdparty/owemdjee/lmdb-store/dependencies/lmdb/libraries/liblmdb/module.h">
      <Filter>Header Files\dependencies\lmdb\libraries\liblmdb</Filter>
    </ClInclude>
    <ClInclude Include="../../thirdparty/owemdjee/lmdb-store/dependencies/lz4/lib/lz4.h">
      <Filter>Header Files\dependencies\lz4\lib</Filter>
    </ClInclude>
    <ClInclude Include="../../thirdparty/owemdjee/lmdb-store/dependencies/lz4/lib/lz4frame.h">
      <Filter>Header Files\dependencies\lz4\lib</Filter>
    </ClInclude>
    <ClInclude Include="../../thirdparty/owemdjee/lmdb-store/dependencies/lz4/lib/lz4frame_static.h">
      <Filter>Header Files\dependencies\lz4\lib</Filter>
    </ClInclude>
    <ClInclude Include="../../thirdparty/owemdjee/lmdb-store/dependencies/lz4/lib/lz4hc.h">
      <Filter>Header Files\dependencies\lz4\lib</Filter>
    </ClInclude>
    <ClInclude Include="../../thirdparty/owemdjee/lmdb-store/dependencies/lz4/lib/xxhash.h">
      <Filter>Header Files\dependencies\lz4\lib</Filter>
    </ClInclude>
    <ClInclude Include="../../thirdparty/owemdjee/lmdb-store/dependencies/v8/v8-fast-api-calls-v16.h">
      <Filter>Header Files\dependencies\v8</Filter>
    </ClInclude>
    <ClInclude Include="../../thirdparty/owemdjee/lmdb-store/dependencies/v8/v8-fast-api-calls.h">
      <Filter>Header Files\dependencies\v8</Filter>
    </ClInclude>
    <ClInclude Include="../../thirdparty/owemdjee/lmdb-store/src/lmdb-js.h">
      <Filter>Header Files\src</Filter>
    </ClInclude>
    <Image Include="../../thirdparty/owemdjee/lmdb-store/assets/gatsby.png">
      <Filter>Resource Files\assets</Filter>
    </Image>
    <Image Include="../../thirdparty/owemdjee/lmdb-store/assets/harperdb.png">
      <Filter>Resource Files\assets</Filter>
    </Image>
    <Image Include="../../thirdparty/owemdjee/lmdb-store/assets/performance.png">
      <Filter>Resource Files\assets</Filter>
    </Image>
    <Image Include="../../thirdparty/owemdjee/lmdb-store/assets/powers-dre.png">
      <Filter>Resource Files\assets</Filter>
    </Image>
    <Text Include="../../thirdparty/owemdjee/lmdb-store/README.md">
      <Filter>Misc Files</Filter>
    </Text>
    <Text Include="../../thirdparty/owemdjee/lmdb-store/SECURITY.md">
      <Filter>Misc Files</Filter>
    </Text>
    <Text Include="../../thirdparty/owemdjee/lmdb-store/benchmark/index.js">
      <Filter>Misc Files\benchmark</Filter>
    </Text>
    <Text Include="../../thirdparty/owemdjee/lmdb-store/benchmark/low-level.js">
      <Filter>Misc Files\benchmark</Filter>
    </Text>
    <Text Include="../../thirdparty/owemdjee/lmdb-store/benchmark/read-async.js">
      <Filter>Misc Files\benchmark</Filter>
    </Text>
    <Text Include="../../thirdparty/owemdjee/lmdb-store/bin/download-prebuilds.js">
      <Filter>Misc Files\bin</Filter>
    </Text>
    <Text Include="../../thirdparty/owemdjee/lmdb-store/caching.js">
      <Filter>Misc Files</Filter>
    </Text>
    <Text Include="../../thirdparty/owemdjee/lmdb-store/dependencies/lmdb-data-v1/libraries/liblmdb/CHANGES">
      <Filter>Misc Files\dependencies\lmdb-data-v1\libraries\liblmdb</Filter>
    </Text>
    <Text Include="../../thirdparty/owemdjee/lmdb-store/dependencies/lmdb-data-v1/libraries/liblmdb/sample-bdb.txt">
      <Filter>Misc Files\dependencies\lmdb-data-v1\libraries\liblmdb</Filter>
    </Text>
    <Text Include="../../thirdparty/owemdjee/lmdb-store/dependencies/lmdb-data-v1/libraries/liblmdb/sample-mdb.txt">
      <Filter>Misc Files\dependencies\lmdb-data-v1\libraries\liblmdb</Filter>
    </Text>
    <Text Include="../../thirdparty/owemdjee/lmdb-store/dependencies/lmdb/libraries/liblmdb/sample-bdb.txt">
      <Filter>Misc Files\dependencies\lmdb\libraries\liblmdb</Filter>
    </Text>
    <Text Include="../../thirdparty/owemdjee/lmdb-store/dependencies/lmdb/libraries/liblmdb/sample-mdb.txt">
      <Filter>Misc Files\dependencies\lmdb\libraries\liblmdb</Filter>
    </Text>
    <Text Include="../../thirdparty/owemdjee/lmdb-store/dependencies/lz4/lib/README.md">
      <Filter>Misc Files\dependencies\lz4\lib</Filter>
    </Text>
    <Text Include="../../thirdparty/owemdjee/lmdb-store/dependencies/lz4/lib/dll/example/README.md">
      <Filter>Misc Files\dependencies\lz4\lib\dll\example</Filter>
    </Text>
    <Text Include="../../thirdparty/owemdjee/lmdb-store/dependencies/lz4/lib/liblz4-dll.rc.in">
      <Filter>Misc Files\dependencies\lz4\lib</Filter>
    </Text>
    <Text Include="../../thirdparty/owemdjee/lmdb-store/dependencies/lz4/lib/liblz4.pc.in">
      <Filter>Misc Files\dependencies\lz4\lib</Filter>
    </Text>
    <Text Include="../../thirdparty/owemdjee/lmdb-store/dict/dict.txt">
      <Filter>Misc Files\dict</Filter>
    </Text>
    <Text Include="../../thirdparty/owemdjee/lmdb-store/dict/dict2.txt">
      <Filter>Misc Files\dict</Filter>
    </Text>
    <Text Include="../../thirdparty/owemdjee/lmdb-store/index.d.ts">
      <Filter>Misc Files</Filter>
    </Text>
    <Text Include="../../thirdparty/owemdjee/lmdb-store/index.js">
      <Filter>Misc Files</Filter>
    </Text>
    <Text Include="../../thirdparty/owemdjee/lmdb-store/keys.js">
      <Filter>Misc Files</Filter>
    </Text>
    <Text Include="../../thirdparty/owemdjee/lmdb-store/level.js">
      <Filter>Misc Files</Filter>
    </Text>
    <Text Include="../../thirdparty/owemdjee/lmdb-store/native.js">
      <Filter>Misc Files</Filter>
    </Text>
    <Text Include="../../thirdparty/owemdjee/lmdb-store/node-index.js">
      <Filter>Misc Files</Filter>
    </Text>
    <Text Include="../../thirdparty/owemdjee/lmdb-store/open.js">
      <Filter>Misc Files</Filter>
    </Text>
    <Text Include="../../thirdparty/owemdjee/lmdb-store/package.json">
      <Filter>Misc Files</Filter>
    </Text>
    <Text Include="../../thirdparty/owemdjee/lmdb-store/read.js">
      <Filter>Misc Files</Filter>
    </Text>
    <Text Include="../../thirdparty/owemdjee/lmdb-store/rollup.config.js">
      <Filter>Misc Files</Filter>
    </Text>
    <Text Include="../../thirdparty/owemdjee/lmdb-store/test/bun.js">
      <Filter>Misc Files\test</Filter>
    </Text>
    <Text Include="../../thirdparty/owemdjee/lmdb-store/test/check-commit.js">
      <Filter>Misc Files\test</Filter>
    </Text>
    <Text Include="../../thirdparty/owemdjee/lmdb-store/test/cluster.js">
      <Filter>Misc Files\test</Filter>
    </Text>
    <Text Include="../../thirdparty/owemdjee/lmdb-store/test/deno.sh">
      <Filter>Misc Files\test</Filter>
    </Text>
    <Text Include="../../thirdparty/owemdjee/lmdb-store/test/deno.ts">
      <Filter>Misc Files\test</Filter>
    </Text>
    <Text Include="../../thirdparty/owemdjee/lmdb-store/test/index.test.js">
      <Filter>Misc Files\test</Filter>
    </Text>
    <Text Include="../../thirdparty/owemdjee/lmdb-store/test/performance.js">
      <Filter>Misc Files\test</Filter>
    </Text>
    <Text Include="../../thirdparty/owemdjee/lmdb-store/test/types/index.test-d.ts">
      <Filter>Misc Files\test\types</Filter>
    </Text>
    <Text Include="../../thirdparty/owemdjee/lmdb-store/util/RangeIterable.js">
      <Filter>Misc Files\util</Filter>
    </Text>
    <Text Include="../../thirdparty/owemdjee/lmdb-store/util/when.js">
      <Filter>Misc Files\util</Filter>
    </Text>
    <Text Include="../../thirdparty/owemdjee/lmdb-store/write.js">
      <Filter>Misc Files</Filter>
    </Text>
  </ItemGroup>
</Project>
    