<?xml version="1.0" encoding="utf-8"?>
<Project ToolsVersion="4.0" xmlns="http://schemas.microsoft.com/developer/msbuild/2003">
  <ItemGroup>
    <Filter Include="Source Files">
      <UniqueIdentifier>{d2a97047-4937-4f7a-ab2f-4485e03fd328}</UniqueIdentifier>
    </Filter>
    <Filter Include="Header Files">
      <UniqueIdentifier>{42f0fc98-34f6-4567-b3cf-de13e74a89ab}</UniqueIdentifier>
    </Filter>
    <Filter Include="Misc Files">
      <UniqueIdentifier>{b1798409-2031-413d-9df7-70b0202ddd98}</UniqueIdentifier>
    </Filter>
  </ItemGroup>
  <ItemGroup>
    <Filter Include="Header Files\java">
      <UniqueIdentifier>{d2a97047-4937-4f7a-ab2f-4485e03f0001}</UniqueIdentifier>
    </Filter>
    <Filter Include="Header Files\md5">
      <UniqueIdentifier>{d2a97047-4937-4f7a-ab2f-4485e03f0002}</UniqueIdentifier>
    </Filter>
    <Filter Include="Header Files\simd">
      <UniqueIdentifier>{d2a97047-4937-4f7a-ab2f-4485e03f0003}</UniqueIdentifier>
    </Filter>
    <Filter Include="Header Files\simd\arm">
      <UniqueIdentifier>{d2a97047-4937-4f7a-ab2f-4485e03f0004}</UniqueIdentifier>
    </Filter>
    <Filter Include="Header Files\simd\mips">
      <UniqueIdentifier>{d2a97047-4937-4f7a-ab2f-4485e03f0005}</UniqueIdentifier>
    </Filter>
    <Filter Include="Header Files\simd\mips64">
      <UniqueIdentifier>{d2a97047-4937-4f7a-ab2f-4485e03f0006}</UniqueIdentifier>
    </Filter>
    <Filter Include="Header Files\simd\nasm">
      <UniqueIdentifier>{d2a97047-4937-4f7a-ab2f-4485e03f0007}</UniqueIdentifier>
    </Filter>
    <Filter Include="Header Files\simd\powerpc">
      <UniqueIdentifier>{d2a97047-4937-4f7a-ab2f-4485e03f0008}</UniqueIdentifier>
    </Filter>
    <Filter Include="Header Files\testimages">
      <UniqueIdentifier>{d2a97047-4937-4f7a-ab2f-4485e03f0009}</UniqueIdentifier>
    </Filter>
    <Filter Include="Misc Files\cmakescripts">
      <UniqueIdentifier>{d2a97047-4937-4f7a-ab2f-4485e03f0010}</UniqueIdentifier>
    </Filter>
    <Filter Include="Misc Files\doc">
      <UniqueIdentifier>{d2a97047-4937-4f7a-ab2f-4485e03f0012}</UniqueIdentifier>
    </Filter>
    <Filter Include="Misc Files\doc\html">
      <UniqueIdentifier>{d2a97047-4937-4f7a-ab2f-4485e03f0011}</UniqueIdentifier>
    </Filter>
    <Filter Include="Misc Files\doc\html\search">
      <UniqueIdentifier>{d2a97047-4937-4f7a-ab2f-4485e03f0013}</UniqueIdentifier>
    </Filter>
    <Filter Include="Misc Files\java">
      <UniqueIdentifier>{d2a97047-4937-4f7a-ab2f-4485e03f0014}</UniqueIdentifier>
    </Filter>
    <Filter Include="Misc Files\java\doc">
      <UniqueIdentifier>{d2a97047-4937-4f7a-ab2f-4485e03f0015}</UniqueIdentifier>
    </Filter>
    <Filter Include="Misc Files\java\doc\org">
      <UniqueIdentifier>{d2a97047-4937-4f7a-ab2f-4485e03f0018}</UniqueIdentifier>
    </Filter>
    <Filter Include="Misc Files\java\doc\org\libjpegturbo">
      <UniqueIdentifier>{d2a97047-4937-4f7a-ab2f-4485e03f0017}</UniqueIdentifier>
    </Filter>
    <Filter Include="Misc Files\java\doc\org\libjpegturbo\turbojpeg">
      <UniqueIdentifier>{d2a97047-4937-4f7a-ab2f-4485e03f0016}</UniqueIdentifier>
    </Filter>
    <Filter Include="Misc Files\java\org">
      <UniqueIdentifier>{d2a97047-4937-4f7a-ab2f-4485e03f0021}</UniqueIdentifier>
    </Filter>
    <Filter Include="Misc Files\java\org\libjpegturbo">
      <UniqueIdentifier>{d2a97047-4937-4f7a-ab2f-4485e03f0020}</UniqueIdentifier>
    </Filter>
    <Filter Include="Misc Files\java\org\libjpegturbo\turbojpeg">
      <UniqueIdentifier>{d2a97047-4937-4f7a-ab2f-4485e03f0019}</UniqueIdentifier>
    </Filter>
    <Filter Include="Misc Files\md5">
      <UniqueIdentifier>{d2a97047-4937-4f7a-ab2f-4485e03f0022}</UniqueIdentifier>
    </Filter>
    <Filter Include="Misc Files\release">
      <UniqueIdentifier>{d2a97047-4937-4f7a-ab2f-4485e03f0023}</UniqueIdentifier>
    </Filter>
    <Filter Include="Misc Files\sharedlib">
      <UniqueIdentifier>{d2a97047-4937-4f7a-ab2f-4485e03f0024}</UniqueIdentifier>
    </Filter>
    <Filter Include="Misc Files\simd">
      <UniqueIdentifier>{d2a97047-4937-4f7a-ab2f-4485e03f0025}</UniqueIdentifier>
    </Filter>
    <Filter Include="Misc Files\simd\arm">
      <UniqueIdentifier>{d2a97047-4937-4f7a-ab2f-4485e03f0026}</UniqueIdentifier>
    </Filter>
    <Filter Include="Misc Files\simd\arm\aarch32">
      <UniqueIdentifier>{d2a97047-4937-4f7a-ab2f-4485e03f0027}</UniqueIdentifier>
    </Filter>
    <Filter Include="Misc Files\simd\arm\aarch64">
      <UniqueIdentifier>{d2a97047-4937-4f7a-ab2f-4485e03f0028}</UniqueIdentifier>
    </Filter>
    <Filter Include="Misc Files\simd\mips">
      <UniqueIdentifier>{d2a97047-4937-4f7a-ab2f-4485e03f0029}</UniqueIdentifier>
    </Filter>
    <Filter Include="Misc Files\testimages">
      <UniqueIdentifier>{d2a97047-4937-4f7a-ab2f-4485e03f0030}</UniqueIdentifier>
    </Filter>
    <Filter Include="Misc Files\win">
      <UniqueIdentifier>{d2a97047-4937-4f7a-ab2f-4485e03f0031}</UniqueIdentifier>
    </Filter>
    <Filter Include="Misc Files\win\gcc">
      <UniqueIdentifier>{d2a97047-4937-4f7a-ab2f-4485e03f0032}</UniqueIdentifier>
    </Filter>
    <Filter Include="Misc Files\win\vc">
      <UniqueIdentifier>{d2a97047-4937-4f7a-ab2f-4485e03f0033}</UniqueIdentifier>
    </Filter>
    <Filter Include="Resource Files">
      <UniqueIdentifier>{d2a97047-4937-4f7a-ab2f-4485e03f0034}</UniqueIdentifier>
    </Filter>
    <Filter Include="Resource Files\doc">
      <UniqueIdentifier>{d2a97047-4937-4f7a-ab2f-4485e03f0036}</UniqueIdentifier>
    </Filter>
    <Filter Include="Resource Files\doc\html">
      <UniqueIdentifier>{d2a97047-4937-4f7a-ab2f-4485e03f0035}</UniqueIdentifier>
    </Filter>
    <Filter Include="Resource Files\doc\html\search">
      <UniqueIdentifier>{d2a97047-4937-4f7a-ab2f-4485e03f0037}</UniqueIdentifier>
    </Filter>
    <Filter Include="Resource Files\java">
      <UniqueIdentifier>{d2a97047-4937-4f7a-ab2f-4485e03f0040}</UniqueIdentifier>
    </Filter>
    <Filter Include="Resource Files\java\doc">
      <UniqueIdentifier>{d2a97047-4937-4f7a-ab2f-4485e03f0039}</UniqueIdentifier>
    </Filter>
    <Filter Include="Resource Files\java\doc\resources">
      <UniqueIdentifier>{d2a97047-4937-4f7a-ab2f-4485e03f0038}</UniqueIdentifier>
    </Filter>
    <Filter Include="Resource Files\testimages">
      <UniqueIdentifier>{d2a97047-4937-4f7a-ab2f-4485e03f0041}</UniqueIdentifier>
    </Filter>
    <Filter Include="Source Files\md5">
      <UniqueIdentifier>{d2a97047-4937-4f7a-ab2f-4485e03f0042}</UniqueIdentifier>
    </Filter>
    <Filter Include="Source Files\simd">
      <UniqueIdentifier>{d2a97047-4937-4f7a-ab2f-4485e03f0044}</UniqueIdentifier>
    </Filter>
    <Filter Include="Source Files\simd\arm">
      <UniqueIdentifier>{d2a97047-4937-4f7a-ab2f-4485e03f0043}</UniqueIdentifier>
    </Filter>
    <Filter Include="Source Files\simd\arm\aarch32">
      <UniqueIdentifier>{d2a97047-4937-4f7a-ab2f-4485e03f0045}</UniqueIdentifier>
    </Filter>
    <Filter Include="Source Files\simd\arm\aarch64">
      <UniqueIdentifier>{d2a97047-4937-4f7a-ab2f-4485e03f0046}</UniqueIdentifier>
    </Filter>
    <Filter Include="Source Files\simd\i386">
      <UniqueIdentifier>{d2a97047-4937-4f7a-ab2f-4485e03f0047}</UniqueIdentifier>
    </Filter>
    <Filter Include="Source Files\simd\mips">
      <UniqueIdentifier>{d2a97047-4937-4f7a-ab2f-4485e03f0048}</UniqueIdentifier>
    </Filter>
    <Filter Include="Source Files\simd\mips64">
      <UniqueIdentifier>{d2a97047-4937-4f7a-ab2f-4485e03f0049}</UniqueIdentifier>
    </Filter>
    <Filter Include="Source Files\simd\powerpc">
      <UniqueIdentifier>{d2a97047-4937-4f7a-ab2f-4485e03f0050}</UniqueIdentifier>
    </Filter>
    <Filter Include="Source Files\simd\x86_64">
      <UniqueIdentifier>{d2a97047-4937-4f7a-ab2f-4485e03f0051}</UniqueIdentifier>
    </Filter>
  </ItemGroup>
  <ItemGroup>
    <ClCompile Include="../../thirdparty/owemdjee/mozjpeg/cdjpeg.c">
      <Filter>Source Files</Filter>
    </ClCompile>
    <ClCompile Include="../../thirdparty/owemdjee/mozjpeg/cjpeg.c">
      <Filter>Source Files</Filter>
    </ClCompile>
    <ClCompile Include="../../thirdparty/owemdjee/mozjpeg/djpeg.c">
      <Filter>Source Files</Filter>
    </ClCompile>
    <ClCompile Include="../../thirdparty/owemdjee/mozjpeg/jaricom.c">
      <Filter>Source Files</Filter>
    </ClCompile>
    <ClCompile Include="../../thirdparty/owemdjee/mozjpeg/jcapimin.c">
      <Filter>Source Files</Filter>
    </ClCompile>
    <ClCompile Include="../../thirdparty/owemdjee/mozjpeg/jcapistd.c">
      <Filter>Source Files</Filter>
    </ClCompile>
    <ClCompile Include="../../thirdparty/owemdjee/mozjpeg/jcarith.c">
      <Filter>Source Files</Filter>
    </ClCompile>
    <ClCompile Include="../../thirdparty/owemdjee/mozjpeg/jccoefct.c">
      <Filter>Source Files</Filter>
    </ClCompile>
    <ClCompile Include="../../thirdparty/owemdjee/mozjpeg/jccolext.c">
      <Filter>Source Files</Filter>
    </ClCompile>
    <ClCompile Include="../../thirdparty/owemdjee/mozjpeg/jccolor.c">
      <Filter>Source Files</Filter>
    </ClCompile>
    <ClCompile Include="../../thirdparty/owemdjee/mozjpeg/jcdctmgr.c">
      <Filter>Source Files</Filter>
    </ClCompile>
    <ClCompile Include="../../thirdparty/owemdjee/mozjpeg/jcext.c">
      <Filter>Source Files</Filter>
    </ClCompile>
    <ClCompile Include="../../thirdparty/owemdjee/mozjpeg/jchuff.c">
      <Filter>Source Files</Filter>
    </ClCompile>
    <ClCompile Include="../../thirdparty/owemdjee/mozjpeg/jcicc.c">
      <Filter>Source Files</Filter>
    </ClCompile>
    <ClCompile Include="../../thirdparty/owemdjee/mozjpeg/jcinit.c">
      <Filter>Source Files</Filter>
    </ClCompile>
    <ClCompile Include="../../thirdparty/owemdjee/mozjpeg/jcmainct.c">
      <Filter>Source Files</Filter>
    </ClCompile>
    <ClCompile Include="../../thirdparty/owemdjee/mozjpeg/jcmarker.c">
      <Filter>Source Files</Filter>
    </ClCompile>
    <ClCompile Include="../../thirdparty/owemdjee/mozjpeg/jcmaster.c">
      <Filter>Source Files</Filter>
    </ClCompile>
    <ClCompile Include="../../thirdparty/owemdjee/mozjpeg/jcomapi.c">
      <Filter>Source Files</Filter>
    </ClCompile>
    <ClCompile Include="../../thirdparty/owemdjee/mozjpeg/jcparam.c">
      <Filter>Source Files</Filter>
    </ClCompile>
    <ClCompile Include="../../thirdparty/owemdjee/mozjpeg/jcphuff.c">
      <Filter>Source Files</Filter>
    </ClCompile>
    <ClCompile Include="../../thirdparty/owemdjee/mozjpeg/jcprepct.c">
      <Filter>Source Files</Filter>
    </ClCompile>
    <ClCompile Include="../../thirdparty/owemdjee/mozjpeg/jcsample.c">
      <Filter>Source Files</Filter>
    </ClCompile>
    <ClCompile Include="../../thirdparty/owemdjee/mozjpeg/jcstest.c">
      <Filter>Source Files</Filter>
    </ClCompile>
    <ClCompile Include="../../thirdparty/owemdjee/mozjpeg/jctrans.c">
      <Filter>Source Files</Filter>
    </ClCompile>
    <ClCompile Include="../../thirdparty/owemdjee/mozjpeg/jdapimin.c">
      <Filter>Source Files</Filter>
    </ClCompile>
    <ClCompile Include="../../thirdparty/owemdjee/mozjpeg/jdapistd.c">
      <Filter>Source Files</Filter>
    </ClCompile>
    <ClCompile Include="../../thirdparty/owemdjee/mozjpeg/jdarith.c">
      <Filter>Source Files</Filter>
    </ClCompile>
    <ClCompile Include="../../thirdparty/owemdjee/mozjpeg/jdatadst-tj.c">
      <Filter>Source Files</Filter>
    </ClCompile>
    <ClCompile Include="../../thirdparty/owemdjee/mozjpeg/jdatadst.c">
      <Filter>Source Files</Filter>
    </ClCompile>
    <ClCompile Include="../../thirdparty/owemdjee/mozjpeg/jdatasrc-tj.c">
      <Filter>Source Files</Filter>
    </ClCompile>
    <ClCompile Include="../../thirdparty/owemdjee/mozjpeg/jdatasrc.c">
      <Filter>Source Files</Filter>
    </ClCompile>
    <ClCompile Include="../../thirdparty/owemdjee/mozjpeg/jdcoefct.c">
      <Filter>Source Files</Filter>
    </ClCompile>
    <ClCompile Include="../../thirdparty/owemdjee/mozjpeg/jdcol565.c">
      <Filter>Source Files</Filter>
    </ClCompile>
    <ClCompile Include="../../thirdparty/owemdjee/mozjpeg/jdcolext.c">
      <Filter>Source Files</Filter>
    </ClCompile>
    <ClCompile Include="../../thirdparty/owemdjee/mozjpeg/jdcolor.c">
      <Filter>Source Files</Filter>
    </ClCompile>
    <ClCompile Include="../../thirdparty/owemdjee/mozjpeg/jddctmgr.c">
      <Filter>Source Files</Filter>
    </ClCompile>
    <ClCompile Include="../../thirdparty/owemdjee/mozjpeg/jdhuff.c">
      <Filter>Source Files</Filter>
    </ClCompile>
    <ClCompile Include="../../thirdparty/owemdjee/mozjpeg/jdicc.c">
      <Filter>Source Files</Filter>
    </ClCompile>
    <ClCompile Include="../../thirdparty/owemdjee/mozjpeg/jdinput.c">
      <Filter>Source Files</Filter>
    </ClCompile>
    <ClCompile Include="../../thirdparty/owemdjee/mozjpeg/jdmainct.c">
      <Filter>Source Files</Filter>
    </ClCompile>
    <ClCompile Include="../../thirdparty/owemdjee/mozjpeg/jdmarker.c">
      <Filter>Source Files</Filter>
    </ClCompile>
    <ClCompile Include="../../thirdparty/owemdjee/mozjpeg/jdmaster.c">
      <Filter>Source Files</Filter>
    </ClCompile>
    <ClCompile Include="../../thirdparty/owemdjee/mozjpeg/jdmerge.c">
      <Filter>Source Files</Filter>
    </ClCompile>
    <ClCompile Include="../../thirdparty/owemdjee/mozjpeg/jdmrg565.c">
      <Filter>Source Files</Filter>
    </ClCompile>
    <ClCompile Include="../../thirdparty/owemdjee/mozjpeg/jdmrgext.c">
      <Filter>Source Files</Filter>
    </ClCompile>
    <ClCompile Include="../../thirdparty/owemdjee/mozjpeg/jdphuff.c">
      <Filter>Source Files</Filter>
    </ClCompile>
    <ClCompile Include="../../thirdparty/owemdjee/mozjpeg/jdpostct.c">
      <Filter>Source Files</Filter>
    </ClCompile>
    <ClCompile Include="../../thirdparty/owemdjee/mozjpeg/jdsample.c">
      <Filter>Source Files</Filter>
    </ClCompile>
    <ClCompile Include="../../thirdparty/owemdjee/mozjpeg/jdtrans.c">
      <Filter>Source Files</Filter>
    </ClCompile>
    <ClCompile Include="../../thirdparty/owemdjee/mozjpeg/jerror.c">
      <Filter>Source Files</Filter>
    </ClCompile>
    <ClCompile Include="../../thirdparty/owemdjee/mozjpeg/jfdctflt.c">
      <Filter>Source Files</Filter>
    </ClCompile>
    <ClCompile Include="../../thirdparty/owemdjee/mozjpeg/jfdctfst.c">
      <Filter>Source Files</Filter>
    </ClCompile>
    <ClCompile Include="../../thirdparty/owemdjee/mozjpeg/jfdctint.c">
      <Filter>Source Files</Filter>
    </ClCompile>
    <ClCompile Include="../../thirdparty/owemdjee/mozjpeg/jidctflt.c">
      <Filter>Source Files</Filter>
    </ClCompile>
    <ClCompile Include="../../thirdparty/owemdjee/mozjpeg/jidctfst.c">
      <Filter>Source Files</Filter>
    </ClCompile>
    <ClCompile Include="../../thirdparty/owemdjee/mozjpeg/jidctint.c">
      <Filter>Source Files</Filter>
    </ClCompile>
    <ClCompile Include="../../thirdparty/owemdjee/mozjpeg/jidctred.c">
      <Filter>Source Files</Filter>
    </ClCompile>
    <ClCompile Include="../../thirdparty/owemdjee/mozjpeg/jmemmgr.c">
      <Filter>Source Files</Filter>
    </ClCompile>
    <ClCompile Include="../../thirdparty/owemdjee/mozjpeg/jmemnobs.c">
      <Filter>Source Files</Filter>
    </ClCompile>
    <ClCompile Include="../../thirdparty/owemdjee/mozjpeg/jpegtran.c">
      <Filter>Source Files</Filter>
    </ClCompile>
    <ClCompile Include="../../thirdparty/owemdjee/mozjpeg/jpegyuv.c">
      <Filter>Source Files</Filter>
    </ClCompile>
    <ClCompile Include="../../thirdparty/owemdjee/mozjpeg/jquant1.c">
      <Filter>Source Files</Filter>
    </ClCompile>
    <ClCompile Include="../../thirdparty/owemdjee/mozjpeg/jquant2.c">
      <Filter>Source Files</Filter>
    </ClCompile>
    <ClCompile Include="../../thirdparty/owemdjee/mozjpeg/jsimd_none.c">
      <Filter>Source Files</Filter>
    </ClCompile>
    <ClCompile Include="../../thirdparty/owemdjee/mozjpeg/jstdhuff.c">
      <Filter>Source Files</Filter>
    </ClCompile>
    <ClCompile Include="../../thirdparty/owemdjee/mozjpeg/jutils.c">
      <Filter>Source Files</Filter>
    </ClCompile>
    <ClCompile Include="../../thirdparty/owemdjee/mozjpeg/md5/md5.c">
      <Filter>Source Files\md5</Filter>
    </ClCompile>
    <ClCompile Include="../../thirdparty/owemdjee/mozjpeg/md5/md5cmp.c">
      <Filter>Source Files\md5</Filter>
    </ClCompile>
    <ClCompile Include="../../thirdparty/owemdjee/mozjpeg/md5/md5hl.c">
      <Filter>Source Files\md5</Filter>
    </ClCompile>
    <ClCompile Include="../../thirdparty/owemdjee/mozjpeg/rdbmp.c">
      <Filter>Source Files</Filter>
    </ClCompile>
    <ClCompile Include="../../thirdparty/owemdjee/mozjpeg/rdcolmap.c">
      <Filter>Source Files</Filter>
    </ClCompile>
    <ClCompile Include="../../thirdparty/owemdjee/mozjpeg/rdgif.c">
      <Filter>Source Files</Filter>
    </ClCompile>
    <ClCompile Include="../../thirdparty/owemdjee/mozjpeg/rdjpeg.c">
      <Filter>Source Files</Filter>
    </ClCompile>
    <ClCompile Include="../../thirdparty/owemdjee/mozjpeg/rdjpgcom.c">
      <Filter>Source Files</Filter>
    </ClCompile>
    <ClCompile Include="../../thirdparty/owemdjee/mozjpeg/rdpng.c">
      <Filter>Source Files</Filter>
    </ClCompile>
    <ClCompile Include="../../thirdparty/owemdjee/mozjpeg/rdppm.c">
      <Filter>Source Files</Filter>
    </ClCompile>
    <ClCompile Include="../../thirdparty/owemdjee/mozjpeg/rdswitch.c">
      <Filter>Source Files</Filter>
    </ClCompile>
    <ClCompile Include="../../thirdparty/owemdjee/mozjpeg/rdtarga.c">
      <Filter>Source Files</Filter>
    </ClCompile>
    <ClCompile Include="../../thirdparty/owemdjee/mozjpeg/simd/arm/aarch32/jccolext-neon.c">
      <Filter>Source Files\simd\arm\aarch32</Filter>
    </ClCompile>
    <ClCompile Include="../../thirdparty/owemdjee/mozjpeg/simd/arm/aarch32/jchuff-neon.c">
      <Filter>Source Files\simd\arm\aarch32</Filter>
    </ClCompile>
    <ClCompile Include="../../thirdparty/owemdjee/mozjpeg/simd/arm/aarch32/jsimd.c">
      <Filter>Source Files\simd\arm\aarch32</Filter>
    </ClCompile>
    <ClCompile Include="../../thirdparty/owemdjee/mozjpeg/simd/arm/aarch64/jccolext-neon.c">
      <Filter>Source Files\simd\arm\aarch64</Filter>
    </ClCompile>
    <ClCompile Include="../../thirdparty/owemdjee/mozjpeg/simd/arm/aarch64/jchuff-neon.c">
      <Filter>Source Files\simd\arm\aarch64</Filter>
    </ClCompile>
    <ClCompile Include="../../thirdparty/owemdjee/mozjpeg/simd/arm/aarch64/jsimd.c">
      <Filter>Source Files\simd\arm\aarch64</Filter>
    </ClCompile>
    <ClCompile Include="../../thirdparty/owemdjee/mozjpeg/simd/arm/jccolor-neon.c">
      <Filter>Source Files\simd\arm</Filter>
    </ClCompile>
    <ClCompile Include="../../thirdparty/owemdjee/mozjpeg/simd/arm/jcgray-neon.c">
      <Filter>Source Files\simd\arm</Filter>
    </ClCompile>
    <ClCompile Include="../../thirdparty/owemdjee/mozjpeg/simd/arm/jcgryext-neon.c">
      <Filter>Source Files\simd\arm</Filter>
    </ClCompile>
    <ClCompile Include="../../thirdparty/owemdjee/mozjpeg/simd/arm/jcphuff-neon.c">
      <Filter>Source Files\simd\arm</Filter>
    </ClCompile>
    <ClCompile Include="../../thirdparty/owemdjee/mozjpeg/simd/arm/jcsample-neon.c">
      <Filter>Source Files\simd\arm</Filter>
    </ClCompile>
    <ClCompile Include="../../thirdparty/owemdjee/mozjpeg/simd/arm/jdcolext-neon.c">
      <Filter>Source Files\simd\arm</Filter>
    </ClCompile>
    <ClCompile Include="../../thirdparty/owemdjee/mozjpeg/simd/arm/jdcolor-neon.c">
      <Filter>Source Files\simd\arm</Filter>
    </ClCompile>
    <ClCompile Include="../../thirdparty/owemdjee/mozjpeg/simd/arm/jdmerge-neon.c">
      <Filter>Source Files\simd\arm</Filter>
    </ClCompile>
    <ClCompile Include="../../thirdparty/owemdjee/mozjpeg/simd/arm/jdmrgext-neon.c">
      <Filter>Source Files\simd\arm</Filter>
    </ClCompile>
    <ClCompile Include="../../thirdparty/owemdjee/mozjpeg/simd/arm/jdsample-neon.c">
      <Filter>Source Files\simd\arm</Filter>
    </ClCompile>
    <ClCompile Include="../../thirdparty/owemdjee/mozjpeg/simd/arm/jfdctfst-neon.c">
      <Filter>Source Files\simd\arm</Filter>
    </ClCompile>
    <ClCompile Include="../../thirdparty/owemdjee/mozjpeg/simd/arm/jfdctint-neon.c">
      <Filter>Source Files\simd\arm</Filter>
    </ClCompile>
    <ClCompile Include="../../thirdparty/owemdjee/mozjpeg/simd/arm/jidctfst-neon.c">
      <Filter>Source Files\simd\arm</Filter>
    </ClCompile>
    <ClCompile Include="../../thirdparty/owemdjee/mozjpeg/simd/arm/jidctint-neon.c">
      <Filter>Source Files\simd\arm</Filter>
    </ClCompile>
    <ClCompile Include="../../thirdparty/owemdjee/mozjpeg/simd/arm/jidctred-neon.c">
      <Filter>Source Files\simd\arm</Filter>
    </ClCompile>
    <ClCompile Include="../../thirdparty/owemdjee/mozjpeg/simd/arm/jquanti-neon.c">
      <Filter>Source Files\simd\arm</Filter>
    </ClCompile>
    <ClCompile Include="../../thirdparty/owemdjee/mozjpeg/simd/i386/jsimd.c">
      <Filter>Source Files\simd\i386</Filter>
    </ClCompile>
    <ClCompile Include="../../thirdparty/owemdjee/mozjpeg/simd/mips/jsimd.c">
      <Filter>Source Files\simd\mips</Filter>
    </ClCompile>
    <ClCompile Include="../../thirdparty/owemdjee/mozjpeg/simd/mips64/jccolext-mmi.c">
      <Filter>Source Files\simd\mips64</Filter>
    </ClCompile>
    <ClCompile Include="../../thirdparty/owemdjee/mozjpeg/simd/mips64/jccolor-mmi.c">
      <Filter>Source Files\simd\mips64</Filter>
    </ClCompile>
    <ClCompile Include="../../thirdparty/owemdjee/mozjpeg/simd/mips64/jcgray-mmi.c">
      <Filter>Source Files\simd\mips64</Filter>
    </ClCompile>
    <ClCompile Include="../../thirdparty/owemdjee/mozjpeg/simd/mips64/jcgryext-mmi.c">
      <Filter>Source Files\simd\mips64</Filter>
    </ClCompile>
    <ClCompile Include="../../thirdparty/owemdjee/mozjpeg/simd/mips64/jcsample-mmi.c">
      <Filter>Source Files\simd\mips64</Filter>
    </ClCompile>
    <ClCompile Include="../../thirdparty/owemdjee/mozjpeg/simd/mips64/jdcolext-mmi.c">
      <Filter>Source Files\simd\mips64</Filter>
    </ClCompile>
    <ClCompile Include="../../thirdparty/owemdjee/mozjpeg/simd/mips64/jdcolor-mmi.c">
      <Filter>Source Files\simd\mips64</Filter>
    </ClCompile>
    <ClCompile Include="../../thirdparty/owemdjee/mozjpeg/simd/mips64/jdmerge-mmi.c">
      <Filter>Source Files\simd\mips64</Filter>
    </ClCompile>
    <ClCompile Include="../../thirdparty/owemdjee/mozjpeg/simd/mips64/jdmrgext-mmi.c">
      <Filter>Source Files\simd\mips64</Filter>
    </ClCompile>
    <ClCompile Include="../../thirdparty/owemdjee/mozjpeg/simd/mips64/jdsample-mmi.c">
      <Filter>Source Files\simd\mips64</Filter>
    </ClCompile>
    <ClCompile Include="../../thirdparty/owemdjee/mozjpeg/simd/mips64/jfdctfst-mmi.c">
      <Filter>Source Files\simd\mips64</Filter>
    </ClCompile>
    <ClCompile Include="../../thirdparty/owemdjee/mozjpeg/simd/mips64/jfdctint-mmi.c">
      <Filter>Source Files\simd\mips64</Filter>
    </ClCompile>
    <ClCompile Include="../../thirdparty/owemdjee/mozjpeg/simd/mips64/jidctfst-mmi.c">
      <Filter>Source Files\simd\mips64</Filter>
    </ClCompile>
    <ClCompile Include="../../thirdparty/owemdjee/mozjpeg/simd/mips64/jidctint-mmi.c">
      <Filter>Source Files\simd\mips64</Filter>
    </ClCompile>
    <ClCompile Include="../../thirdparty/owemdjee/mozjpeg/simd/mips64/jquanti-mmi.c">
      <Filter>Source Files\simd\mips64</Filter>
    </ClCompile>
    <ClCompile Include="../../thirdparty/owemdjee/mozjpeg/simd/mips64/jsimd.c">
      <Filter>Source Files\simd\mips64</Filter>
    </ClCompile>
    <ClCompile Include="../../thirdparty/owemdjee/mozjpeg/simd/powerpc/jccolext-altivec.c">
      <Filter>Source Files\simd\powerpc</Filter>
    </ClCompile>
    <ClCompile Include="../../thirdparty/owemdjee/mozjpeg/simd/powerpc/jccolor-altivec.c">
      <Filter>Source Files\simd\powerpc</Filter>
    </ClCompile>
    <ClCompile Include="../../thirdparty/owemdjee/mozjpeg/simd/powerpc/jcgray-altivec.c">
      <Filter>Source Files\simd\powerpc</Filter>
    </ClCompile>
    <ClCompile Include="../../thirdparty/owemdjee/mozjpeg/simd/powerpc/jcgryext-altivec.c">
      <Filter>Source Files\simd\powerpc</Filter>
    </ClCompile>
    <ClCompile Include="../../thirdparty/owemdjee/mozjpeg/simd/powerpc/jcsample-altivec.c">
      <Filter>Source Files\simd\powerpc</Filter>
    </ClCompile>
    <ClCompile Include="../../thirdparty/owemdjee/mozjpeg/simd/powerpc/jdcolext-altivec.c">
      <Filter>Source Files\simd\powerpc</Filter>
    </ClCompile>
    <ClCompile Include="../../thirdparty/owemdjee/mozjpeg/simd/powerpc/jdcolor-altivec.c">
      <Filter>Source Files\simd\powerpc</Filter>
    </ClCompile>
    <ClCompile Include="../../thirdparty/owemdjee/mozjpeg/simd/powerpc/jdmerge-altivec.c">
      <Filter>Source Files\simd\powerpc</Filter>
    </ClCompile>
    <ClCompile Include="../../thirdparty/owemdjee/mozjpeg/simd/powerpc/jdmrgext-altivec.c">
      <Filter>Source Files\simd\powerpc</Filter>
    </ClCompile>
    <ClCompile Include="../../thirdparty/owemdjee/mozjpeg/simd/powerpc/jdsample-altivec.c">
      <Filter>Source Files\simd\powerpc</Filter>
    </ClCompile>
    <ClCompile Include="../../thirdparty/owemdjee/mozjpeg/simd/powerpc/jfdctfst-altivec.c">
      <Filter>Source Files\simd\powerpc</Filter>
    </ClCompile>
    <ClCompile Include="../../thirdparty/owemdjee/mozjpeg/simd/powerpc/jfdctint-altivec.c">
      <Filter>Source Files\simd\powerpc</Filter>
    </ClCompile>
    <ClCompile Include="../../thirdparty/owemdjee/mozjpeg/simd/powerpc/jidctfst-altivec.c">
      <Filter>Source Files\simd\powerpc</Filter>
    </ClCompile>
    <ClCompile Include="../../thirdparty/owemdjee/mozjpeg/simd/powerpc/jidctint-altivec.c">
      <Filter>Source Files\simd\powerpc</Filter>
    </ClCompile>
    <ClCompile Include="../../thirdparty/owemdjee/mozjpeg/simd/powerpc/jquanti-altivec.c">
      <Filter>Source Files\simd\powerpc</Filter>
    </ClCompile>
    <ClCompile Include="../../thirdparty/owemdjee/mozjpeg/simd/powerpc/jsimd.c">
      <Filter>Source Files\simd\powerpc</Filter>
    </ClCompile>
    <ClCompile Include="../../thirdparty/owemdjee/mozjpeg/simd/x86_64/jsimd.c">
      <Filter>Source Files\simd\x86_64</Filter>
    </ClCompile>
    <ClCompile Include="../../thirdparty/owemdjee/mozjpeg/strtest.c">
      <Filter>Source Files</Filter>
    </ClCompile>
    <ClCompile Include="../../thirdparty/owemdjee/mozjpeg/tjbench.c">
      <Filter>Source Files</Filter>
    </ClCompile>
    <ClCompile Include="../../thirdparty/owemdjee/mozjpeg/tjexample.c">
      <Filter>Source Files</Filter>
    </ClCompile>
    <ClCompile Include="../../thirdparty/owemdjee/mozjpeg/tjunittest.c">
      <Filter>Source Files</Filter>
    </ClCompile>
    <ClCompile Include="../../thirdparty/owemdjee/mozjpeg/tjutil.c">
      <Filter>Source Files</Filter>
    </ClCompile>
    <ClCompile Include="../../thirdparty/owemdjee/mozjpeg/transupp.c">
      <Filter>Source Files</Filter>
    </ClCompile>
    <ClCompile Include="../../thirdparty/owemdjee/mozjpeg/turbojpeg-jni.c">
      <Filter>Source Files</Filter>
    </ClCompile>
    <ClCompile Include="../../thirdparty/owemdjee/mozjpeg/turbojpeg.c">
      <Filter>Source Files</Filter>
    </ClCompile>
    <ClCompile Include="../../thirdparty/owemdjee/mozjpeg/wrbmp.c">
      <Filter>Source Files</Filter>
    </ClCompile>
    <ClCompile Include="../../thirdparty/owemdjee/mozjpeg/wrgif.c">
      <Filter>Source Files</Filter>
    </ClCompile>
    <ClCompile Include="../../thirdparty/owemdjee/mozjpeg/wrjpgcom.c">
      <Filter>Source Files</Filter>
    </ClCompile>
    <ClCompile Include="../../thirdparty/owemdjee/mozjpeg/wrppm.c">
      <Filter>Source Files</Filter>
    </ClCompile>
    <ClCompile Include="../../thirdparty/owemdjee/mozjpeg/wrtarga.c">
      <Filter>Source Files</Filter>
    </ClCompile>
    <ClCompile Include="../../thirdparty/owemdjee/mozjpeg/yuvjpeg.c">
      <Filter>Source Files</Filter>
    </ClCompile>
    <ClInclude Include="../../thirdparty/owemdjee/mozjpeg/cderror.h">
      <Filter>Header Files</Filter>
    </ClInclude>
    <ClInclude Include="../../thirdparty/owemdjee/mozjpeg/cdjpeg.h">
      <Filter>Header Files</Filter>
    </ClInclude>
    <ClInclude Include="../../thirdparty/owemdjee/mozjpeg/cmyk.h">
      <Filter>Header Files</Filter>
    </ClInclude>
    <ClInclude Include="../../thirdparty/owemdjee/mozjpeg/java/org_libjpegturbo_turbojpeg_TJ.h">
      <Filter>Header Files\java</Filter>
    </ClInclude>
    <ClInclude Include="../../thirdparty/owemdjee/mozjpeg/java/org_libjpegturbo_turbojpeg_TJCompressor.h">
      <Filter>Header Files\java</Filter>
    </ClInclude>
    <ClInclude Include="../../thirdparty/owemdjee/mozjpeg/java/org_libjpegturbo_turbojpeg_TJDecompressor.h">
      <Filter>Header Files\java</Filter>
    </ClInclude>
    <ClInclude Include="../../thirdparty/owemdjee/mozjpeg/java/org_libjpegturbo_turbojpeg_TJTransformer.h">
      <Filter>Header Files\java</Filter>
    </ClInclude>
    <ClInclude Include="../../thirdparty/owemdjee/mozjpeg/jchuff.h">
      <Filter>Header Files</Filter>
    </ClInclude>
    <ClInclude Include="../../thirdparty/owemdjee/mozjpeg/jcmaster.h">
      <Filter>Header Files</Filter>
    </ClInclude>
    <ClInclude Include="../../thirdparty/owemdjee/mozjpeg/jdcoefct.h">
      <Filter>Header Files</Filter>
    </ClInclude>
    <ClInclude Include="../../thirdparty/owemdjee/mozjpeg/jdct.h">
      <Filter>Header Files</Filter>
    </ClInclude>
    <ClInclude Include="../../thirdparty/owemdjee/mozjpeg/jdhuff.h">
      <Filter>Header Files</Filter>
    </ClInclude>
    <ClInclude Include="../../thirdparty/owemdjee/mozjpeg/jdmainct.h">
      <Filter>Header Files</Filter>
    </ClInclude>
    <ClInclude Include="../../thirdparty/owemdjee/mozjpeg/jdmaster.h">
      <Filter>Header Files</Filter>
    </ClInclude>
    <ClInclude Include="../../thirdparty/owemdjee/mozjpeg/jdmerge.h">
      <Filter>Header Files</Filter>
    </ClInclude>
    <ClInclude Include="../../thirdparty/owemdjee/mozjpeg/jdsample.h">
      <Filter>Header Files</Filter>
    </ClInclude>
    <ClInclude Include="../../thirdparty/owemdjee/mozjpeg/jerror.h">
      <Filter>Header Files</Filter>
    </ClInclude>
    <ClInclude Include="../../thirdparty/owemdjee/mozjpeg/jinclude.h">
      <Filter>Header Files</Filter>
    </ClInclude>
    <ClInclude Include="../../thirdparty/owemdjee/mozjpeg/jmemsys.h">
      <Filter>Header Files</Filter>
    </ClInclude>
    <ClInclude Include="../../thirdparty/owemdjee/mozjpeg/jmorecfg.h">
      <Filter>Header Files</Filter>
    </ClInclude>
    <ClInclude Include="../../thirdparty/owemdjee/mozjpeg/jpeg_nbits_table.h">
      <Filter>Header Files</Filter>
    </ClInclude>
    <ClInclude Include="../../thirdparty/owemdjee/mozjpeg/jpegcomp.h">
      <Filter>Header Files</Filter>
    </ClInclude>
    <ClInclude Include="../../thirdparty/owemdjee/mozjpeg/jpegint.h">
      <Filter>Header Files</Filter>
    </ClInclude>
    <ClInclude Include="../../thirdparty/owemdjee/mozjpeg/jpeglib.h">
      <Filter>Header Files</Filter>
    </ClInclude>
    <ClInclude Include="../../thirdparty/owemdjee/mozjpeg/jsimd.h">
      <Filter>Header Files</Filter>
    </ClInclude>
    <ClInclude Include="../../thirdparty/owemdjee/mozjpeg/jsimddct.h">
      <Filter>Header Files</Filter>
    </ClInclude>
    <ClInclude Include="../../thirdparty/owemdjee/mozjpeg/md5/md5.h">
      <Filter>Header Files\md5</Filter>
    </ClInclude>
    <ClInclude Include="../../thirdparty/owemdjee/mozjpeg/simd/arm/align.h">
      <Filter>Header Files\simd\arm</Filter>
    </ClInclude>
    <ClInclude Include="../../thirdparty/owemdjee/mozjpeg/simd/arm/jchuff.h">
      <Filter>Header Files\simd\arm</Filter>
    </ClInclude>
    <ClInclude Include="../../thirdparty/owemdjee/mozjpeg/simd/jsimd.h">
      <Filter>Header Files\simd</Filter>
    </ClInclude>
    <ClInclude Include="../../thirdparty/owemdjee/mozjpeg/simd/mips/jsimd_dspr2_asm.h">
      <Filter>Header Files\simd\mips</Filter>
    </ClInclude>
    <ClInclude Include="../../thirdparty/owemdjee/mozjpeg/simd/mips64/jcsample.h">
      <Filter>Header Files\simd\mips64</Filter>
    </ClInclude>
    <ClInclude Include="../../thirdparty/owemdjee/mozjpeg/simd/mips64/jsimd_mmi.h">
      <Filter>Header Files\simd\mips64</Filter>
    </ClInclude>
    <ClInclude Include="../../thirdparty/owemdjee/mozjpeg/simd/mips64/loongson-mmintrin.h">
      <Filter>Header Files\simd\mips64</Filter>
    </ClInclude>
    <ClInclude Include="../../thirdparty/owemdjee/mozjpeg/simd/nasm/jcolsamp.inc">
      <Filter>Header Files\simd\nasm</Filter>
    </ClInclude>
    <ClInclude Include="../../thirdparty/owemdjee/mozjpeg/simd/nasm/jdct.inc">
      <Filter>Header Files\simd\nasm</Filter>
    </ClInclude>
    <ClInclude Include="../../thirdparty/owemdjee/mozjpeg/simd/nasm/jsimdcfg.inc">
      <Filter>Header Files\simd\nasm</Filter>
    </ClInclude>
    <ClInclude Include="../../thirdparty/owemdjee/mozjpeg/simd/nasm/jsimdcfg.inc.h">
      <Filter>Header Files\simd\nasm</Filter>
    </ClInclude>
    <ClInclude Include="../../thirdparty/owemdjee/mozjpeg/simd/nasm/jsimdext.inc">
      <Filter>Header Files\simd\nasm</Filter>
    </ClInclude>
    <ClInclude Include="../../thirdparty/owemdjee/mozjpeg/simd/powerpc/jcsample.h">
      <Filter>Header Files\simd\powerpc</Filter>
    </ClInclude>
    <ClInclude Include="../../thirdparty/owemdjee/mozjpeg/simd/powerpc/jsimd_altivec.h">
      <Filter>Header Files\simd\powerpc</Filter>
    </ClInclude>
    <ClInclude Include="../../thirdparty/owemdjee/mozjpeg/testimages/test1.icc">
      <Filter>Header Files\testimages</Filter>
    </ClInclude>
    <ClInclude Include="../../thirdparty/owemdjee/mozjpeg/testimages/test2.icc">
      <Filter>Header Files\testimages</Filter>
    </ClInclude>
    <ClInclude Include="../../thirdparty/owemdjee/mozjpeg/tjutil.h">
      <Filter>Header Files</Filter>
    </ClInclude>
    <ClInclude Include="../../thirdparty/owemdjee/mozjpeg/transupp.h">
      <Filter>Header Files</Filter>
    </ClInclude>
    <ClInclude Include="../../thirdparty/owemdjee/mozjpeg/turbojpeg.h">
      <Filter>Header Files</Filter>
    </ClInclude>
    <Image Include="../../thirdparty/owemdjee/mozjpeg/doc/html/bc_s.png">
      <Filter>Resource Files\doc\html</Filter>
    </Image>
    <Image Include="../../thirdparty/owemdjee/mozjpeg/doc/html/bdwn.png">
      <Filter>Resource Files\doc\html</Filter>
    </Image>
    <Image Include="../../thirdparty/owemdjee/mozjpeg/doc/html/closed.png">
      <Filter>Resource Files\doc\html</Filter>
    </Image>
    <Image Include="../../thirdparty/owemdjee/mozjpeg/doc/html/doc.png">
      <Filter>Resource Files\doc\html</Filter>
    </Image>
    <Image Include="../../thirdparty/owemdjee/mozjpeg/doc/html/folderclosed.png">
      <Filter>Resource Files\doc\html</Filter>
    </Image>
    <Image Include="../../thirdparty/owemdjee/mozjpeg/doc/html/folderopen.png">
      <Filter>Resource Files\doc\html</Filter>
    </Image>
    <Image Include="../../thirdparty/owemdjee/mozjpeg/doc/html/nav_f.png">
      <Filter>Resource Files\doc\html</Filter>
    </Image>
    <Image Include="../../thirdparty/owemdjee/mozjpeg/doc/html/nav_g.png">
      <Filter>Resource Files\doc\html</Filter>
    </Image>
    <Image Include="../../thirdparty/owemdjee/mozjpeg/doc/html/nav_h.png">
      <Filter>Resource Files\doc\html</Filter>
    </Image>
    <Image Include="../../thirdparty/owemdjee/mozjpeg/doc/html/open.png">
      <Filter>Resource Files\doc\html</Filter>
    </Image>
    <Image Include="../../thirdparty/owemdjee/mozjpeg/doc/html/search/search_l.png">
      <Filter>Resource Files\doc\html\search</Filter>
    </Image>
    <Image Include="../../thirdparty/owemdjee/mozjpeg/doc/html/search/search_m.png">
      <Filter>Resource Files\doc\html\search</Filter>
    </Image>
    <Image Include="../../thirdparty/owemdjee/mozjpeg/doc/html/search/search_r.png">
      <Filter>Resource Files\doc\html\search</Filter>
    </Image>
    <Image Include="../../thirdparty/owemdjee/mozjpeg/doc/html/splitbar.png">
      <Filter>Resource Files\doc\html</Filter>
    </Image>
    <Image Include="../../thirdparty/owemdjee/mozjpeg/doc/html/sync_off.png">
      <Filter>Resource Files\doc\html</Filter>
    </Image>
    <Image Include="../../thirdparty/owemdjee/mozjpeg/doc/html/sync_on.png">
      <Filter>Resource Files\doc\html</Filter>
    </Image>
    <Image Include="../../thirdparty/owemdjee/mozjpeg/doc/html/tab_a.png">
      <Filter>Resource Files\doc\html</Filter>
    </Image>
    <Image Include="../../thirdparty/owemdjee/mozjpeg/doc/html/tab_b.png">
      <Filter>Resource Files\doc\html</Filter>
    </Image>
    <Image Include="../../thirdparty/owemdjee/mozjpeg/doc/html/tab_h.png">
      <Filter>Resource Files\doc\html</Filter>
    </Image>
    <Image Include="../../thirdparty/owemdjee/mozjpeg/doc/html/tab_s.png">
      <Filter>Resource Files\doc\html</Filter>
    </Image>
    <Image Include="../../thirdparty/owemdjee/mozjpeg/java/doc/resources/background.gif">
      <Filter>Resource Files\java\doc\resources</Filter>
    </Image>
    <Image Include="../../thirdparty/owemdjee/mozjpeg/java/doc/resources/tab.gif">
      <Filter>Resource Files\java\doc\resources</Filter>
    </Image>
    <Image Include="../../thirdparty/owemdjee/mozjpeg/java/doc/resources/titlebar.gif">
      <Filter>Resource Files\java\doc\resources</Filter>
    </Image>
    <Image Include="../../thirdparty/owemdjee/mozjpeg/java/doc/resources/titlebar_end.gif">
      <Filter>Resource Files\java\doc\resources</Filter>
    </Image>
    <Image Include="../../thirdparty/owemdjee/mozjpeg/testimages/nightshot_iso_100.bmp">
      <Filter>Resource Files\testimages</Filter>
    </Image>
    <Image Include="../../thirdparty/owemdjee/mozjpeg/testimages/testimgari.jpg">
      <Filter>Resource Files\testimages</Filter>
    </Image>
    <Image Include="../../thirdparty/owemdjee/mozjpeg/testimages/testimgint.jpg">
      <Filter>Resource Files\testimages</Filter>
    </Image>
    <Image Include="../../thirdparty/owemdjee/mozjpeg/testimages/testorig.jpg">
      <Filter>Resource Files\testimages</Filter>
    </Image>
    <Image Include="../../thirdparty/owemdjee/mozjpeg/testimages/testorig12.jpg">
      <Filter>Resource Files\testimages</Filter>
    </Image>
    <Image Include="../../thirdparty/owemdjee/mozjpeg/testimages/vgl_5674_0098.bmp">
      <Filter>Resource Files\testimages</Filter>
    </Image>
    <Image Include="../../thirdparty/owemdjee/mozjpeg/testimages/vgl_6434_0018a.bmp">
      <Filter>Resource Files\testimages</Filter>
    </Image>
    <Image Include="../../thirdparty/owemdjee/mozjpeg/testimages/vgl_6548_0026a.bmp">
      <Filter>Resource Files\testimages</Filter>
    </Image>
    <NASM Include="../../thirdparty/owemdjee/mozjpeg/simd/i386/jccolext-avx2.asm">
      <Filter>Source Files\simd\i386</Filter>
    </NASM>
    <NASM Include="../../thirdparty/owemdjee/mozjpeg/simd/i386/jccolext-mmx.asm">
      <Filter>Source Files\simd\i386</Filter>
    </NASM>
    <NASM Include="../../thirdparty/owemdjee/mozjpeg/simd/i386/jccolext-sse2.asm">
      <Filter>Source Files\simd\i386</Filter>
    </NASM>
    <NASM Include="../../thirdparty/owemdjee/mozjpeg/simd/i386/jccolor-avx2.asm">
      <Filter>Source Files\simd\i386</Filter>
    </NASM>
    <NASM Include="../../thirdparty/owemdjee/mozjpeg/simd/i386/jccolor-mmx.asm">
      <Filter>Source Files\simd\i386</Filter>
    </NASM>
    <NASM Include="../../thirdparty/owemdjee/mozjpeg/simd/i386/jccolor-sse2.asm">
      <Filter>Source Files\simd\i386</Filter>
    </NASM>
    <NASM Include="../../thirdparty/owemdjee/mozjpeg/simd/i386/jcgray-avx2.asm">
      <Filter>Source Files\simd\i386</Filter>
    </NASM>
    <NASM Include="../../thirdparty/owemdjee/mozjpeg/simd/i386/jcgray-mmx.asm">
      <Filter>Source Files\simd\i386</Filter>
    </NASM>
    <NASM Include="../../thirdparty/owemdjee/mozjpeg/simd/i386/jcgray-sse2.asm">
      <Filter>Source Files\simd\i386</Filter>
    </NASM>
    <NASM Include="../../thirdparty/owemdjee/mozjpeg/simd/i386/jcgryext-avx2.asm">
      <Filter>Source Files\simd\i386</Filter>
    </NASM>
    <NASM Include="../../thirdparty/owemdjee/mozjpeg/simd/i386/jcgryext-mmx.asm">
      <Filter>Source Files\simd\i386</Filter>
    </NASM>
    <NASM Include="../../thirdparty/owemdjee/mozjpeg/simd/i386/jcgryext-sse2.asm">
      <Filter>Source Files\simd\i386</Filter>
    </NASM>
    <NASM Include="../../thirdparty/owemdjee/mozjpeg/simd/i386/jchuff-sse2.asm">
      <Filter>Source Files\simd\i386</Filter>
    </NASM>
    <NASM Include="../../thirdparty/owemdjee/mozjpeg/simd/i386/jcphuff-sse2.asm">
      <Filter>Source Files\simd\i386</Filter>
    </NASM>
    <NASM Include="../../thirdparty/owemdjee/mozjpeg/simd/i386/jcsample-avx2.asm">
      <Filter>Source Files\simd\i386</Filter>
    </NASM>
    <NASM Include="../../thirdparty/owemdjee/mozjpeg/simd/i386/jcsample-mmx.asm">
      <Filter>Source Files\simd\i386</Filter>
    </NASM>
    <NASM Include="../../thirdparty/owemdjee/mozjpeg/simd/i386/jcsample-sse2.asm">
      <Filter>Source Files\simd\i386</Filter>
    </NASM>
    <NASM Include="../../thirdparty/owemdjee/mozjpeg/simd/i386/jdcolext-avx2.asm">
      <Filter>Source Files\simd\i386</Filter>
    </NASM>
    <NASM Include="../../thirdparty/owemdjee/mozjpeg/simd/i386/jdcolext-mmx.asm">
      <Filter>Source Files\simd\i386</Filter>
    </NASM>
    <NASM Include="../../thirdparty/owemdjee/mozjpeg/simd/i386/jdcolext-sse2.asm">
      <Filter>Source Files\simd\i386</Filter>
    </NASM>
    <NASM Include="../../thirdparty/owemdjee/mozjpeg/simd/i386/jdcolor-avx2.asm">
      <Filter>Source Files\simd\i386</Filter>
    </NASM>
    <NASM Include="../../thirdparty/owemdjee/mozjpeg/simd/i386/jdcolor-mmx.asm">
      <Filter>Source Files\simd\i386</Filter>
    </NASM>
    <NASM Include="../../thirdparty/owemdjee/mozjpeg/simd/i386/jdcolor-sse2.asm">
      <Filter>Source Files\simd\i386</Filter>
    </NASM>
    <NASM Include="../../thirdparty/owemdjee/mozjpeg/simd/i386/jdmerge-avx2.asm">
      <Filter>Source Files\simd\i386</Filter>
    </NASM>
    <NASM Include="../../thirdparty/owemdjee/mozjpeg/simd/i386/jdmerge-mmx.asm">
      <Filter>Source Files\simd\i386</Filter>
    </NASM>
    <NASM Include="../../thirdparty/owemdjee/mozjpeg/simd/i386/jdmerge-sse2.asm">
      <Filter>Source Files\simd\i386</Filter>
    </NASM>
    <NASM Include="../../thirdparty/owemdjee/mozjpeg/simd/i386/jdmrgext-avx2.asm">
      <Filter>Source Files\simd\i386</Filter>
    </NASM>
    <NASM Include="../../thirdparty/owemdjee/mozjpeg/simd/i386/jdmrgext-mmx.asm">
      <Filter>Source Files\simd\i386</Filter>
    </NASM>
    <NASM Include="../../thirdparty/owemdjee/mozjpeg/simd/i386/jdmrgext-sse2.asm">
      <Filter>Source Files\simd\i386</Filter>
    </NASM>
    <NASM Include="../../thirdparty/owemdjee/mozjpeg/simd/i386/jdsample-avx2.asm">
      <Filter>Source Files\simd\i386</Filter>
    </NASM>
    <NASM Include="../../thirdparty/owemdjee/mozjpeg/simd/i386/jdsample-mmx.asm">
      <Filter>Source Files\simd\i386</Filter>
    </NASM>
    <NASM Include="../../thirdparty/owemdjee/mozjpeg/simd/i386/jdsample-sse2.asm">
      <Filter>Source Files\simd\i386</Filter>
    </NASM>
    <NASM Include="../../thirdparty/owemdjee/mozjpeg/simd/i386/jfdctflt-3dn.asm">
      <Filter>Source Files\simd\i386</Filter>
    </NASM>
    <NASM Include="../../thirdparty/owemdjee/mozjpeg/simd/i386/jfdctflt-sse.asm">
      <Filter>Source Files\simd\i386</Filter>
    </NASM>
    <NASM Include="../../thirdparty/owemdjee/mozjpeg/simd/i386/jfdctfst-mmx.asm">
      <Filter>Source Files\simd\i386</Filter>
    </NASM>
    <NASM Include="../../thirdparty/owemdjee/mozjpeg/simd/i386/jfdctfst-sse2.asm">
      <Filter>Source Files\simd\i386</Filter>
    </NASM>
    <NASM Include="../../thirdparty/owemdjee/mozjpeg/simd/i386/jfdctint-avx2.asm">
      <Filter>Source Files\simd\i386</Filter>
    </NASM>
    <NASM Include="../../thirdparty/owemdjee/mozjpeg/simd/i386/jfdctint-mmx.asm">
      <Filter>Source Files\simd\i386</Filter>
    </NASM>
    <NASM Include="../../thirdparty/owemdjee/mozjpeg/simd/i386/jfdctint-sse2.asm">
      <Filter>Source Files\simd\i386</Filter>
    </NASM>
    <NASM Include="../../thirdparty/owemdjee/mozjpeg/simd/i386/jidctflt-3dn.asm">
      <Filter>Source Files\simd\i386</Filter>
    </NASM>
    <NASM Include="../../thirdparty/owemdjee/mozjpeg/simd/i386/jidctflt-sse.asm">
      <Filter>Source Files\simd\i386</Filter>
    </NASM>
    <NASM Include="../../thirdparty/owemdjee/mozjpeg/simd/i386/jidctflt-sse2.asm">
      <Filter>Source Files\simd\i386</Filter>
    </NASM>
    <NASM Include="../../thirdparty/owemdjee/mozjpeg/simd/i386/jidctfst-mmx.asm">
      <Filter>Source Files\simd\i386</Filter>
    </NASM>
    <NASM Include="../../thirdparty/owemdjee/mozjpeg/simd/i386/jidctfst-sse2.asm">
      <Filter>Source Files\simd\i386</Filter>
    </NASM>
    <NASM Include="../../thirdparty/owemdjee/mozjpeg/simd/i386/jidctint-avx2.asm">
      <Filter>Source Files\simd\i386</Filter>
    </NASM>
    <NASM Include="../../thirdparty/owemdjee/mozjpeg/simd/i386/jidctint-mmx.asm">
      <Filter>Source Files\simd\i386</Filter>
    </NASM>
    <NASM Include="../../thirdparty/owemdjee/mozjpeg/simd/i386/jidctint-sse2.asm">
      <Filter>Source Files\simd\i386</Filter>
    </NASM>
    <NASM Include="../../thirdparty/owemdjee/mozjpeg/simd/i386/jidctred-mmx.asm">
      <Filter>Source Files\simd\i386</Filter>
    </NASM>
    <NASM Include="../../thirdparty/owemdjee/mozjpeg/simd/i386/jidctred-sse2.asm">
      <Filter>Source Files\simd\i386</Filter>
    </NASM>
    <NASM Include="../../thirdparty/owemdjee/mozjpeg/simd/i386/jquant-3dn.asm">
      <Filter>Source Files\simd\i386</Filter>
    </NASM>
    <NASM Include="../../thirdparty/owemdjee/mozjpeg/simd/i386/jquant-mmx.asm">
      <Filter>Source Files\simd\i386</Filter>
    </NASM>
    <NASM Include="../../thirdparty/owemdjee/mozjpeg/simd/i386/jquant-sse.asm">
      <Filter>Source Files\simd\i386</Filter>
    </NASM>
    <NASM Include="../../thirdparty/owemdjee/mozjpeg/simd/i386/jquantf-sse2.asm">
      <Filter>Source Files\simd\i386</Filter>
    </NASM>
    <NASM Include="../../thirdparty/owemdjee/mozjpeg/simd/i386/jquanti-avx2.asm">
      <Filter>Source Files\simd\i386</Filter>
    </NASM>
    <NASM Include="../../thirdparty/owemdjee/mozjpeg/simd/i386/jquanti-sse2.asm">
      <Filter>Source Files\simd\i386</Filter>
    </NASM>
    <NASM Include="../../thirdparty/owemdjee/mozjpeg/simd/i386/jsimdcpu.asm">
      <Filter>Source Files\simd\i386</Filter>
    </NASM>
    <NASM Include="../../thirdparty/owemdjee/mozjpeg/simd/x86_64/jccolext-avx2.asm">
      <Filter>Source Files\simd\x86_64</Filter>
    </NASM>
    <NASM Include="../../thirdparty/owemdjee/mozjpeg/simd/x86_64/jccolext-sse2.asm">
      <Filter>Source Files\simd\x86_64</Filter>
    </NASM>
    <NASM Include="../../thirdparty/owemdjee/mozjpeg/simd/x86_64/jccolor-avx2.asm">
      <Filter>Source Files\simd\x86_64</Filter>
    </NASM>
    <NASM Include="../../thirdparty/owemdjee/mozjpeg/simd/x86_64/jccolor-sse2.asm">
      <Filter>Source Files\simd\x86_64</Filter>
    </NASM>
    <NASM Include="../../thirdparty/owemdjee/mozjpeg/simd/x86_64/jcgray-avx2.asm">
      <Filter>Source Files\simd\x86_64</Filter>
    </NASM>
    <NASM Include="../../thirdparty/owemdjee/mozjpeg/simd/x86_64/jcgray-sse2.asm">
      <Filter>Source Files\simd\x86_64</Filter>
    </NASM>
    <NASM Include="../../thirdparty/owemdjee/mozjpeg/simd/x86_64/jcgryext-avx2.asm">
      <Filter>Source Files\simd\x86_64</Filter>
    </NASM>
    <NASM Include="../../thirdparty/owemdjee/mozjpeg/simd/x86_64/jcgryext-sse2.asm">
      <Filter>Source Files\simd\x86_64</Filter>
    </NASM>
    <NASM Include="../../thirdparty/owemdjee/mozjpeg/simd/x86_64/jchuff-sse2.asm">
      <Filter>Source Files\simd\x86_64</Filter>
    </NASM>
    <NASM Include="../../thirdparty/owemdjee/mozjpeg/simd/x86_64/jcphuff-sse2.asm">
      <Filter>Source Files\simd\x86_64</Filter>
    </NASM>
    <NASM Include="../../thirdparty/owemdjee/mozjpeg/simd/x86_64/jcsample-avx2.asm">
      <Filter>Source Files\simd\x86_64</Filter>
    </NASM>
    <NASM Include="../../thirdparty/owemdjee/mozjpeg/simd/x86_64/jcsample-sse2.asm">
      <Filter>Source Files\simd\x86_64</Filter>
    </NASM>
    <NASM Include="../../thirdparty/owemdjee/mozjpeg/simd/x86_64/jdcolext-avx2.asm">
      <Filter>Source Files\simd\x86_64</Filter>
    </NASM>
    <NASM Include="../../thirdparty/owemdjee/mozjpeg/simd/x86_64/jdcolext-sse2.asm">
      <Filter>Source Files\simd\x86_64</Filter>
    </NASM>
    <NASM Include="../../thirdparty/owemdjee/mozjpeg/simd/x86_64/jdcolor-avx2.asm">
      <Filter>Source Files\simd\x86_64</Filter>
    </NASM>
    <NASM Include="../../thirdparty/owemdjee/mozjpeg/simd/x86_64/jdcolor-sse2.asm">
      <Filter>Source Files\simd\x86_64</Filter>
    </NASM>
    <NASM Include="../../thirdparty/owemdjee/mozjpeg/simd/x86_64/jdmerge-avx2.asm">
      <Filter>Source Files\simd\x86_64</Filter>
    </NASM>
    <NASM Include="../../thirdparty/owemdjee/mozjpeg/simd/x86_64/jdmerge-sse2.asm">
      <Filter>Source Files\simd\x86_64</Filter>
    </NASM>
    <NASM Include="../../thirdparty/owemdjee/mozjpeg/simd/x86_64/jdmrgext-avx2.asm">
      <Filter>Source Files\simd\x86_64</Filter>
    </NASM>
    <NASM Include="../../thirdparty/owemdjee/mozjpeg/simd/x86_64/jdmrgext-sse2.asm">
      <Filter>Source Files\simd\x86_64</Filter>
    </NASM>
    <NASM Include="../../thirdparty/owemdjee/mozjpeg/simd/x86_64/jdsample-avx2.asm">
      <Filter>Source Files\simd\x86_64</Filter>
    </NASM>
    <NASM Include="../../thirdparty/owemdjee/mozjpeg/simd/x86_64/jdsample-sse2.asm">
      <Filter>Source Files\simd\x86_64</Filter>
    </NASM>
    <NASM Include="../../thirdparty/owemdjee/mozjpeg/simd/x86_64/jfdctflt-sse.asm">
      <Filter>Source Files\simd\x86_64</Filter>
    </NASM>
    <NASM Include="../../thirdparty/owemdjee/mozjpeg/simd/x86_64/jfdctfst-sse2.asm">
      <Filter>Source Files\simd\x86_64</Filter>
    </NASM>
    <NASM Include="../../thirdparty/owemdjee/mozjpeg/simd/x86_64/jfdctint-avx2.asm">
      <Filter>Source Files\simd\x86_64</Filter>
    </NASM>
    <NASM Include="../../thirdparty/owemdjee/mozjpeg/simd/x86_64/jfdctint-sse2.asm">
      <Filter>Source Files\simd\x86_64</Filter>
    </NASM>
    <NASM Include="../../thirdparty/owemdjee/mozjpeg/simd/x86_64/jidctflt-sse2.asm">
      <Filter>Source Files\simd\x86_64</Filter>
    </NASM>
    <NASM Include="../../thirdparty/owemdjee/mozjpeg/simd/x86_64/jidctfst-sse2.asm">
      <Filter>Source Files\simd\x86_64</Filter>
    </NASM>
    <NASM Include="../../thirdparty/owemdjee/mozjpeg/simd/x86_64/jidctint-avx2.asm">
      <Filter>Source Files\simd\x86_64</Filter>
    </NASM>
    <NASM Include="../../thirdparty/owemdjee/mozjpeg/simd/x86_64/jidctint-sse2.asm">
      <Filter>Source Files\simd\x86_64</Filter>
    </NASM>
    <NASM Include="../../thirdparty/owemdjee/mozjpeg/simd/x86_64/jidctred-sse2.asm">
      <Filter>Source Files\simd\x86_64</Filter>
    </NASM>
    <NASM Include="../../thirdparty/owemdjee/mozjpeg/simd/x86_64/jquantf-sse2.asm">
      <Filter>Source Files\simd\x86_64</Filter>
    </NASM>
    <NASM Include="../../thirdparty/owemdjee/mozjpeg/simd/x86_64/jquanti-avx2.asm">
      <Filter>Source Files\simd\x86_64</Filter>
    </NASM>
    <NASM Include="../../thirdparty/owemdjee/mozjpeg/simd/x86_64/jquanti-sse2.asm">
      <Filter>Source Files\simd\x86_64</Filter>
    </NASM>
    <NASM Include="../../thirdparty/owemdjee/mozjpeg/simd/x86_64/jsimdcpu.asm">
      <Filter>Source Files\simd\x86_64</Filter>
    </NASM>
    <Text Include="../../thirdparty/owemdjee/mozjpeg/BUILDING.md">
      <Filter>Misc Files</Filter>
    </Text>
    <Text Include="../../thirdparty/owemdjee/mozjpeg/BUILDING.txt">
      <Filter>Misc Files</Filter>
    </Text>
    <Text Include="../../thirdparty/owemdjee/mozjpeg/CMakeLists.txt">
      <Filter>Misc Files</Filter>
    </Text>
    <Text Include="../../thirdparty/owemdjee/mozjpeg/CODE_OF_CONDUCT.md">
      <Filter>Misc Files</Filter>
    </Text>
    <Text Include="../../thirdparty/owemdjee/mozjpeg/ChangeLog.md">
      <Filter>Misc Files</Filter>
    </Text>
    <Text Include="../../thirdparty/owemdjee/mozjpeg/LICENSE.md">
      <Filter>Misc Files</Filter>
    </Text>
    <Text Include="../../thirdparty/owemdjee/mozjpeg/README-mozilla.txt">
      <Filter>Misc Files</Filter>
    </Text>
    <Text Include="../../thirdparty/owemdjee/mozjpeg/README-turbo.txt">
      <Filter>Misc Files</Filter>
    </Text>
    <Text Include="../../thirdparty/owemdjee/mozjpeg/README.ijg">
      <Filter>Misc Files</Filter>
    </Text>
    <Text Include="../../thirdparty/owemdjee/mozjpeg/README.md">
      <Filter>Misc Files</Filter>
    </Text>
    <Text Include="../../thirdparty/owemdjee/mozjpeg/appveyor.yml">
      <Filter>Misc Files</Filter>
    </Text>
    <Text Include="../../thirdparty/owemdjee/mozjpeg/cjpeg.1">
      <Filter>Misc Files</Filter>
    </Text>
    <Text Include="../../thirdparty/owemdjee/mozjpeg/cmakescripts/BuildPackages.cmake">
      <Filter>Misc Files\cmakescripts</Filter>
    </Text>
    <Text Include="../../thirdparty/owemdjee/mozjpeg/cmakescripts/GNUInstallDirs.cmake">
      <Filter>Misc Files\cmakescripts</Filter>
    </Text>
    <Text Include="../../thirdparty/owemdjee/mozjpeg/cmakescripts/PackageInfo.cmake">
      <Filter>Misc Files\cmakescripts</Filter>
    </Text>
    <Text Include="../../thirdparty/owemdjee/mozjpeg/cmakescripts/cmake_uninstall.cmake.in">
      <Filter>Misc Files\cmakescripts</Filter>
    </Text>
    <Text Include="../../thirdparty/owemdjee/mozjpeg/cmakescripts/testclean.cmake">
      <Filter>Misc Files\cmakescripts</Filter>
    </Text>
    <Text Include="../../thirdparty/owemdjee/mozjpeg/coderules.txt">
      <Filter>Misc Files</Filter>
    </Text>
    <Text Include="../../thirdparty/owemdjee/mozjpeg/croptest.in">
      <Filter>Misc Files</Filter>
    </Text>
    <Text Include="../../thirdparty/owemdjee/mozjpeg/djpeg.1">
      <Filter>Misc Files</Filter>
    </Text>
    <Text Include="../../thirdparty/owemdjee/mozjpeg/doc/html/annotated.html">
      <Filter>Misc Files\doc\html</Filter>
    </Text>
    <Text Include="../../thirdparty/owemdjee/mozjpeg/doc/html/classes.html">
      <Filter>Misc Files\doc\html</Filter>
    </Text>
    <Text Include="../../thirdparty/owemdjee/mozjpeg/doc/html/doxygen-extra.css">
      <Filter>Misc Files\doc\html</Filter>
    </Text>
    <Text Include="../../thirdparty/owemdjee/mozjpeg/doc/html/doxygen.css">
      <Filter>Misc Files\doc\html</Filter>
    </Text>
    <Text Include="../../thirdparty/owemdjee/mozjpeg/doc/html/doxygen.svg">
      <Filter>Misc Files\doc\html</Filter>
    </Text>
    <Text Include="../../thirdparty/owemdjee/mozjpeg/doc/html/dynsections.js">
      <Filter>Misc Files\doc\html</Filter>
    </Text>
    <Text Include="../../thirdparty/owemdjee/mozjpeg/doc/html/functions.html">
      <Filter>Misc Files\doc\html</Filter>
    </Text>
    <Text Include="../../thirdparty/owemdjee/mozjpeg/doc/html/functions_vars.html">
      <Filter>Misc Files\doc\html</Filter>
    </Text>
    <Text Include="../../thirdparty/owemdjee/mozjpeg/doc/html/group___turbo_j_p_e_g.html">
      <Filter>Misc Files\doc\html</Filter>
    </Text>
    <Text Include="../../thirdparty/owemdjee/mozjpeg/doc/html/index.html">
      <Filter>Misc Files\doc\html</Filter>
    </Text>
    <Text Include="../../thirdparty/owemdjee/mozjpeg/doc/html/jquery.js">
      <Filter>Misc Files\doc\html</Filter>
    </Text>
    <Text Include="../../thirdparty/owemdjee/mozjpeg/doc/html/menu.js">
      <Filter>Misc Files\doc\html</Filter>
    </Text>
    <Text Include="../../thirdparty/owemdjee/mozjpeg/doc/html/menudata.js">
      <Filter>Misc Files\doc\html</Filter>
    </Text>
    <Text Include="../../thirdparty/owemdjee/mozjpeg/doc/html/modules.html">
      <Filter>Misc Files\doc\html</Filter>
    </Text>
    <Text Include="../../thirdparty/owemdjee/mozjpeg/doc/html/search/all_0.html">
      <Filter>Misc Files\doc\html\search</Filter>
    </Text>
    <Text Include="../../thirdparty/owemdjee/mozjpeg/doc/html/search/all_0.js">
      <Filter>Misc Files\doc\html\search</Filter>
    </Text>
    <Text Include="../../thirdparty/owemdjee/mozjpeg/doc/html/search/all_1.html">
      <Filter>Misc Files\doc\html\search</Filter>
    </Text>
    <Text Include="../../thirdparty/owemdjee/mozjpeg/doc/html/search/all_1.js">
      <Filter>Misc Files\doc\html\search</Filter>
    </Text>
    <Text Include="../../thirdparty/owemdjee/mozjpeg/doc/html/search/all_2.html">
      <Filter>Misc Files\doc\html\search</Filter>
    </Text>
    <Text Include="../../thirdparty/owemdjee/mozjpeg/doc/html/search/all_2.js">
      <Filter>Misc Files\doc\html\search</Filter>
    </Text>
    <Text Include="../../thirdparty/owemdjee/mozjpeg/doc/html/search/all_3.html">
      <Filter>Misc Files\doc\html\search</Filter>
    </Text>
    <Text Include="../../thirdparty/owemdjee/mozjpeg/doc/html/search/all_3.js">
      <Filter>Misc Files\doc\html\search</Filter>
    </Text>
    <Text Include="../../thirdparty/owemdjee/mozjpeg/doc/html/search/all_4.html">
      <Filter>Misc Files\doc\html\search</Filter>
    </Text>
    <Text Include="../../thirdparty/owemdjee/mozjpeg/doc/html/search/all_4.js">
      <Filter>Misc Files\doc\html\search</Filter>
    </Text>
    <Text Include="../../thirdparty/owemdjee/mozjpeg/doc/html/search/all_5.html">
      <Filter>Misc Files\doc\html\search</Filter>
    </Text>
    <Text Include="../../thirdparty/owemdjee/mozjpeg/doc/html/search/all_5.js">
      <Filter>Misc Files\doc\html\search</Filter>
    </Text>
    <Text Include="../../thirdparty/owemdjee/mozjpeg/doc/html/search/all_6.html">
      <Filter>Misc Files\doc\html\search</Filter>
    </Text>
    <Text Include="../../thirdparty/owemdjee/mozjpeg/doc/html/search/all_6.js">
      <Filter>Misc Files\doc\html\search</Filter>
    </Text>
    <Text Include="../../thirdparty/owemdjee/mozjpeg/doc/html/search/all_7.html">
      <Filter>Misc Files\doc\html\search</Filter>
    </Text>
    <Text Include="../../thirdparty/owemdjee/mozjpeg/doc/html/search/all_7.js">
      <Filter>Misc Files\doc\html\search</Filter>
    </Text>
    <Text Include="../../thirdparty/owemdjee/mozjpeg/doc/html/search/all_8.html">
      <Filter>Misc Files\doc\html\search</Filter>
    </Text>
    <Text Include="../../thirdparty/owemdjee/mozjpeg/doc/html/search/all_8.js">
      <Filter>Misc Files\doc\html\search</Filter>
    </Text>
    <Text Include="../../thirdparty/owemdjee/mozjpeg/doc/html/search/all_9.html">
      <Filter>Misc Files\doc\html\search</Filter>
    </Text>
    <Text Include="../../thirdparty/owemdjee/mozjpeg/doc/html/search/all_9.js">
      <Filter>Misc Files\doc\html\search</Filter>
    </Text>
    <Text Include="../../thirdparty/owemdjee/mozjpeg/doc/html/search/classes_0.html">
      <Filter>Misc Files\doc\html\search</Filter>
    </Text>
    <Text Include="../../thirdparty/owemdjee/mozjpeg/doc/html/search/classes_0.js">
      <Filter>Misc Files\doc\html\search</Filter>
    </Text>
    <Text Include="../../thirdparty/owemdjee/mozjpeg/doc/html/search/close.svg">
      <Filter>Misc Files\doc\html\search</Filter>
    </Text>
    <Text Include="../../thirdparty/owemdjee/mozjpeg/doc/html/search/enums_0.html">
      <Filter>Misc Files\doc\html\search</Filter>
    </Text>
    <Text Include="../../thirdparty/owemdjee/mozjpeg/doc/html/search/enums_0.js">
      <Filter>Misc Files\doc\html\search</Filter>
    </Text>
    <Text Include="../../thirdparty/owemdjee/mozjpeg/doc/html/search/enumvalues_0.html">
      <Filter>Misc Files\doc\html\search</Filter>
    </Text>
    <Text Include="../../thirdparty/owemdjee/mozjpeg/doc/html/search/enumvalues_0.js">
      <Filter>Misc Files\doc\html\search</Filter>
    </Text>
    <Text Include="../../thirdparty/owemdjee/mozjpeg/doc/html/search/functions_0.html">
      <Filter>Misc Files\doc\html\search</Filter>
    </Text>
    <Text Include="../../thirdparty/owemdjee/mozjpeg/doc/html/search/functions_0.js">
      <Filter>Misc Files\doc\html\search</Filter>
    </Text>
    <Text Include="../../thirdparty/owemdjee/mozjpeg/doc/html/search/groups_0.html">
      <Filter>Misc Files\doc\html\search</Filter>
    </Text>
    <Text Include="../../thirdparty/owemdjee/mozjpeg/doc/html/search/groups_0.js">
      <Filter>Misc Files\doc\html\search</Filter>
    </Text>
    <Text Include="../../thirdparty/owemdjee/mozjpeg/doc/html/search/mag_sel.svg">
      <Filter>Misc Files\doc\html\search</Filter>
    </Text>
    <Text Include="../../thirdparty/owemdjee/mozjpeg/doc/html/search/nomatches.html">
      <Filter>Misc Files\doc\html\search</Filter>
    </Text>
    <Text Include="../../thirdparty/owemdjee/mozjpeg/doc/html/search/search.css">
      <Filter>Misc Files\doc\html\search</Filter>
    </Text>
    <Text Include="../../thirdparty/owemdjee/mozjpeg/doc/html/search/search.js">
      <Filter>Misc Files\doc\html\search</Filter>
    </Text>
    <Text Include="../../thirdparty/owemdjee/mozjpeg/doc/html/search/searchdata.js">
      <Filter>Misc Files\doc\html\search</Filter>
    </Text>
    <Text Include="../../thirdparty/owemdjee/mozjpeg/doc/html/search/typedefs_0.html">
      <Filter>Misc Files\doc\html\search</Filter>
    </Text>
    <Text Include="../../thirdparty/owemdjee/mozjpeg/doc/html/search/typedefs_0.js">
      <Filter>Misc Files\doc\html\search</Filter>
    </Text>
    <Text Include="../../thirdparty/owemdjee/mozjpeg/doc/html/search/variables_0.html">
      <Filter>Misc Files\doc\html\search</Filter>
    </Text>
    <Text Include="../../thirdparty/owemdjee/mozjpeg/doc/html/search/variables_0.js">
      <Filter>Misc Files\doc\html\search</Filter>
    </Text>
    <Text Include="../../thirdparty/owemdjee/mozjpeg/doc/html/search/variables_1.html">
      <Filter>Misc Files\doc\html\search</Filter>
    </Text>
    <Text Include="../../thirdparty/owemdjee/mozjpeg/doc/html/search/variables_1.js">
      <Filter>Misc Files\doc\html\search</Filter>
    </Text>
    <Text Include="../../thirdparty/owemdjee/mozjpeg/doc/html/search/variables_2.html">
      <Filter>Misc Files\doc\html\search</Filter>
    </Text>
    <Text Include="../../thirdparty/owemdjee/mozjpeg/doc/html/search/variables_2.js">
      <Filter>Misc Files\doc\html\search</Filter>
    </Text>
    <Text Include="../../thirdparty/owemdjee/mozjpeg/doc/html/search/variables_3.html">
      <Filter>Misc Files\doc\html\search</Filter>
    </Text>
    <Text Include="../../thirdparty/owemdjee/mozjpeg/doc/html/search/variables_3.js">
      <Filter>Misc Files\doc\html\search</Filter>
    </Text>
    <Text Include="../../thirdparty/owemdjee/mozjpeg/doc/html/search/variables_4.html">
      <Filter>Misc Files\doc\html\search</Filter>
    </Text>
    <Text Include="../../thirdparty/owemdjee/mozjpeg/doc/html/search/variables_4.js">
      <Filter>Misc Files\doc\html\search</Filter>
    </Text>
    <Text Include="../../thirdparty/owemdjee/mozjpeg/doc/html/search/variables_5.html">
      <Filter>Misc Files\doc\html\search</Filter>
    </Text>
    <Text Include="../../thirdparty/owemdjee/mozjpeg/doc/html/search/variables_5.js">
      <Filter>Misc Files\doc\html\search</Filter>
    </Text>
    <Text Include="../../thirdparty/owemdjee/mozjpeg/doc/html/search/variables_6.html">
      <Filter>Misc Files\doc\html\search</Filter>
    </Text>
    <Text Include="../../thirdparty/owemdjee/mozjpeg/doc/html/search/variables_6.js">
      <Filter>Misc Files\doc\html\search</Filter>
    </Text>
    <Text Include="../../thirdparty/owemdjee/mozjpeg/doc/html/search/variables_7.html">
      <Filter>Misc Files\doc\html\search</Filter>
    </Text>
    <Text Include="../../thirdparty/owemdjee/mozjpeg/doc/html/search/variables_7.js">
      <Filter>Misc Files\doc\html\search</Filter>
    </Text>
    <Text Include="../../thirdparty/owemdjee/mozjpeg/doc/html/search/variables_8.html">
      <Filter>Misc Files\doc\html\search</Filter>
    </Text>
    <Text Include="../../thirdparty/owemdjee/mozjpeg/doc/html/search/variables_8.js">
      <Filter>Misc Files\doc\html\search</Filter>
    </Text>
    <Text Include="../../thirdparty/owemdjee/mozjpeg/doc/html/search/variables_9.html">
      <Filter>Misc Files\doc\html\search</Filter>
    </Text>
    <Text Include="../../thirdparty/owemdjee/mozjpeg/doc/html/search/variables_9.js">
      <Filter>Misc Files\doc\html\search</Filter>
    </Text>
    <Text Include="../../thirdparty/owemdjee/mozjpeg/doc/html/structtjregion.html">
      <Filter>Misc Files\doc\html</Filter>
    </Text>
    <Text Include="../../thirdparty/owemdjee/mozjpeg/doc/html/structtjscalingfactor.html">
      <Filter>Misc Files\doc\html</Filter>
    </Text>
    <Text Include="../../thirdparty/owemdjee/mozjpeg/doc/html/structtjtransform.html">
      <Filter>Misc Files\doc\html</Filter>
    </Text>
    <Text Include="../../thirdparty/owemdjee/mozjpeg/doc/html/tabs.css">
      <Filter>Misc Files\doc\html</Filter>
    </Text>
    <Text Include="../../thirdparty/owemdjee/mozjpeg/doxygen-extra.css">
      <Filter>Misc Files</Filter>
    </Text>
    <Text Include="../../thirdparty/owemdjee/mozjpeg/doxygen.config">
      <Filter>Misc Files</Filter>
    </Text>
    <Text Include="../../thirdparty/owemdjee/mozjpeg/example.txt">
      <Filter>Misc Files</Filter>
    </Text>
    <Text Include="../../thirdparty/owemdjee/mozjpeg/java/CMakeLists.txt">
      <Filter>Misc Files\java</Filter>
    </Text>
    <Text Include="../../thirdparty/owemdjee/mozjpeg/java/MANIFEST.MF">
      <Filter>Misc Files\java</Filter>
    </Text>
    <Text Include="../../thirdparty/owemdjee/mozjpeg/java/README">
      <Filter>Misc Files\java</Filter>
    </Text>
    <Text Include="../../thirdparty/owemdjee/mozjpeg/java/TJBench.java">
      <Filter>Misc Files\java</Filter>
    </Text>
    <Text Include="../../thirdparty/owemdjee/mozjpeg/java/TJExample.java">
      <Filter>Misc Files\java</Filter>
    </Text>
    <Text Include="../../thirdparty/owemdjee/mozjpeg/java/TJUnitTest.java">
      <Filter>Misc Files\java</Filter>
    </Text>
    <Text Include="../../thirdparty/owemdjee/mozjpeg/java/doc/allclasses-frame.html">
      <Filter>Misc Files\java\doc</Filter>
    </Text>
    <Text Include="../../thirdparty/owemdjee/mozjpeg/java/doc/allclasses-noframe.html">
      <Filter>Misc Files\java\doc</Filter>
    </Text>
    <Text Include="../../thirdparty/owemdjee/mozjpeg/java/doc/constant-values.html">
      <Filter>Misc Files\java\doc</Filter>
    </Text>
    <Text Include="../../thirdparty/owemdjee/mozjpeg/java/doc/deprecated-list.html">
      <Filter>Misc Files\java\doc</Filter>
    </Text>
    <Text Include="../../thirdparty/owemdjee/mozjpeg/java/doc/help-doc.html">
      <Filter>Misc Files\java\doc</Filter>
    </Text>
    <Text Include="../../thirdparty/owemdjee/mozjpeg/java/doc/index-all.html">
      <Filter>Misc Files\java\doc</Filter>
    </Text>
    <Text Include="../../thirdparty/owemdjee/mozjpeg/java/doc/index.html">
      <Filter>Misc Files\java\doc</Filter>
    </Text>
    <Text Include="../../thirdparty/owemdjee/mozjpeg/java/doc/org/libjpegturbo/turbojpeg/TJ.html">
      <Filter>Misc Files\java\doc\org\libjpegturbo\turbojpeg</Filter>
    </Text>
    <Text Include="../../thirdparty/owemdjee/mozjpeg/java/doc/org/libjpegturbo/turbojpeg/TJCompressor.html">
      <Filter>Misc Files\java\doc\org\libjpegturbo\turbojpeg</Filter>
    </Text>
    <Text Include="../../thirdparty/owemdjee/mozjpeg/java/doc/org/libjpegturbo/turbojpeg/TJCustomFilter.html">
      <Filter>Misc Files\java\doc\org\libjpegturbo\turbojpeg</Filter>
    </Text>
    <Text Include="../../thirdparty/owemdjee/mozjpeg/java/doc/org/libjpegturbo/turbojpeg/TJDecompressor.html">
      <Filter>Misc Files\java\doc\org\libjpegturbo\turbojpeg</Filter>
    </Text>
    <Text Include="../../thirdparty/owemdjee/mozjpeg/java/doc/org/libjpegturbo/turbojpeg/TJException.html">
      <Filter>Misc Files\java\doc\org\libjpegturbo\turbojpeg</Filter>
    </Text>
    <Text Include="../../thirdparty/owemdjee/mozjpeg/java/doc/org/libjpegturbo/turbojpeg/TJScalingFactor.html">
      <Filter>Misc Files\java\doc\org\libjpegturbo\turbojpeg</Filter>
    </Text>
    <Text Include="../../thirdparty/owemdjee/mozjpeg/java/doc/org/libjpegturbo/turbojpeg/TJTransform.html">
      <Filter>Misc Files\java\doc\org\libjpegturbo\turbojpeg</Filter>
    </Text>
    <Text Include="../../thirdparty/owemdjee/mozjpeg/java/doc/org/libjpegturbo/turbojpeg/TJTransformer.html">
      <Filter>Misc Files\java\doc\org\libjpegturbo\turbojpeg</Filter>
    </Text>
    <Text Include="../../thirdparty/owemdjee/mozjpeg/java/doc/org/libjpegturbo/turbojpeg/YUVImage.html">
      <Filter>Misc Files\java\doc\org\libjpegturbo\turbojpeg</Filter>
    </Text>
    <Text Include="../../thirdparty/owemdjee/mozjpeg/java/doc/org/libjpegturbo/turbojpeg/package-frame.html">
      <Filter>Misc Files\java\doc\org\libjpegturbo\turbojpeg</Filter>
    </Text>
    <Text Include="../../thirdparty/owemdjee/mozjpeg/java/doc/org/libjpegturbo/turbojpeg/package-summary.html">
      <Filter>Misc Files\java\doc\org\libjpegturbo\turbojpeg</Filter>
    </Text>
    <Text Include="../../thirdparty/owemdjee/mozjpeg/java/doc/org/libjpegturbo/turbojpeg/package-tree.html">
      <Filter>Misc Files\java\doc\org\libjpegturbo\turbojpeg</Filter>
    </Text>
    <Text Include="../../thirdparty/owemdjee/mozjpeg/java/doc/overview-tree.html">
      <Filter>Misc Files\java\doc</Filter>
    </Text>
    <Text Include="../../thirdparty/owemdjee/mozjpeg/java/doc/script.js">
      <Filter>Misc Files\java\doc</Filter>
    </Text>
    <Text Include="../../thirdparty/owemdjee/mozjpeg/java/doc/serialized-form.html">
      <Filter>Misc Files\java\doc</Filter>
    </Text>
    <Text Include="../../thirdparty/owemdjee/mozjpeg/java/doc/stylesheet.css">
      <Filter>Misc Files\java\doc</Filter>
    </Text>
    <Text Include="../../thirdparty/owemdjee/mozjpeg/java/org/libjpegturbo/turbojpeg/TJ.java">
      <Filter>Misc Files\java\org\libjpegturbo\turbojpeg</Filter>
    </Text>
    <Text Include="../../thirdparty/owemdjee/mozjpeg/java/org/libjpegturbo/turbojpeg/TJCompressor.java">
      <Filter>Misc Files\java\org\libjpegturbo\turbojpeg</Filter>
    </Text>
    <Text Include="../../thirdparty/owemdjee/mozjpeg/java/org/libjpegturbo/turbojpeg/TJCustomFilter.java">
      <Filter>Misc Files\java\org\libjpegturbo\turbojpeg</Filter>
    </Text>
    <Text Include="../../thirdparty/owemdjee/mozjpeg/java/org/libjpegturbo/turbojpeg/TJDecompressor.java">
      <Filter>Misc Files\java\org\libjpegturbo\turbojpeg</Filter>
    </Text>
    <Text Include="../../thirdparty/owemdjee/mozjpeg/java/org/libjpegturbo/turbojpeg/TJException.java">
      <Filter>Misc Files\java\org\libjpegturbo\turbojpeg</Filter>
    </Text>
    <Text Include="../../thirdparty/owemdjee/mozjpeg/java/org/libjpegturbo/turbojpeg/TJLoader-unix.java.in">
      <Filter>Misc Files\java\org\libjpegturbo\turbojpeg</Filter>
    </Text>
    <Text Include="../../thirdparty/owemdjee/mozjpeg/java/org/libjpegturbo/turbojpeg/TJLoader-win.java.in">
      <Filter>Misc Files\java\org\libjpegturbo\turbojpeg</Filter>
    </Text>
    <Text Include="../../thirdparty/owemdjee/mozjpeg/java/org/libjpegturbo/turbojpeg/TJScalingFactor.java">
      <Filter>Misc Files\java\org\libjpegturbo\turbojpeg</Filter>
    </Text>
    <Text Include="../../thirdparty/owemdjee/mozjpeg/java/org/libjpegturbo/turbojpeg/TJTransform.java">
      <Filter>Misc Files\java\org\libjpegturbo\turbojpeg</Filter>
    </Text>
    <Text Include="../../thirdparty/owemdjee/mozjpeg/java/org/libjpegturbo/turbojpeg/TJTransformer.java">
      <Filter>Misc Files\java\org\libjpegturbo\turbojpeg</Filter>
    </Text>
    <Text Include="../../thirdparty/owemdjee/mozjpeg/java/org/libjpegturbo/turbojpeg/YUVImage.java">
      <Filter>Misc Files\java\org\libjpegturbo\turbojpeg</Filter>
    </Text>
    <Text Include="../../thirdparty/owemdjee/mozjpeg/jconfig.h.in">
      <Filter>Misc Files</Filter>
    </Text>
    <Text Include="../../thirdparty/owemdjee/mozjpeg/jconfig.txt">
      <Filter>Misc Files</Filter>
    </Text>
    <Text Include="../../thirdparty/owemdjee/mozjpeg/jconfigint.h.in">
      <Filter>Misc Files</Filter>
    </Text>
    <Text Include="../../thirdparty/owemdjee/mozjpeg/jpegtran.1">
      <Filter>Misc Files</Filter>
    </Text>
    <Text Include="../../thirdparty/owemdjee/mozjpeg/jversion.h.in">
      <Filter>Misc Files</Filter>
    </Text>
    <Text Include="../../thirdparty/owemdjee/mozjpeg/libjpeg.map.in">
      <Filter>Misc Files</Filter>
    </Text>
    <Text Include="../../thirdparty/owemdjee/mozjpeg/libjpeg.txt">
      <Filter>Misc Files</Filter>
    </Text>
    <Text Include="../../thirdparty/owemdjee/mozjpeg/md5/CMakeLists.txt">
      <Filter>Misc Files\md5</Filter>
    </Text>
    <Text Include="../../thirdparty/owemdjee/mozjpeg/mozjpeg.podspec">
      <Filter>Misc Files</Filter>
    </Text>
    <Text Include="../../thirdparty/owemdjee/mozjpeg/rd_average.sh">
      <Filter>Misc Files</Filter>
    </Text>
    <Text Include="../../thirdparty/owemdjee/mozjpeg/rd_collect.sh">
      <Filter>Misc Files</Filter>
    </Text>
    <Text Include="../../thirdparty/owemdjee/mozjpeg/rd_collect_sub.sh">
      <Filter>Misc Files</Filter>
    </Text>
    <Text Include="../../thirdparty/owemdjee/mozjpeg/rd_plot.sh">
      <Filter>Misc Files</Filter>
    </Text>
    <Text Include="../../thirdparty/owemdjee/mozjpeg/rdjpgcom.1">
      <Filter>Misc Files</Filter>
    </Text>
    <Text Include="../../thirdparty/owemdjee/mozjpeg/release/Config.cmake.in">
      <Filter>Misc Files\release</Filter>
    </Text>
    <Text Include="../../thirdparty/owemdjee/mozjpeg/release/Distribution.xml.in">
      <Filter>Misc Files\release</Filter>
    </Text>
    <Text Include="../../thirdparty/owemdjee/mozjpeg/release/License.rtf">
      <Filter>Misc Files\release</Filter>
    </Text>
    <Text Include="../../thirdparty/owemdjee/mozjpeg/release/ReadMe.txt">
      <Filter>Misc Files\release</Filter>
    </Text>
    <Text Include="../../thirdparty/owemdjee/mozjpeg/release/Welcome.rtf.in">
      <Filter>Misc Files\release</Filter>
    </Text>
    <Text Include="../../thirdparty/owemdjee/mozjpeg/release/deb-control.in">
      <Filter>Misc Files\release</Filter>
    </Text>
    <Text Include="../../thirdparty/owemdjee/mozjpeg/release/installer.nsi.in">
      <Filter>Misc Files\release</Filter>
    </Text>
    <Text Include="../../thirdparty/owemdjee/mozjpeg/release/libjpeg.pc.in">
      <Filter>Misc Files\release</Filter>
    </Text>
    <Text Include="../../thirdparty/owemdjee/mozjpeg/release/libturbojpeg.pc.in">
      <Filter>Misc Files\release</Filter>
    </Text>
    <Text Include="../../thirdparty/owemdjee/mozjpeg/release/makedpkg.in">
      <Filter>Misc Files\release</Filter>
    </Text>
    <Text Include="../../thirdparty/owemdjee/mozjpeg/release/makemacpkg.in">
      <Filter>Misc Files\release</Filter>
    </Text>
    <Text Include="../../thirdparty/owemdjee/mozjpeg/release/makerpm.in">
      <Filter>Misc Files\release</Filter>
    </Text>
    <Text Include="../../thirdparty/owemdjee/mozjpeg/release/makesrpm.in">
      <Filter>Misc Files\release</Filter>
    </Text>
    <Text Include="../../thirdparty/owemdjee/mozjpeg/release/maketarball.in">
      <Filter>Misc Files\release</Filter>
    </Text>
    <Text Include="../../thirdparty/owemdjee/mozjpeg/release/rpm.spec.in">
      <Filter>Misc Files\release</Filter>
    </Text>
    <Text Include="../../thirdparty/owemdjee/mozjpeg/release/uninstall.in">
      <Filter>Misc Files\release</Filter>
    </Text>
    <Text Include="../../thirdparty/owemdjee/mozjpeg/sharedlib/CMakeLists.txt">
      <Filter>Misc Files\sharedlib</Filter>
    </Text>
    <Text Include="../../thirdparty/owemdjee/mozjpeg/simd/CMakeLists.txt">
      <Filter>Misc Files\simd</Filter>
    </Text>
    <Text Include="../../thirdparty/owemdjee/mozjpeg/simd/arm/aarch32/jsimd_neon.S">
      <Filter>Misc Files\simd\arm\aarch32</Filter>
    </Text>
    <Text Include="../../thirdparty/owemdjee/mozjpeg/simd/arm/aarch64/jsimd_neon.S">
      <Filter>Misc Files\simd\arm\aarch64</Filter>
    </Text>
    <Text Include="../../thirdparty/owemdjee/mozjpeg/simd/arm/neon-compat.h.in">
      <Filter>Misc Files\simd\arm</Filter>
    </Text>
    <Text Include="../../thirdparty/owemdjee/mozjpeg/simd/mips/jsimd_dspr2.S">
      <Filter>Misc Files\simd\mips</Filter>
    </Text>
    <Text Include="../../thirdparty/owemdjee/mozjpeg/structure.txt">
      <Filter>Misc Files</Filter>
    </Text>
    <Text Include="../../thirdparty/owemdjee/mozjpeg/testimages/nightshot_iso_100.txt">
      <Filter>Misc Files\testimages</Filter>
    </Text>
    <Text Include="../../thirdparty/owemdjee/mozjpeg/testimages/test1.icc.txt">
      <Filter>Misc Files\testimages</Filter>
    </Text>
    <Text Include="../../thirdparty/owemdjee/mozjpeg/testimages/test2.icc.txt">
      <Filter>Misc Files\testimages</Filter>
    </Text>
    <Text Include="../../thirdparty/owemdjee/mozjpeg/tjbenchtest.in">
      <Filter>Misc Files</Filter>
    </Text>
    <Text Include="../../thirdparty/owemdjee/mozjpeg/tjbenchtest.java.in">
      <Filter>Misc Files</Filter>
    </Text>
    <Text Include="../../thirdparty/owemdjee/mozjpeg/tjexampletest.in">
      <Filter>Misc Files</Filter>
    </Text>
    <Text Include="../../thirdparty/owemdjee/mozjpeg/tjexampletest.java.in">
      <Filter>Misc Files</Filter>
    </Text>
    <Text Include="../../thirdparty/owemdjee/mozjpeg/usage.txt">
      <Filter>Misc Files</Filter>
    </Text>
    <Text Include="../../thirdparty/owemdjee/mozjpeg/win/gcc/projectTargets-release.cmake.in">
      <Filter>Misc Files\win\gcc</Filter>
    </Text>
    <Text Include="../../thirdparty/owemdjee/mozjpeg/win/jconfig.h.in">
      <Filter>Misc Files\win</Filter>
    </Text>
    <Text Include="../../thirdparty/owemdjee/mozjpeg/win/jpeg.rc.in">
      <Filter>Misc Files\win</Filter>
    </Text>
    <Text Include="../../thirdparty/owemdjee/mozjpeg/win/jpeg62-memsrcdst.def">
      <Filter>Misc Files\win</Filter>
    </Text>
    <Text Include="../../thirdparty/owemdjee/mozjpeg/win/jpeg62.def">
      <Filter>Misc Files\win</Filter>
    </Text>
    <Text Include="../../thirdparty/owemdjee/mozjpeg/win/jpeg7-memsrcdst.def">
      <Filter>Misc Files\win</Filter>
    </Text>
    <Text Include="../../thirdparty/owemdjee/mozjpeg/win/jpeg7.def">
      <Filter>Misc Files\win</Filter>
    </Text>
    <Text Include="../../thirdparty/owemdjee/mozjpeg/win/jpeg8.def">
      <Filter>Misc Files\win</Filter>
    </Text>
    <Text Include="../../thirdparty/owemdjee/mozjpeg/win/projectTargets.cmake.in">
      <Filter>Misc Files\win</Filter>
    </Text>
    <Text Include="../../thirdparty/owemdjee/mozjpeg/win/turbojpeg.rc.in">
      <Filter>Misc Files\win</Filter>
    </Text>
    <Text Include="../../thirdparty/owemdjee/mozjpeg/win/vc/projectTargets-release.cmake.in">
      <Filter>Misc Files\win\vc</Filter>
    </Text>
    <Text Include="../../thirdparty/owemdjee/mozjpeg/wizard.txt">
      <Filter>Misc Files</Filter>
    </Text>
    <Text Include="../../thirdparty/owemdjee/mozjpeg/wrjpgcom.1">
      <Filter>Misc Files</Filter>
    </Text>
  </ItemGroup>
</Project>
