<?xml version="1.0" encoding="utf-8"?>
<Project ToolsVersion="4.0" xmlns="http://schemas.microsoft.com/developer/msbuild/2003">
  <ItemGroup>
    <Filter Include="Source Files">
      <UniqueIdentifier>{d2a97047-4937-4f7a-ab2f-4485e03fd328}</UniqueIdentifier>
    </Filter>
    <Filter Include="Header Files">
      <UniqueIdentifier>{42f0fc98-34f6-4567-b3cf-de13e74a89ab}</UniqueIdentifier>
    </Filter>
    <Filter Include="Misc Files">
      <UniqueIdentifier>{b1798409-2031-413d-9df7-70b0202ddd98}</UniqueIdentifier>
    </Filter>
  </ItemGroup>
  <ItemGroup>
    <Filter Include="Misc Files\ci">
      <UniqueIdentifier>{d2a97047-4937-4f7a-ab2f-4485e03f0001}</UniqueIdentifier>
    </Filter>
    <Filter Include="Misc Files\cmake">
      <UniqueIdentifier>{d2a97047-4937-4f7a-ab2f-4485e03f0002}</UniqueIdentifier>
    </Filter>
    <Filter Include="Misc Files\projects">
      <UniqueIdentifier>{d2a97047-4937-4f7a-ab2f-4485e03f0004}</UniqueIdentifier>
    </Filter>
    <Filter Include="Misc Files\projects\visualc71">
      <UniqueIdentifier>{d2a97047-4937-4f7a-ab2f-4485e03f0003}</UniqueIdentifier>
    </Filter>
    <Filter Include="Misc Files\projects\vstudio">
      <UniqueIdentifier>{d2a97047-4937-4f7a-ab2f-4485e03f0005}</UniqueIdentifier>
    </Filter>
    <Filter Include="Resource Files">
      <UniqueIdentifier>{d2a97047-4937-4f7a-ab2f-4485e03f0006}</UniqueIdentifier>
    </Filter>
    <Filter Include="Source Files\intel">
      <UniqueIdentifier>{d2a97047-4937-4f7a-ab2f-4485e03f0007}</UniqueIdentifier>
    </Filter>
    <Filter Include="Source Files\loongson-mmi">
      <UniqueIdentifier>{d2a97047-4937-4f7a-ab2f-4485e03f0008}</UniqueIdentifier>
    </Filter>
  </ItemGroup>
  <ItemGroup>
    <ClCompile Include="../../thirdparty/libpng/example.c">
      <Filter>Source Files</Filter>
    </ClCompile>
    <ClCompile Include="../../thirdparty/libpng/intel/filter_sse2_intrinsics.c">
      <Filter>Source Files\intel</Filter>
    </ClCompile>
    <ClCompile Include="../../thirdparty/libpng/intel/intel_init.c">
      <Filter>Source Files\intel</Filter>
    </ClCompile>
    <ClCompile Include="../../thirdparty/libpng/loongson-mmi/filter_mmi_intrinsics.c">
      <Filter>Source Files\loongson-mmi</Filter>
    </ClCompile>
    <ClCompile Include="../../thirdparty/libpng/loongson-mmi/loongson_mmi_init.c">
      <Filter>Source Files\loongson-mmi</Filter>
    </ClCompile>
    <ClCompile Include="../../thirdparty/libpng/png.c">
      <Filter>Source Files</Filter>
    </ClCompile>
    <ClCompile Include="../../thirdparty/libpng/pngerror.c">
      <Filter>Source Files</Filter>
    </ClCompile>
    <ClCompile Include="../../thirdparty/libpng/pngget.c">
      <Filter>Source Files</Filter>
    </ClCompile>
    <ClCompile Include="../../thirdparty/libpng/pngmem.c">
      <Filter>Source Files</Filter>
    </ClCompile>
    <ClCompile Include="../../thirdparty/libpng/pngpread.c">
      <Filter>Source Files</Filter>
    </ClCompile>
    <ClCompile Include="../../thirdparty/libpng/pngread.c">
      <Filter>Source Files</Filter>
    </ClCompile>
    <ClCompile Include="../../thirdparty/libpng/pngrio.c">
      <Filter>Source Files</Filter>
    </ClCompile>
    <ClCompile Include="../../thirdparty/libpng/pngrtran.c">
      <Filter>Source Files</Filter>
    </ClCompile>
    <ClCompile Include="../../thirdparty/libpng/pngrutil.c">
      <Filter>Source Files</Filter>
    </ClCompile>
    <ClCompile Include="../../thirdparty/libpng/pngset.c">
      <Filter>Source Files</Filter>
    </ClCompile>
    <ClCompile Include="../../thirdparty/libpng/pngtest.c">
      <Filter>Source Files</Filter>
    </ClCompile>
    <ClCompile Include="../../thirdparty/libpng/pngtrans.c">
      <Filter>Source Files</Filter>
    </ClCompile>
    <ClCompile Include="../../thirdparty/libpng/pngwio.c">
      <Filter>Source Files</Filter>
    </ClCompile>
    <ClCompile Include="../../thirdparty/libpng/pngwrite.c">
      <Filter>Source Files</Filter>
    </ClCompile>
    <ClCompile Include="../../thirdparty/libpng/pngwtran.c">
      <Filter>Source Files</Filter>
    </ClCompile>
    <ClCompile Include="../../thirdparty/libpng/pngwutil.c">
      <Filter>Source Files</Filter>
    </ClCompile>
    <ClInclude Include="../../thirdparty/libpng/png.h">
      <Filter>Header Files</Filter>
    </ClInclude>
    <ClInclude Include="../../thirdparty/libpng/pngconf.h">
      <Filter>Header Files</Filter>
    </ClInclude>
    <ClInclude Include="../../thirdparty/libpng/pngdebug.h">
      <Filter>Header Files</Filter>
    </ClInclude>
    <ClInclude Include="../../thirdparty/libpng/pnginfo.h">
      <Filter>Header Files</Filter>
    </ClInclude>
    <ClInclude Include="../../thirdparty/libpng/pnglibconf.h">
      <Filter>Header Files</Filter>
    </ClInclude>
    <ClInclude Include="../../thirdparty/libpng/pngpriv.h">
      <Filter>Header Files</Filter>
    </ClInclude>
    <ClInclude Include="../../thirdparty/libpng/pngstruct.h">
      <Filter>Header Files</Filter>
    </ClInclude>
    <Image Include="../../thirdparty/libpng/pngbar.jpg">
      <Filter>Resource Files</Filter>
    </Image>
    <Image Include="../../thirdparty/libpng/pngbar.png">
      <Filter>Resource Files</Filter>
    </Image>
    <Image Include="../../thirdparty/libpng/pngnow.png">
      <Filter>Resource Files</Filter>
    </Image>
    <Image Include="../../thirdparty/libpng/pngtest.png">
      <Filter>Resource Files</Filter>
    </Image>
    <Text Include="../../thirdparty/libpng/CHANGES">
      <Filter>Misc Files</Filter>
    </Text>
    <Text Include="../../thirdparty/libpng/CMakeLists.txt">
      <Filter>Misc Files</Filter>
    </Text>
    <Text Include="../../thirdparty/libpng/Makefile.am">
      <Filter>Misc Files</Filter>
    </Text>
    <Text Include="../../thirdparty/libpng/Makefile.in">
      <Filter>Misc Files</Filter>
    </Text>
    <Text Include="../../thirdparty/libpng/README">
      <Filter>Misc Files</Filter>
    </Text>
    <Text Include="../../thirdparty/libpng/TODO">
      <Filter>Misc Files</Filter>
    </Text>
    <Text Include="../../thirdparty/libpng/autogen.sh">
      <Filter>Misc Files</Filter>
    </Text>
    <Text Include="../../thirdparty/libpng/ci/ci_verify_cmake.sh">
      <Filter>Misc Files\ci</Filter>
    </Text>
    <Text Include="../../thirdparty/libpng/ci/ci_verify_configure.sh">
      <Filter>Misc Files\ci</Filter>
    </Text>
    <Text Include="../../thirdparty/libpng/ci/ci_verify_makefiles.sh">
      <Filter>Misc Files\ci</Filter>
    </Text>
    <Text Include="../../thirdparty/libpng/cmake/FindPNG.cmake">
      <Filter>Misc Files\cmake</Filter>
    </Text>
    <Text Include="../../thirdparty/libpng/config.h.in">
      <Filter>Misc Files</Filter>
    </Text>
    <Text Include="../../thirdparty/libpng/configure.ac">
      <Filter>Misc Files</Filter>
    </Text>
    <Text Include="../../thirdparty/libpng/libpng-config.in">
      <Filter>Misc Files</Filter>
    </Text>
    <Text Include="../../thirdparty/libpng/libpng-manual.txt">
      <Filter>Misc Files</Filter>
    </Text>
    <Text Include="../../thirdparty/libpng/libpng.pc.in">
      <Filter>Misc Files</Filter>
    </Text>
    <Text Include="../../thirdparty/libpng/ltmain.sh">
      <Filter>Misc Files</Filter>
    </Text>
    <Text Include="../../thirdparty/libpng/package.py">
      <Filter>Misc Files</Filter>
    </Text>
    <Text Include="../../thirdparty/libpng/projects/visualc71/README.txt">
      <Filter>Misc Files\projects\visualc71</Filter>
    </Text>
    <Text Include="../../thirdparty/libpng/projects/visualc71/README_zlib.txt">
      <Filter>Misc Files\projects\visualc71</Filter>
    </Text>
    <Text Include="../../thirdparty/libpng/projects/vstudio/README.txt">
      <Filter>Misc Files\projects\vstudio</Filter>
    </Text>
    <Text Include="../../thirdparty/libpng/run_cmake.sh">
      <Filter>Misc Files</Filter>
    </Text>
  </ItemGroup>
</Project>
