<?xml version="1.0" encoding="utf-8"?>
<Project ToolsVersion="4.0" xmlns="http://schemas.microsoft.com/developer/msbuild/2003">
  <ItemGroup>
    <Filter Include="Source Files">
      <UniqueIdentifier>{d2a97047-4937-4f7a-ab2f-4485e03fd328}</UniqueIdentifier>
    </Filter>
    <Filter Include="Header Files">
      <UniqueIdentifier>{42f0fc98-34f6-4567-b3cf-de13e74a89ab}</UniqueIdentifier>
    </Filter>
    <Filter Include="Misc Files">
      <UniqueIdentifier>{b1798409-2031-413d-9df7-70b0202ddd98}</UniqueIdentifier>
    </Filter>
  </ItemGroup>
  <ItemGroup>
    <Filter Include="Header Files\inc">
      <UniqueIdentifier>{d2a97047-4937-4f7a-ab2f-4485e03f0001}</UniqueIdentifier>
    </Filter>
    <Filter Include="Misc Files\cmake">
      <UniqueIdentifier>{d2a97047-4937-4f7a-ab2f-4485e03f0002}</UniqueIdentifier>
    </Filter>
    <Filter Include="Source Files\src">
      <UniqueIdentifier>{d2a97047-4937-4f7a-ab2f-4485e03f0003}</UniqueIdentifier>
    </Filter>
  </ItemGroup>
  <ItemGroup>
    <ClCompile Include="../../thirdparty/owemdjee/VQMT/src/MSSSIM.cpp">
      <Filter>Source Files\src</Filter>
    </ClCompile>
    <ClCompile Include="../../thirdparty/owemdjee/VQMT/src/Metric.cpp">
      <Filter>Source Files\src</Filter>
    </ClCompile>
    <ClCompile Include="../../thirdparty/owemdjee/VQMT/src/PSNR.cpp">
      <Filter>Source Files\src</Filter>
    </ClCompile>
    <ClCompile Include="../../thirdparty/owemdjee/VQMT/src/PSNRHVS.cpp">
      <Filter>Source Files\src</Filter>
    </ClCompile>
    <ClCompile Include="../../thirdparty/owemdjee/VQMT/src/SSIM.cpp">
      <Filter>Source Files\src</Filter>
    </ClCompile>
    <ClCompile Include="../../thirdparty/owemdjee/VQMT/src/VIFP.cpp">
      <Filter>Source Files\src</Filter>
    </ClCompile>
    <ClCompile Include="../../thirdparty/owemdjee/VQMT/src/VideoYUV.cpp">
      <Filter>Source Files\src</Filter>
    </ClCompile>
    <ClCompile Include="../../thirdparty/owemdjee/VQMT/src/main.cpp">
      <Filter>Source Files\src</Filter>
    </ClCompile>
    <ClInclude Include="../../thirdparty/owemdjee/VQMT/inc/MSSSIM.hpp">
      <Filter>Header Files\inc</Filter>
    </ClInclude>
    <ClInclude Include="../../thirdparty/owemdjee/VQMT/inc/Metric.hpp">
      <Filter>Header Files\inc</Filter>
    </ClInclude>
    <ClInclude Include="../../thirdparty/owemdjee/VQMT/inc/PSNR.hpp">
      <Filter>Header Files\inc</Filter>
    </ClInclude>
    <ClInclude Include="../../thirdparty/owemdjee/VQMT/inc/PSNRHVS.hpp">
      <Filter>Header Files\inc</Filter>
    </ClInclude>
    <ClInclude Include="../../thirdparty/owemdjee/VQMT/inc/SSIM.hpp">
      <Filter>Header Files\inc</Filter>
    </ClInclude>
    <ClInclude Include="../../thirdparty/owemdjee/VQMT/inc/VIFP.hpp">
      <Filter>Header Files\inc</Filter>
    </ClInclude>
    <ClInclude Include="../../thirdparty/owemdjee/VQMT/inc/VideoYUV.hpp">
      <Filter>Header Files\inc</Filter>
    </ClInclude>
    <Text Include="../../thirdparty/owemdjee/VQMT/AUTHORS.md">
      <Filter>Misc Files</Filter>
    </Text>
    <Text Include="../../thirdparty/owemdjee/VQMT/CHANGELOG.md">
      <Filter>Misc Files</Filter>
    </Text>
    <Text Include="../../thirdparty/owemdjee/VQMT/CMakeLists.txt">
      <Filter>Misc Files</Filter>
    </Text>
    <Text Include="../../thirdparty/owemdjee/VQMT/README.md">
      <Filter>Misc Files</Filter>
    </Text>
    <Text Include="../../thirdparty/owemdjee/VQMT/cmake/cmake_uninstall.cmake.in">
      <Filter>Misc Files\cmake</Filter>
    </Text>
    <Text Include="../../thirdparty/owemdjee/VQMT/readme.txt">
      <Filter>Misc Files</Filter>
    </Text>
  </ItemGroup>
</Project>
