<?xml version="1.0" encoding="utf-8"?>
<Project ToolsVersion="4.0" xmlns="http://schemas.microsoft.com/developer/msbuild/2003">
  <ItemGroup>
    <Filter Include="Source Files">
      <UniqueIdentifier>{d2a97047-4937-4f7a-ab2f-4485e03fd328}</UniqueIdentifier>
    </Filter>
    <Filter Include="Header Files">
      <UniqueIdentifier>{42f0fc98-34f6-4567-b3cf-de13e74a89ab}</UniqueIdentifier>
    </Filter>
    <Filter Include="Misc Files">
      <UniqueIdentifier>{b1798409-2031-413d-9df7-70b0202ddd98}</UniqueIdentifier>
    </Filter>
  </ItemGroup>
  <ItemGroup>
    <Filter Include="Header Files\include">
      <UniqueIdentifier>{d2a97047-4937-4f7a-ab2f-4485e03f0002}</UniqueIdentifier>
    </Filter>
    <Filter Include="Header Files\include\wil">
      <UniqueIdentifier>{d2a97047-4937-4f7a-ab2f-4485e03f0001}</UniqueIdentifier>
    </Filter>
    <Filter Include="Header Files\tests">
      <UniqueIdentifier>{d2a97047-4937-4f7a-ab2f-4485e03f0003}</UniqueIdentifier>
    </Filter>
    <Filter Include="Header Files\tests\workarounds">
      <UniqueIdentifier>{d2a97047-4937-4f7a-ab2f-4485e03f0006}</UniqueIdentifier>
    </Filter>
    <Filter Include="Header Files\tests\workarounds\wrl">
      <UniqueIdentifier>{d2a97047-4937-4f7a-ab2f-4485e03f0005}</UniqueIdentifier>
    </Filter>
    <Filter Include="Header Files\tests\workarounds\wrl\wrl">
      <UniqueIdentifier>{d2a97047-4937-4f7a-ab2f-4485e03f0004}</UniqueIdentifier>
    </Filter>
    <Filter Include="Misc Files\cmake">
      <UniqueIdentifier>{d2a97047-4937-4f7a-ab2f-4485e03f0007}</UniqueIdentifier>
    </Filter>
    <Filter Include="Misc Files\natvis">
      <UniqueIdentifier>{d2a97047-4937-4f7a-ab2f-4485e03f0008}</UniqueIdentifier>
    </Filter>
    <Filter Include="Misc Files\packaging">
      <UniqueIdentifier>{d2a97047-4937-4f7a-ab2f-4485e03f0009}</UniqueIdentifier>
    </Filter>
    <Filter Include="Misc Files\packaging\nuget">
      <UniqueIdentifier>{d2a97047-4937-4f7a-ab2f-4485e03f0010}</UniqueIdentifier>
    </Filter>
    <Filter Include="Misc Files\scripts">
      <UniqueIdentifier>{d2a97047-4937-4f7a-ab2f-4485e03f0011}</UniqueIdentifier>
    </Filter>
    <Filter Include="Misc Files\tests">
      <UniqueIdentifier>{d2a97047-4937-4f7a-ab2f-4485e03f0012}</UniqueIdentifier>
    </Filter>
    <Filter Include="Misc Files\tests\app">
      <UniqueIdentifier>{d2a97047-4937-4f7a-ab2f-4485e03f0013}</UniqueIdentifier>
    </Filter>
    <Filter Include="Misc Files\tests\cpplatest">
      <UniqueIdentifier>{d2a97047-4937-4f7a-ab2f-4485e03f0014}</UniqueIdentifier>
    </Filter>
    <Filter Include="Misc Files\tests\noexcept">
      <UniqueIdentifier>{d2a97047-4937-4f7a-ab2f-4485e03f0015}</UniqueIdentifier>
    </Filter>
    <Filter Include="Misc Files\tests\normal">
      <UniqueIdentifier>{d2a97047-4937-4f7a-ab2f-4485e03f0016}</UniqueIdentifier>
    </Filter>
    <Filter Include="Misc Files\tests\sanitize-address">
      <UniqueIdentifier>{d2a97047-4937-4f7a-ab2f-4485e03f0017}</UniqueIdentifier>
    </Filter>
    <Filter Include="Misc Files\tests\sanitize-undefined-behavior">
      <UniqueIdentifier>{d2a97047-4937-4f7a-ab2f-4485e03f0018}</UniqueIdentifier>
    </Filter>
    <Filter Include="Misc Files\tests\win7">
      <UniqueIdentifier>{d2a97047-4937-4f7a-ab2f-4485e03f0019}</UniqueIdentifier>
    </Filter>
    <Filter Include="Misc Files\tests\workarounds">
      <UniqueIdentifier>{d2a97047-4937-4f7a-ab2f-4485e03f0020}</UniqueIdentifier>
    </Filter>
    <Filter Include="Source Files\tests">
      <UniqueIdentifier>{d2a97047-4937-4f7a-ab2f-4485e03f0021}</UniqueIdentifier>
    </Filter>
  </ItemGroup>
  <ItemGroup>
    <ClCompile Include="../../thirdparty/owemdjee/libwil/tests/ComApartmentVariableTests.cpp">
      <Filter>Source Files\tests</Filter>
    </ClCompile>
    <ClCompile Include="../../thirdparty/owemdjee/libwil/tests/ComTests.cpp">
      <Filter>Source Files\tests</Filter>
    </ClCompile>
    <ClCompile Include="../../thirdparty/owemdjee/libwil/tests/CommonTests.cpp">
      <Filter>Source Files\tests</Filter>
    </ClCompile>
    <ClCompile Include="../../thirdparty/owemdjee/libwil/tests/CppWinRT20Tests.cpp">
      <Filter>Source Files\tests</Filter>
    </ClCompile>
    <ClCompile Include="../../thirdparty/owemdjee/libwil/tests/CppWinRTAuthoringTests.cpp">
      <Filter>Source Files\tests</Filter>
    </ClCompile>
    <ClCompile Include="../../thirdparty/owemdjee/libwil/tests/CppWinRTTests.cpp">
      <Filter>Source Files\tests</Filter>
    </ClCompile>
    <ClCompile Include="../../thirdparty/owemdjee/libwil/tests/FileSystemTests.cpp">
      <Filter>Source Files\tests</Filter>
    </ClCompile>
    <ClCompile Include="../../thirdparty/owemdjee/libwil/tests/NtResultTests.cpp">
      <Filter>Source Files\tests</Filter>
    </ClCompile>
    <ClCompile Include="../../thirdparty/owemdjee/libwil/tests/RegistryTests.cpp">
      <Filter>Source Files\tests</Filter>
    </ClCompile>
    <ClCompile Include="../../thirdparty/owemdjee/libwil/tests/ResourceTests.cpp">
      <Filter>Source Files\tests</Filter>
    </ClCompile>
    <ClCompile Include="../../thirdparty/owemdjee/libwil/tests/ResultTests.cpp">
      <Filter>Source Files\tests</Filter>
    </ClCompile>
    <ClCompile Include="../../thirdparty/owemdjee/libwil/tests/Rpc.cpp">
      <Filter>Source Files\tests</Filter>
    </ClCompile>
    <ClCompile Include="../../thirdparty/owemdjee/libwil/tests/SafeCastTests.cpp">
      <Filter>Source Files\tests</Filter>
    </ClCompile>
    <ClCompile Include="../../thirdparty/owemdjee/libwil/tests/StlTests.cpp">
      <Filter>Source Files\tests</Filter>
    </ClCompile>
    <ClCompile Include="../../thirdparty/owemdjee/libwil/tests/TokenHelpersTests.cpp">
      <Filter>Source Files\tests</Filter>
    </ClCompile>
    <ClCompile Include="../../thirdparty/owemdjee/libwil/tests/TraceLoggingTests.cpp">
      <Filter>Source Files\tests</Filter>
    </ClCompile>
    <ClCompile Include="../../thirdparty/owemdjee/libwil/tests/TraceLoggingTests_PartB.cpp">
      <Filter>Source Files\tests</Filter>
    </ClCompile>
    <ClCompile Include="../../thirdparty/owemdjee/libwil/tests/UniqueWinRTEventTokenTests.cpp">
      <Filter>Source Files\tests</Filter>
    </ClCompile>
    <ClCompile Include="../../thirdparty/owemdjee/libwil/tests/WatcherTests.cpp">
      <Filter>Source Files\tests</Filter>
    </ClCompile>
    <ClCompile Include="../../thirdparty/owemdjee/libwil/tests/WinRTTests.cpp">
      <Filter>Source Files\tests</Filter>
    </ClCompile>
    <ClCompile Include="../../thirdparty/owemdjee/libwil/tests/WinVerifyTrustTest.cpp">
      <Filter>Source Files\tests</Filter>
    </ClCompile>
    <ClCompile Include="../../thirdparty/owemdjee/libwil/tests/WistdTests.cpp">
      <Filter>Source Files\tests</Filter>
    </ClCompile>
    <ClCompile Include="../../thirdparty/owemdjee/libwil/tests/main.cpp">
      <Filter>Source Files\tests</Filter>
    </ClCompile>
    <ClCompile Include="../../thirdparty/owemdjee/libwil/tests/wiTest.cpp">
      <Filter>Source Files\tests</Filter>
    </ClCompile>
    <ClInclude Include="../../thirdparty/owemdjee/libwil/include/wil/Tracelogging.h">
      <Filter>Header Files\include\wil</Filter>
    </ClInclude>
    <ClInclude Include="../../thirdparty/owemdjee/libwil/include/wil/com.h">
      <Filter>Header Files\include\wil</Filter>
    </ClInclude>
    <ClInclude Include="../../thirdparty/owemdjee/libwil/include/wil/com_apartment_variable.h">
      <Filter>Header Files\include\wil</Filter>
    </ClInclude>
    <ClInclude Include="../../thirdparty/owemdjee/libwil/include/wil/common.h">
      <Filter>Header Files\include\wil</Filter>
    </ClInclude>
    <ClInclude Include="../../thirdparty/owemdjee/libwil/include/wil/coroutine.h">
      <Filter>Header Files\include\wil</Filter>
    </ClInclude>
    <ClInclude Include="../../thirdparty/owemdjee/libwil/include/wil/cppwinrt.h">
      <Filter>Header Files\include\wil</Filter>
    </ClInclude>
    <ClInclude Include="../../thirdparty/owemdjee/libwil/include/wil/cppwinrt_authoring.h">
      <Filter>Header Files\include\wil</Filter>
    </ClInclude>
    <ClInclude Include="../../thirdparty/owemdjee/libwil/include/wil/cppwinrt_helpers.h">
      <Filter>Header Files\include\wil</Filter>
    </ClInclude>
    <ClInclude Include="../../thirdparty/owemdjee/libwil/include/wil/cppwinrt_wrl.h">
      <Filter>Header Files\include\wil</Filter>
    </ClInclude>
    <ClInclude Include="../../thirdparty/owemdjee/libwil/include/wil/filesystem.h">
      <Filter>Header Files\include\wil</Filter>
    </ClInclude>
    <ClInclude Include="../../thirdparty/owemdjee/libwil/include/wil/nt_result_macros.h">
      <Filter>Header Files\include\wil</Filter>
    </ClInclude>
    <ClInclude Include="../../thirdparty/owemdjee/libwil/include/wil/registry.h">
      <Filter>Header Files\include\wil</Filter>
    </ClInclude>
    <ClInclude Include="../../thirdparty/owemdjee/libwil/include/wil/registry_helpers.h">
      <Filter>Header Files\include\wil</Filter>
    </ClInclude>
    <ClInclude Include="../../thirdparty/owemdjee/libwil/include/wil/resource.h">
      <Filter>Header Files\include\wil</Filter>
    </ClInclude>
    <ClInclude Include="../../thirdparty/owemdjee/libwil/include/wil/result.h">
      <Filter>Header Files\include\wil</Filter>
    </ClInclude>
    <ClInclude Include="../../thirdparty/owemdjee/libwil/include/wil/result_macros.h">
      <Filter>Header Files\include\wil</Filter>
    </ClInclude>
    <ClInclude Include="../../thirdparty/owemdjee/libwil/include/wil/result_originate.h">
      <Filter>Header Files\include\wil</Filter>
    </ClInclude>
    <ClInclude Include="../../thirdparty/owemdjee/libwil/include/wil/rpc_helpers.h">
      <Filter>Header Files\include\wil</Filter>
    </ClInclude>
    <ClInclude Include="../../thirdparty/owemdjee/libwil/include/wil/safecast.h">
      <Filter>Header Files\include\wil</Filter>
    </ClInclude>
    <ClInclude Include="../../thirdparty/owemdjee/libwil/include/wil/stl.h">
      <Filter>Header Files\include\wil</Filter>
    </ClInclude>
    <ClInclude Include="../../thirdparty/owemdjee/libwil/include/wil/token_helpers.h">
      <Filter>Header Files\include\wil</Filter>
    </ClInclude>
    <ClInclude Include="../../thirdparty/owemdjee/libwil/include/wil/traceloggingconfig.h">
      <Filter>Header Files\include\wil</Filter>
    </ClInclude>
    <ClInclude Include="../../thirdparty/owemdjee/libwil/include/wil/win32_helpers.h">
      <Filter>Header Files\include\wil</Filter>
    </ClInclude>
    <ClInclude Include="../../thirdparty/owemdjee/libwil/include/wil/win32_result_macros.h">
      <Filter>Header Files\include\wil</Filter>
    </ClInclude>
    <ClInclude Include="../../thirdparty/owemdjee/libwil/include/wil/winrt.h">
      <Filter>Header Files\include\wil</Filter>
    </ClInclude>
    <ClInclude Include="../../thirdparty/owemdjee/libwil/include/wil/wistd_config.h">
      <Filter>Header Files\include\wil</Filter>
    </ClInclude>
    <ClInclude Include="../../thirdparty/owemdjee/libwil/include/wil/wistd_functional.h">
      <Filter>Header Files\include\wil</Filter>
    </ClInclude>
    <ClInclude Include="../../thirdparty/owemdjee/libwil/include/wil/wistd_memory.h">
      <Filter>Header Files\include\wil</Filter>
    </ClInclude>
    <ClInclude Include="../../thirdparty/owemdjee/libwil/include/wil/wistd_type_traits.h">
      <Filter>Header Files\include\wil</Filter>
    </ClInclude>
    <ClInclude Include="../../thirdparty/owemdjee/libwil/include/wil/wrl.h">
      <Filter>Header Files\include\wil</Filter>
    </ClInclude>
    <ClInclude Include="../../thirdparty/owemdjee/libwil/tests/FakeWinRTTypes.h">
      <Filter>Header Files\tests</Filter>
    </ClInclude>
    <ClInclude Include="../../thirdparty/owemdjee/libwil/tests/MallocSpy.h">
      <Filter>Header Files\tests</Filter>
    </ClInclude>
    <ClInclude Include="../../thirdparty/owemdjee/libwil/tests/TraceLoggingTests.h">
      <Filter>Header Files\tests</Filter>
    </ClInclude>
    <ClInclude Include="../../thirdparty/owemdjee/libwil/tests/catch.hpp">
      <Filter>Header Files\tests</Filter>
    </ClInclude>
    <ClInclude Include="../../thirdparty/owemdjee/libwil/tests/common.h">
      <Filter>Header Files\tests</Filter>
    </ClInclude>
    <ClInclude Include="../../thirdparty/owemdjee/libwil/tests/test_objects.h">
      <Filter>Header Files\tests</Filter>
    </ClInclude>
    <ClInclude Include="../../thirdparty/owemdjee/libwil/tests/workarounds/wrl/wrl/async.h">
      <Filter>Header Files\tests\workarounds\wrl\wrl</Filter>
    </ClInclude>
    <ClInclude Include="../../thirdparty/owemdjee/libwil/tests/workarounds/wrl/wrl/implements.h">
      <Filter>Header Files\tests\workarounds\wrl\wrl</Filter>
    </ClInclude>
    <Text Include="../../thirdparty/owemdjee/libwil/CMakeLists.txt">
      <Filter>Misc Files</Filter>
    </Text>
    <Text Include="../../thirdparty/owemdjee/libwil/CODE_OF_CONDUCT.md">
      <Filter>Misc Files</Filter>
    </Text>
    <Text Include="../../thirdparty/owemdjee/libwil/LICENSE">
      <Filter>Misc Files</Filter>
    </Text>
    <Text Include="../../thirdparty/owemdjee/libwil/README.md">
      <Filter>Misc Files</Filter>
    </Text>
    <Text Include="../../thirdparty/owemdjee/libwil/SECURITY.md">
      <Filter>Misc Files</Filter>
    </Text>
    <Text Include="../../thirdparty/owemdjee/libwil/ThirdPartyNotices.txt">
      <Filter>Misc Files</Filter>
    </Text>
    <Text Include="../../thirdparty/owemdjee/libwil/cmake/common_build_flags.cmake">
      <Filter>Misc Files\cmake</Filter>
    </Text>
    <Text Include="../../thirdparty/owemdjee/libwil/natvis/wil.natvis">
      <Filter>Misc Files\natvis</Filter>
    </Text>
    <Text Include="../../thirdparty/owemdjee/libwil/packaging/CMakeLists.txt">
      <Filter>Misc Files\packaging</Filter>
    </Text>
    <Text Include="../../thirdparty/owemdjee/libwil/packaging/nuget/CMakeLists.txt">
      <Filter>Misc Files\packaging\nuget</Filter>
    </Text>
    <Text Include="../../thirdparty/owemdjee/libwil/packaging/nuget/Microsoft.Windows.ImplementationLibrary.nuspec">
      <Filter>Misc Files\packaging\nuget</Filter>
    </Text>
    <Text Include="../../thirdparty/owemdjee/libwil/packaging/nuget/Microsoft.Windows.ImplementationLibrary.targets">
      <Filter>Misc Files\packaging\nuget</Filter>
    </Text>
    <Text Include="../../thirdparty/owemdjee/libwil/scripts/azure-pipelines.yml">
      <Filter>Misc Files\scripts</Filter>
    </Text>
    <Text Include="../../thirdparty/owemdjee/libwil/scripts/build_all.cmd">
      <Filter>Misc Files\scripts</Filter>
    </Text>
    <Text Include="../../thirdparty/owemdjee/libwil/scripts/init.cmd">
      <Filter>Misc Files\scripts</Filter>
    </Text>
    <Text Include="../../thirdparty/owemdjee/libwil/scripts/init_all.cmd">
      <Filter>Misc Files\scripts</Filter>
    </Text>
    <Text Include="../../thirdparty/owemdjee/libwil/scripts/runtests.cmd">
      <Filter>Misc Files\scripts</Filter>
    </Text>
    <Text Include="../../thirdparty/owemdjee/libwil/tests/CMakeLists.txt">
      <Filter>Misc Files\tests</Filter>
    </Text>
    <Text Include="../../thirdparty/owemdjee/libwil/tests/app/CMakeLists.txt">
      <Filter>Misc Files\tests\app</Filter>
    </Text>
    <Text Include="../../thirdparty/owemdjee/libwil/tests/cpplatest/CMakeLists.txt">
      <Filter>Misc Files\tests\cpplatest</Filter>
    </Text>
    <Text Include="../../thirdparty/owemdjee/libwil/tests/cpplatest/app.manifest">
      <Filter>Misc Files\tests\cpplatest</Filter>
    </Text>
    <Text Include="../../thirdparty/owemdjee/libwil/tests/noexcept/CMakeLists.txt">
      <Filter>Misc Files\tests\noexcept</Filter>
    </Text>
    <Text Include="../../thirdparty/owemdjee/libwil/tests/normal/CMakeLists.txt">
      <Filter>Misc Files\tests\normal</Filter>
    </Text>
    <Text Include="../../thirdparty/owemdjee/libwil/tests/sanitize-address/CMakeLists.txt">
      <Filter>Misc Files\tests\sanitize-address</Filter>
    </Text>
    <Text Include="../../thirdparty/owemdjee/libwil/tests/sanitize-undefined-behavior/CMakeLists.txt">
      <Filter>Misc Files\tests\sanitize-undefined-behavior</Filter>
    </Text>
    <Text Include="../../thirdparty/owemdjee/libwil/tests/win7/CMakeLists.txt">
      <Filter>Misc Files\tests\win7</Filter>
    </Text>
    <Text Include="../../thirdparty/owemdjee/libwil/tests/workarounds/readme.md">
      <Filter>Misc Files\tests\workarounds</Filter>
    </Text>
  </ItemGroup>
</Project>
