<?xml version="1.0" encoding="utf-8"?>
<Project ToolsVersion="4.0" xmlns="http://schemas.microsoft.com/developer/msbuild/2003">
  <ItemGroup>
    <Filter Include="Source Files">
      <UniqueIdentifier>{d2a97047-4937-4f7a-ab2f-4485e03fd328}</UniqueIdentifier>
    </Filter>
    <Filter Include="Header Files">
      <UniqueIdentifier>{42f0fc98-34f6-4567-b3cf-de13e74a89ab}</UniqueIdentifier>
    </Filter>
    <Filter Include="Misc Files">
      <UniqueIdentifier>{b1798409-2031-413d-9df7-70b0202ddd98}</UniqueIdentifier>
    </Filter>
  </ItemGroup>
  <ItemGroup>
    <Filter Include="Misc Files\many_stop_words">
      <UniqueIdentifier>{d2a97047-4937-4f7a-ab2f-4485e03f0001}</UniqueIdentifier>
    </Filter>
    <Filter Include="Misc Files\many_stop_words\tests">
      <UniqueIdentifier>{d2a97047-4937-4f7a-ab2f-4485e03f0002}</UniqueIdentifier>
    </Filter>
    <Filter Include="Misc Files\orig">
      <UniqueIdentifier>{d2a97047-4937-4f7a-ab2f-4485e03f0003}</UniqueIdentifier>
    </Filter>
  </ItemGroup>
  <ItemGroup>
    <Text Include="../../thirdparty/owemdjee/many-stop-words/MANIFEST.in">
      <Filter>Misc Files</Filter>
    </Text>
    <Text Include="../../thirdparty/owemdjee/many-stop-words/README.md">
      <Filter>Misc Files</Filter>
    </Text>
    <Text Include="../../thirdparty/owemdjee/many-stop-words/many_stop_words/__init__.py">
      <Filter>Misc Files\many_stop_words</Filter>
    </Text>
    <Text Include="../../thirdparty/owemdjee/many-stop-words/many_stop_words/stopwords-ar.txt">
      <Filter>Misc Files\many_stop_words</Filter>
    </Text>
    <Text Include="../../thirdparty/owemdjee/many-stop-words/many_stop_words/stopwords-ca.txt">
      <Filter>Misc Files\many_stop_words</Filter>
    </Text>
    <Text Include="../../thirdparty/owemdjee/many-stop-words/many_stop_words/stopwords-cs.txt">
      <Filter>Misc Files\many_stop_words</Filter>
    </Text>
    <Text Include="../../thirdparty/owemdjee/many-stop-words/many_stop_words/stopwords-de.txt">
      <Filter>Misc Files\many_stop_words</Filter>
    </Text>
    <Text Include="../../thirdparty/owemdjee/many-stop-words/many_stop_words/stopwords-el.txt">
      <Filter>Misc Files\many_stop_words</Filter>
    </Text>
    <Text Include="../../thirdparty/owemdjee/many-stop-words/many_stop_words/stopwords-en.txt">
      <Filter>Misc Files\many_stop_words</Filter>
    </Text>
    <Text Include="../../thirdparty/owemdjee/many-stop-words/many_stop_words/stopwords-es.txt">
      <Filter>Misc Files\many_stop_words</Filter>
    </Text>
    <Text Include="../../thirdparty/owemdjee/many-stop-words/many_stop_words/stopwords-fi.txt">
      <Filter>Misc Files\many_stop_words</Filter>
    </Text>
    <Text Include="../../thirdparty/owemdjee/many-stop-words/many_stop_words/stopwords-fr.txt">
      <Filter>Misc Files\many_stop_words</Filter>
    </Text>
    <Text Include="../../thirdparty/owemdjee/many-stop-words/many_stop_words/stopwords-hu.txt">
      <Filter>Misc Files\many_stop_words</Filter>
    </Text>
    <Text Include="../../thirdparty/owemdjee/many-stop-words/many_stop_words/stopwords-it.txt">
      <Filter>Misc Files\many_stop_words</Filter>
    </Text>
    <Text Include="../../thirdparty/owemdjee/many-stop-words/many_stop_words/stopwords-ja.txt">
      <Filter>Misc Files\many_stop_words</Filter>
    </Text>
    <Text Include="../../thirdparty/owemdjee/many-stop-words/many_stop_words/stopwords-kr.txt">
      <Filter>Misc Files\many_stop_words</Filter>
    </Text>
    <Text Include="../../thirdparty/owemdjee/many-stop-words/many_stop_words/stopwords-nl.txt">
      <Filter>Misc Files\many_stop_words</Filter>
    </Text>
    <Text Include="../../thirdparty/owemdjee/many-stop-words/many_stop_words/stopwords-no.txt">
      <Filter>Misc Files\many_stop_words</Filter>
    </Text>
    <Text Include="../../thirdparty/owemdjee/many-stop-words/many_stop_words/stopwords-pl.txt">
      <Filter>Misc Files\many_stop_words</Filter>
    </Text>
    <Text Include="../../thirdparty/owemdjee/many-stop-words/many_stop_words/stopwords-pt.txt">
      <Filter>Misc Files\many_stop_words</Filter>
    </Text>
    <Text Include="../../thirdparty/owemdjee/many-stop-words/many_stop_words/stopwords-ru.txt">
      <Filter>Misc Files\many_stop_words</Filter>
    </Text>
    <Text Include="../../thirdparty/owemdjee/many-stop-words/many_stop_words/stopwords-sk.txt">
      <Filter>Misc Files\many_stop_words</Filter>
    </Text>
    <Text Include="../../thirdparty/owemdjee/many-stop-words/many_stop_words/stopwords-sv.txt">
      <Filter>Misc Files\many_stop_words</Filter>
    </Text>
    <Text Include="../../thirdparty/owemdjee/many-stop-words/many_stop_words/stopwords-tr.txt">
      <Filter>Misc Files\many_stop_words</Filter>
    </Text>
    <Text Include="../../thirdparty/owemdjee/many-stop-words/many_stop_words/stopwords-zh.txt">
      <Filter>Misc Files\many_stop_words</Filter>
    </Text>
    <Text Include="../../thirdparty/owemdjee/many-stop-words/many_stop_words/tests/__init__.py">
      <Filter>Misc Files\many_stop_words\tests</Filter>
    </Text>
    <Text Include="../../thirdparty/owemdjee/many-stop-words/many_stop_words/tests/test_many_stop_words.py">
      <Filter>Misc Files\many_stop_words\tests</Filter>
    </Text>
    <Text Include="../../thirdparty/owemdjee/many-stop-words/orig/en-prepositions-wikitionary.txt">
      <Filter>Misc Files\orig</Filter>
    </Text>
    <Text Include="../../thirdparty/owemdjee/many-stop-words/orig/en-stopwords-perseus.txt">
      <Filter>Misc Files\orig</Filter>
    </Text>
    <Text Include="../../thirdparty/owemdjee/many-stop-words/orig/es-prepositions-wikitionary.txt">
      <Filter>Misc Files\orig</Filter>
    </Text>
    <Text Include="../../thirdparty/owemdjee/many-stop-words/orig/es-stopwords.txt">
      <Filter>Misc Files\orig</Filter>
    </Text>
    <Text Include="../../thirdparty/owemdjee/many-stop-words/orig/it-prepositions-wikitionary.txt">
      <Filter>Misc Files\orig</Filter>
    </Text>
    <Text Include="../../thirdparty/owemdjee/many-stop-words/orig/it-stopwords-perseus.txt">
      <Filter>Misc Files\orig</Filter>
    </Text>
    <Text Include="../../thirdparty/owemdjee/many-stop-words/orig/it-stopwords.txt">
      <Filter>Misc Files\orig</Filter>
    </Text>
    <Text Include="../../thirdparty/owemdjee/many-stop-words/orig/pt-prepositions-wikitionary.txt">
      <Filter>Misc Files\orig</Filter>
    </Text>
    <Text Include="../../thirdparty/owemdjee/many-stop-words/orig/pt-stopwords.txt">
      <Filter>Misc Files\orig</Filter>
    </Text>
    <Text Include="../../thirdparty/owemdjee/many-stop-words/orig/stop-words-arabic.txt">
      <Filter>Misc Files\orig</Filter>
    </Text>
    <Text Include="../../thirdparty/owemdjee/many-stop-words/orig/stop-words-catalian.txt">
      <Filter>Misc Files\orig</Filter>
    </Text>
    <Text Include="../../thirdparty/owemdjee/many-stop-words/orig/stop-words-czech1.txt">
      <Filter>Misc Files\orig</Filter>
    </Text>
    <Text Include="../../thirdparty/owemdjee/many-stop-words/orig/stop-words-czech2.txt">
      <Filter>Misc Files\orig</Filter>
    </Text>
    <Text Include="../../thirdparty/owemdjee/many-stop-words/orig/stop-words-dutch.txt">
      <Filter>Misc Files\orig</Filter>
    </Text>
    <Text Include="../../thirdparty/owemdjee/many-stop-words/orig/stop-words-english1.txt">
      <Filter>Misc Files\orig</Filter>
    </Text>
    <Text Include="../../thirdparty/owemdjee/many-stop-words/orig/stop-words-english2.txt">
      <Filter>Misc Files\orig</Filter>
    </Text>
    <Text Include="../../thirdparty/owemdjee/many-stop-words/orig/stop-words-english3-google.txt">
      <Filter>Misc Files\orig</Filter>
    </Text>
    <Text Include="../../thirdparty/owemdjee/many-stop-words/orig/stop-words-english4.txt">
      <Filter>Misc Files\orig</Filter>
    </Text>
    <Text Include="../../thirdparty/owemdjee/many-stop-words/orig/stop-words-english5.txt">
      <Filter>Misc Files\orig</Filter>
    </Text>
    <Text Include="../../thirdparty/owemdjee/many-stop-words/orig/stop-words-finnish.txt">
      <Filter>Misc Files\orig</Filter>
    </Text>
    <Text Include="../../thirdparty/owemdjee/many-stop-words/orig/stop-words-french.txt">
      <Filter>Misc Files\orig</Filter>
    </Text>
    <Text Include="../../thirdparty/owemdjee/many-stop-words/orig/stop-words-french2.txt">
      <Filter>Misc Files\orig</Filter>
    </Text>
    <Text Include="../../thirdparty/owemdjee/many-stop-words/orig/stop-words-french3.txt">
      <Filter>Misc Files\orig</Filter>
    </Text>
    <Text Include="../../thirdparty/owemdjee/many-stop-words/orig/stop-words-german.txt">
      <Filter>Misc Files\orig</Filter>
    </Text>
    <Text Include="../../thirdparty/owemdjee/many-stop-words/orig/stop-words-greek.txt">
      <Filter>Misc Files\orig</Filter>
    </Text>
    <Text Include="../../thirdparty/owemdjee/many-stop-words/orig/stop-words-hungarian.txt">
      <Filter>Misc Files\orig</Filter>
    </Text>
    <Text Include="../../thirdparty/owemdjee/many-stop-words/orig/stop-words-italian.txt">
      <Filter>Misc Files\orig</Filter>
    </Text>
    <Text Include="../../thirdparty/owemdjee/many-stop-words/orig/stop-words-norwegian.txt">
      <Filter>Misc Files\orig</Filter>
    </Text>
    <Text Include="../../thirdparty/owemdjee/many-stop-words/orig/stop-words-polish1.txt">
      <Filter>Misc Files\orig</Filter>
    </Text>
    <Text Include="../../thirdparty/owemdjee/many-stop-words/orig/stop-words-polish2.txt">
      <Filter>Misc Files\orig</Filter>
    </Text>
    <Text Include="../../thirdparty/owemdjee/many-stop-words/orig/stop-words-portugese.txt">
      <Filter>Misc Files\orig</Filter>
    </Text>
    <Text Include="../../thirdparty/owemdjee/many-stop-words/orig/stop-words-russian.txt">
      <Filter>Misc Files\orig</Filter>
    </Text>
    <Text Include="../../thirdparty/owemdjee/many-stop-words/orig/stop-words-slovak.txt">
      <Filter>Misc Files\orig</Filter>
    </Text>
    <Text Include="../../thirdparty/owemdjee/many-stop-words/orig/stop-words-slovak2.txt">
      <Filter>Misc Files\orig</Filter>
    </Text>
    <Text Include="../../thirdparty/owemdjee/many-stop-words/orig/stop-words-spanish.txt">
      <Filter>Misc Files\orig</Filter>
    </Text>
    <Text Include="../../thirdparty/owemdjee/many-stop-words/orig/stop-words-swedish.txt">
      <Filter>Misc Files\orig</Filter>
    </Text>
    <Text Include="../../thirdparty/owemdjee/many-stop-words/orig/stop-words-turkish.txt">
      <Filter>Misc Files\orig</Filter>
    </Text>
    <Text Include="../../thirdparty/owemdjee/many-stop-words/orig/stop-words-ukrainian.txt">
      <Filter>Misc Files\orig</Filter>
    </Text>
    <Text Include="../../thirdparty/owemdjee/many-stop-words/setup.py">
      <Filter>Misc Files</Filter>
    </Text>
    <Text Include="../../thirdparty/owemdjee/many-stop-words/tox.ini">
      <Filter>Misc Files</Filter>
    </Text>
    <Text Include="../../thirdparty/owemdjee/many-stop-words/version.py">
      <Filter>Misc Files</Filter>
    </Text>
  </ItemGroup>
</Project>
